// !$*UTF8*$!
{
	archiveVersion = 1;
	classes = {
	};
	objectVersion = 46;
	objects = {

/* Begin PBXBuildFile section */
		610B12061981DF31003677CC /* Default-3-5-Inch-Blurred.png in Resources */ = {isa = PBXBuildFile; fileRef = 610B12001981DF31003677CC /* Default-3-5-Inch-Blurred.png */; };
		610B12071981DF31003677CC /* Default-4-Inch-Blurred.png in Resources */ = {isa = PBXBuildFile; fileRef = 610B12011981DF31003677CC /* Default-4-Inch-Blurred.png */; };
		610B12081981DF31003677CC /* Lopez Lomong-3-5-Inch-Blurred.png in Resources */ = {isa = PBXBuildFile; fileRef = 610B12021981DF31003677CC /* Lopez Lomong-3-5-Inch-Blurred.png */; };
		610B12091981DF31003677CC /* Lopez Lomong-4-Inch-Blurred.png in Resources */ = {isa = PBXBuildFile; fileRef = 610B12031981DF31003677CC /* Lopez Lomong-4-Inch-Blurred.png */; };
		610B120A1981DF31003677CC /* Track and Field-3-5-Inch-Blurred.png in Resources */ = {isa = PBXBuildFile; fileRef = 610B12041981DF31003677CC /* Track and Field-3-5-Inch-Blurred.png */; };
		610B120B1981DF31003677CC /* Track and Field-4-Inch-Blurred.png in Resources */ = {isa = PBXBuildFile; fileRef = 610B12051981DF31003677CC /* Track and Field-4-Inch-Blurred.png */; };
		61984D8D197CA8B400DCF5D4 /* NSMutableArray+MoveArray.m in Sources */ = {isa = PBXBuildFile; fileRef = 61984D8C197CA8B400DCF5D4 /* NSMutableArray+MoveArray.m */; };
		AB03547D18CA4E1200E13B2B /* AlarmViewController~4.xib in Resources */ = {isa = PBXBuildFile; fileRef = AB03545318CA4E1200E13B2B /* AlarmViewController~4.xib */; };
		AB03547E18CA4E1200E13B2B /* AlarmViewController~5.xib in Resources */ = {isa = PBXBuildFile; fileRef = AB03545518CA4E1200E13B2B /* AlarmViewController~5.xib */; };
		AB03547F18CA4E1200E13B2B /* CreditsHelpViewController~4.xib in Resources */ = {isa = PBXBuildFile; fileRef = AB03545718CA4E1200E13B2B /* CreditsHelpViewController~4.xib */; };
		AB03548018CA4E1200E13B2B /* CreditsHelpViewController~5.xib in Resources */ = {isa = PBXBuildFile; fileRef = AB03545918CA4E1200E13B2B /* CreditsHelpViewController~5.xib */; };
		AB03548118CA4E1200E13B2B /* DetailViewController~4.xib in Resources */ = {isa = PBXBuildFile; fileRef = AB03545B18CA4E1200E13B2B /* DetailViewController~4.xib */; };
		AB03548218CA4E1200E13B2B /* DetailViewController~4NewRun.xib in Resources */ = {isa = PBXBuildFile; fileRef = AB03545D18CA4E1200E13B2B /* DetailViewController~4NewRun.xib */; };
		AB03548318CA4E1200E13B2B /* DetailViewController~5.xib in Resources */ = {isa = PBXBuildFile; fileRef = AB03545F18CA4E1200E13B2B /* DetailViewController~5.xib */; };
		AB03548418CA4E1200E13B2B /* DetailViewController~5NewRun.xib in Resources */ = {isa = PBXBuildFile; fileRef = AB03546118CA4E1200E13B2B /* DetailViewController~5NewRun.xib */; };
		AB03548618CA4E1200E13B2B /* Localizable.strings in Resources */ = {isa = PBXBuildFile; fileRef = AB03546518CA4E1200E13B2B /* Localizable.strings */; };
		AB03548718CA4E1200E13B2B /* MusicViewController~4.xib in Resources */ = {isa = PBXBuildFile; fileRef = AB03546718CA4E1200E13B2B /* MusicViewController~4.xib */; };
		AB03548818CA4E1200E13B2B /* MusicViewController~5.xib in Resources */ = {isa = PBXBuildFile; fileRef = AB03546918CA4E1200E13B2B /* MusicViewController~5.xib */; };
		AB03548918CA4E1200E13B2B /* NotesViewController~4.xib in Resources */ = {isa = PBXBuildFile; fileRef = AB03546B18CA4E1200E13B2B /* NotesViewController~4.xib */; };
		AB03548A18CA4E1200E13B2B /* NotesViewController~5.xib in Resources */ = {isa = PBXBuildFile; fileRef = AB03546D18CA4E1200E13B2B /* NotesViewController~5.xib */; };
		AB03548B18CA4E1200E13B2B /* SettingsViewController~4.xib in Resources */ = {isa = PBXBuildFile; fileRef = AB03546F18CA4E1200E13B2B /* SettingsViewController~4.xib */; };
		AB03548C18CA4E1200E13B2B /* SettingsViewController~5.xib in Resources */ = {isa = PBXBuildFile; fileRef = AB03547118CA4E1200E13B2B /* SettingsViewController~5.xib */; };
		AB03548D18CA4E1200E13B2B /* ShadowRunItemCell.xib in Resources */ = {isa = PBXBuildFile; fileRef = AB03547518CA4E1200E13B2B /* ShadowRunItemCell.xib */; };
		AB03548E18CA4E1200E13B2B /* StopwatchViewController~4.xib in Resources */ = {isa = PBXBuildFile; fileRef = AB03547718CA4E1200E13B2B /* StopwatchViewController~4.xib */; };
		AB03548F18CA4E1200E13B2B /* StopwatchViewController~5.xib in Resources */ = {isa = PBXBuildFile; fileRef = AB03547918CA4E1200E13B2B /* StopwatchViewController~5.xib */; };
		AB242E80184A32B700026204 /* Help.png in Resources */ = {isa = PBXBuildFile; fileRef = AB242E7E184A32B700026204 /* Help.png */; };
		AB242E81184A32B700026204 /* Help@2x.png in Resources */ = {isa = PBXBuildFile; fileRef = AB242E7F184A32B700026204 /* Help@2x.png */; };
		AB46D76E192952E40042531E /* BackgroundPicker.m in Sources */ = {isa = PBXBuildFile; fileRef = AB46D76D192952E40042531E /* BackgroundPicker.m */; };
		AB4B13561903265B005DA32A /* grayBackground1.png in Resources */ = {isa = PBXBuildFile; fileRef = AB4B13551903265B005DA32A /* grayBackground1.png */; };
		AB4B4FE417EE41C80046E546 /* Foundation.framework in Frameworks */ = {isa = PBXBuildFile; fileRef = AB4B4FE317EE41C80046E546 /* Foundation.framework */; };
		AB4B4FE617EE41C80046E546 /* CoreGraphics.framework in Frameworks */ = {isa = PBXBuildFile; fileRef = AB4B4FE517EE41C80046E546 /* CoreGraphics.framework */; };
		AB4B4FE817EE41C80046E546 /* UIKit.framework in Frameworks */ = {isa = PBXBuildFile; fileRef = AB4B4FE717EE41C80046E546 /* UIKit.framework */; };
		AB4B4FEE17EE41C80046E546 /* InfoPlist.strings in Resources */ = {isa = PBXBuildFile; fileRef = AB4B4FEC17EE41C80046E546 /* InfoPlist.strings */; };
		AB4B4FF017EE41C80046E546 /* main.m in Sources */ = {isa = PBXBuildFile; fileRef = AB4B4FEF17EE41C80046E546 /* main.m */; };
		AB4B4FF417EE41C80046E546 /* ShadowRunAppDelegate.m in Sources */ = {isa = PBXBuildFile; fileRef = AB4B4FF317EE41C80046E546 /* ShadowRunAppDelegate.m */; };
		AB4B4FF617EE41C80046E546 /* Images.xcassets in Resources */ = {isa = PBXBuildFile; fileRef = AB4B4FF517EE41C80046E546 /* Images.xcassets */; };
		AB4B4FFD17EE41C90046E546 /* XCTest.framework in Frameworks */ = {isa = PBXBuildFile; fileRef = AB4B4FFC17EE41C90046E546 /* XCTest.framework */; };
		AB4B4FFE17EE41C90046E546 /* Foundation.framework in Frameworks */ = {isa = PBXBuildFile; fileRef = AB4B4FE317EE41C80046E546 /* Foundation.framework */; };
		AB4B4FFF17EE41C90046E546 /* UIKit.framework in Frameworks */ = {isa = PBXBuildFile; fileRef = AB4B4FE717EE41C80046E546 /* UIKit.framework */; };
		AB4B500717EE41C90046E546 /* InfoPlist.strings in Resources */ = {isa = PBXBuildFile; fileRef = AB4B500517EE41C90046E546 /* InfoPlist.strings */; };
		AB4B500917EE41C90046E546 /* ShadowRunTests.m in Sources */ = {isa = PBXBuildFile; fileRef = AB4B500817EE41C90046E546 /* ShadowRunTests.m */; };
		AB4B501A17EE44820046E546 /* ShadowRunStore.m in Sources */ = {isa = PBXBuildFile; fileRef = AB4B501817EE44820046E546 /* ShadowRunStore.m */; };
		AB4B502217EE44D00046E546 /* ShadowRunItemCell.m in Sources */ = {isa = PBXBuildFile; fileRef = AB4B502017EE44D00046E546 /* ShadowRunItemCell.m */; };
		AB4B502517EE44E70046E546 /* CoreData.framework in Frameworks */ = {isa = PBXBuildFile; fileRef = AB4B502417EE44E70046E546 /* CoreData.framework */; };
		AB4B502817EE44FB0046E546 /* ShadowRun.xcdatamodeld in Sources */ = {isa = PBXBuildFile; fileRef = AB4B502617EE44FB0046E546 /* ShadowRun.xcdatamodeld */; };
		AB4B502B17EE457D0046E546 /* ShadowRun.m in Sources */ = {isa = PBXBuildFile; fileRef = AB4B502A17EE457D0046E546 /* ShadowRun.m */; };
		AB4B502E17EE46030046E546 /* ShadowRunViewController.m in Sources */ = {isa = PBXBuildFile; fileRef = AB4B502D17EE46030046E546 /* ShadowRunViewController.m */; };
		AB4B503517EE78010046E546 /* Run.png in Resources */ = {isa = PBXBuildFile; fileRef = AB4B503217EE78010046E546 /* Run.png */; };
		AB4B503617EE78010046E546 /* Run@2x.png in Resources */ = {isa = PBXBuildFile; fileRef = AB4B503317EE78010046E546 /* Run@2x.png */; };
		AB5C4F7B19072DA700FFC989 /* QuartzCore.framework in Frameworks */ = {isa = PBXBuildFile; fileRef = AB5C4F7A19072DA700FFC989 /* QuartzCore.framework */; };
		AB5C4F7D19072DAC00FFC989 /* CoreImage.framework in Frameworks */ = {isa = PBXBuildFile; fileRef = AB5C4F7C19072DAC00FFC989 /* CoreImage.framework */; };
		AB67B4A11905FD07009C6DB4 /* backgroundBlurred.png in Resources */ = {isa = PBXBuildFile; fileRef = AB67B4A01905FD07009C6DB4 /* backgroundBlurred.png */; };
		AB9CDBB4184915ED00EC7E8B /* Alarm@2x.png in Resources */ = {isa = PBXBuildFile; fileRef = AB9CDBB0184915ED00EC7E8B /* Alarm@2x.png */; };
		AB9CDBB5184915ED00EC7E8B /* AlarmCheck@2x.png in Resources */ = {isa = PBXBuildFile; fileRef = AB9CDBB1184915ED00EC7E8B /* AlarmCheck@2x.png */; };
		AB9CDBB6184915ED00EC7E8B /* AlarmOff@2x.png in Resources */ = {isa = PBXBuildFile; fileRef = AB9CDBB2184915ED00EC7E8B /* AlarmOff@2x.png */; };
		AB9CDBB7184915ED00EC7E8B /* AlarmOn@2x.png in Resources */ = {isa = PBXBuildFile; fileRef = AB9CDBB3184915ED00EC7E8B /* AlarmOn@2x.png */; };
		AB9CDBBC1849160900EC7E8B /* AlarmViewController.m in Sources */ = {isa = PBXBuildFile; fileRef = AB9CDBBA1849160900EC7E8B /* AlarmViewController.m */; };
		AB9CDBBF1849179000EC7E8B /* Alarm.aiff in Resources */ = {isa = PBXBuildFile; fileRef = AB9CDBBE1849179000EC7E8B /* Alarm.aiff */; };
		AB9CDBC41849185B00EC7E8B /* Alarm.png in Resources */ = {isa = PBXBuildFile; fileRef = AB9CDBC01849185B00EC7E8B /* Alarm.png */; };
		AB9CDBC51849185B00EC7E8B /* AlarmCheck.png in Resources */ = {isa = PBXBuildFile; fileRef = AB9CDBC11849185B00EC7E8B /* AlarmCheck.png */; };
		AB9CDBC61849185B00EC7E8B /* AlarmOff.png in Resources */ = {isa = PBXBuildFile; fileRef = AB9CDBC21849185B00EC7E8B /* AlarmOff.png */; };
		AB9CDBC71849185B00EC7E8B /* AlarmOn.png in Resources */ = {isa = PBXBuildFile; fileRef = AB9CDBC31849185B00EC7E8B /* AlarmOn.png */; };
		AB9CDBCC184942EE00EC7E8B /* Settings.png in Resources */ = {isa = PBXBuildFile; fileRef = AB9CDBCA184942EE00EC7E8B /* Settings.png */; };
		AB9CDBCD184942EE00EC7E8B /* Settings@2x.png in Resources */ = {isa = PBXBuildFile; fileRef = AB9CDBCB184942EE00EC7E8B /* Settings@2x.png */; };
		AB9CDBD21849438400EC7E8B /* SettingsViewController.m in Sources */ = {isa = PBXBuildFile; fileRef = AB9CDBD01849438400EC7E8B /* SettingsViewController.m */; };
		AB9CDBDD18495CF200EC7E8B /* ShadowRuns.png in Resources */ = {isa = PBXBuildFile; fileRef = AB9CDBDB18495CF200EC7E8B /* ShadowRuns.png */; };
		AB9CDBDE18495CF200EC7E8B /* ShadowRuns@2x.png in Resources */ = {isa = PBXBuildFile; fileRef = AB9CDBDC18495CF200EC7E8B /* ShadowRuns@2x.png */; };
		ABA15783187B4F630050D5D7 /* NotesViewController.m in Sources */ = {isa = PBXBuildFile; fileRef = ABA15781187B4F630050D5D7 /* NotesViewController.m */; };
		ABA6661017EE7CB70002081D /* DetailViewController.m in Sources */ = {isa = PBXBuildFile; fileRef = ABA6660E17EE7CB70002081D /* DetailViewController.m */; };
		ABABC25E187F6E5C002996DB /* Lopez Lomong-4-Inch.png in Resources */ = {isa = PBXBuildFile; fileRef = ABABC25D187F6E5C002996DB /* Lopez Lomong-4-Inch.png */; };
		ABB07C69192AAB2900AEFAD5 /* Default-3-5-Inch.png in Resources */ = {isa = PBXBuildFile; fileRef = ABB07C67192AAB2900AEFAD5 /* Default-3-5-Inch.png */; };
		ABB07C6A192AAB2900AEFAD5 /* Default-4-Inch.png in Resources */ = {isa = PBXBuildFile; fileRef = ABB07C68192AAB2900AEFAD5 /* Default-4-Inch.png */; };
		ABB4763418F4C05E008B292B /* Track and Field-3-5-Inch.png in Resources */ = {isa = PBXBuildFile; fileRef = ABB4763218F4C05E008B292B /* Track and Field-3-5-Inch.png */; };
		ABB4763518F4C05E008B292B /* Track and Field-4-Inch.png in Resources */ = {isa = PBXBuildFile; fileRef = ABB4763318F4C05E008B292B /* Track and Field-4-Inch.png */; };
		ABBED8AE18304ED7001FADF3 /* StopwatchViewController~4.xib in Resources */ = {isa = PBXBuildFile; fileRef = ABBED8B018304ED7001FADF3 /* StopwatchViewController~4.xib */; };
		ABBED8B218304F96001FADF3 /* StopwatchViewController~5.xib in Resources */ = {isa = PBXBuildFile; fileRef = ABBED8B418304F96001FADF3 /* StopwatchViewController~5.xib */; };
		ABC489AC17F25738007DD51A /* StopwatchViewController.m in Sources */ = {isa = PBXBuildFile; fileRef = ABC489AA17F25738007DD51A /* StopwatchViewController.m */; };
		ABC489B217F25A07007DD51A /* Time.png in Resources */ = {isa = PBXBuildFile; fileRef = ABC489B017F25A07007DD51A /* Time.png */; };
		ABC489B317F25A07007DD51A /* Time@2x.png in Resources */ = {isa = PBXBuildFile; fileRef = ABC489B117F25A07007DD51A /* Time@2x.png */; };
		ABC489B817F263AA007DD51A /* MusicViewController.m in Sources */ = {isa = PBXBuildFile; fileRef = ABC489B617F263AA007DD51A /* MusicViewController.m */; };
		ABC489BD17F26403007DD51A /* MediaPlayer.framework in Frameworks */ = {isa = PBXBuildFile; fileRef = ABC489BC17F26403007DD51A /* MediaPlayer.framework */; };
		ABC489CD17F2646A007DD51A /* noArtwork.jpg in Resources */ = {isa = PBXBuildFile; fileRef = ABC489BF17F2646A007DD51A /* noArtwork.jpg */; };
		ABC489CE17F2646A007DD51A /* Film.png in Resources */ = {isa = PBXBuildFile; fileRef = ABC489C017F2646A007DD51A /* Film.png */; };
		ABC489CF17F2646A007DD51A /* mic.png in Resources */ = {isa = PBXBuildFile; fileRef = ABC489C117F2646A007DD51A /* mic.png */; };
		ABC489D017F2646A007DD51A /* mic@2x.png in Resources */ = {isa = PBXBuildFile; fileRef = ABC489C217F2646A007DD51A /* mic@2x.png */; };
		ABC489D117F2646A007DD51A /* mic_24.png in Resources */ = {isa = PBXBuildFile; fileRef = ABC489C317F2646A007DD51A /* mic_24.png */; };
		ABC489D217F2646A007DD51A /* mic_48.png in Resources */ = {isa = PBXBuildFile; fileRef = ABC489C417F2646A007DD51A /* mic_48.png */; };
		ABC489D317F2646A007DD51A /* mic_64.png in Resources */ = {isa = PBXBuildFile; fileRef = ABC489C517F2646A007DD51A /* mic_64.png */; };
		ABC489D417F2646A007DD51A /* video_forward_64.png in Resources */ = {isa = PBXBuildFile; fileRef = ABC489C617F2646A007DD51A /* video_forward_64.png */; };
		ABC489D517F2646A007DD51A /* video_pause_64.png in Resources */ = {isa = PBXBuildFile; fileRef = ABC489C717F2646A007DD51A /* video_pause_64.png */; };
		ABC489D617F2646A007DD51A /* video_play_64.png in Resources */ = {isa = PBXBuildFile; fileRef = ABC489C817F2646A007DD51A /* video_play_64.png */; };
		ABC489D717F2646A007DD51A /* video_rewind_64.png in Resources */ = {isa = PBXBuildFile; fileRef = ABC489C917F2646A007DD51A /* video_rewind_64.png */; };
		ABC489D817F2646A007DD51A /* volume_down_64.png in Resources */ = {isa = PBXBuildFile; fileRef = ABC489CA17F2646A007DD51A /* volume_down_64.png */; };
		ABC489D917F2646A007DD51A /* volume_up_64.png in Resources */ = {isa = PBXBuildFile; fileRef = ABC489CB17F2646A007DD51A /* volume_up_64.png */; };
		ABC489DA17F2646A007DD51A /* speaker_64.png in Resources */ = {isa = PBXBuildFile; fileRef = ABC489CC17F2646A007DD51A /* speaker_64.png */; };
		ABC62D4E17F26CD000227A3D /* CreditsHelpViewController.m in Sources */ = {isa = PBXBuildFile; fileRef = ABC62D4C17F26CD000227A3D /* CreditsHelpViewController.m */; };
		ABC62D5417F26F1E00227A3D /* Credits.png in Resources */ = {isa = PBXBuildFile; fileRef = ABC62D5217F26F1E00227A3D /* Credits.png */; };
		ABC62D5517F26F1E00227A3D /* Credits@2x.png in Resources */ = {isa = PBXBuildFile; fileRef = ABC62D5317F26F1E00227A3D /* Credits@2x.png */; };
		ABCCE52F1923FB43006AF589 /* HeightAndWeightViewController.m in Sources */ = {isa = PBXBuildFile; fileRef = ABCCE52D1923FB43006AF589 /* HeightAndWeightViewController.m */; };
		ABCCE5301923FB43006AF589 /* HeightAndWeightViewController.xib in Resources */ = {isa = PBXBuildFile; fileRef = ABCCE52E1923FB43006AF589 /* HeightAndWeightViewController.xib */; };
		ABD758BA188706F100F022FD /* UINavigationController+KeyboardDismiss.m in Sources */ = {isa = PBXBuildFile; fileRef = ABD758B9188706F100F022FD /* UINavigationController+KeyboardDismiss.m */; };
		ABDD5C5D18F610960083D26E /* UIImage+ImageEffects.m in Sources */ = {isa = PBXBuildFile; fileRef = ABDD5C5C18F610960083D26E /* UIImage+ImageEffects.m */; };
		ABE00E1B187384CC00663E54 /* iAd.framework in Frameworks */ = {isa = PBXBuildFile; fileRef = ABE00E1A187384CB00663E54 /* iAd.framework */; };
		ABE19DE218FB4503002B31F0 /* transparentBackground.png in Resources */ = {isa = PBXBuildFile; fileRef = ABE19DE118FB4503002B31F0 /* transparentBackground.png */; };
		ABEA5645192ACB6B00B8B197 /* Lopez Lomong-3-5-Inch.png in Resources */ = {isa = PBXBuildFile; fileRef = ABEA5644192ACB6B00B8B197 /* Lopez Lomong-3-5-Inch.png */; };
/* End PBXBuildFile section */

/* Begin PBXContainerItemProxy section */
		AB4B500017EE41C90046E546 /* PBXContainerItemProxy */ = {
			isa = PBXContainerItemProxy;
			containerPortal = AB4B4FD817EE41C80046E546 /* Project object */;
			proxyType = 1;
			remoteGlobalIDString = AB4B4FDF17EE41C80046E546;
			remoteInfo = ShadowRun;
		};
/* End PBXContainerItemProxy section */

/* Begin PBXFileReference section */
		610B12001981DF31003677CC /* Default-3-5-Inch-Blurred.png */ = {isa = PBXFileReference; lastKnownFileType = image.png; path = "Default-3-5-Inch-Blurred.png"; sourceTree = "<group>"; };
		610B12011981DF31003677CC /* Default-4-Inch-Blurred.png */ = {isa = PBXFileReference; lastKnownFileType = image.png; path = "Default-4-Inch-Blurred.png"; sourceTree = "<group>"; };
		610B12021981DF31003677CC /* Lopez Lomong-3-5-Inch-Blurred.png */ = {isa = PBXFileReference; lastKnownFileType = image.png; path = "Lopez Lomong-3-5-Inch-Blurred.png"; sourceTree = "<group>"; };
		610B12031981DF31003677CC /* Lopez Lomong-4-Inch-Blurred.png */ = {isa = PBXFileReference; lastKnownFileType = image.png; path = "Lopez Lomong-4-Inch-Blurred.png"; sourceTree = "<group>"; };
		610B12041981DF31003677CC /* Track and Field-3-5-Inch-Blurred.png */ = {isa = PBXFileReference; lastKnownFileType = image.png; path = "Track and Field-3-5-Inch-Blurred.png"; sourceTree = "<group>"; };
		610B12051981DF31003677CC /* Track and Field-4-Inch-Blurred.png */ = {isa = PBXFileReference; lastKnownFileType = image.png; path = "Track and Field-4-Inch-Blurred.png"; sourceTree = "<group>"; };
		61984D8B197CA8B400DCF5D4 /* NSMutableArray+MoveArray.h */ = {isa = PBXFileReference; fileEncoding = 4; lastKnownFileType = sourcecode.c.h; path = "NSMutableArray+MoveArray.h"; sourceTree = "<group>"; };
		61984D8C197CA8B400DCF5D4 /* NSMutableArray+MoveArray.m */ = {isa = PBXFileReference; fileEncoding = 4; lastKnownFileType = sourcecode.c.objc; path = "NSMutableArray+MoveArray.m"; sourceTree = "<group>"; };
		AB03545418CA4E1200E13B2B /* en */ = {isa = PBXFileReference; lastKnownFileType = file.xib; name = en; path = "AlarmViewController~4.xib"; sourceTree = "<group>"; };
		AB03545618CA4E1200E13B2B /* en */ = {isa = PBXFileReference; lastKnownFileType = file.xib; name = en; path = "AlarmViewController~5.xib"; sourceTree = "<group>"; };
		AB03545818CA4E1200E13B2B /* en */ = {isa = PBXFileReference; lastKnownFileType = file.xib; name = en; path = "CreditsHelpViewController~4.xib"; sourceTree = "<group>"; };
		AB03545A18CA4E1200E13B2B /* en */ = {isa = PBXFileReference; lastKnownFileType = file.xib; name = en; path = "CreditsHelpViewController~5.xib"; sourceTree = "<group>"; };
		AB03545C18CA4E1200E13B2B /* en */ = {isa = PBXFileReference; lastKnownFileType = file.xib; name = en; path = "DetailViewController~4.xib"; sourceTree = "<group>"; };
		AB03545E18CA4E1200E13B2B /* en */ = {isa = PBXFileReference; lastKnownFileType = file.xib; name = en; path = "DetailViewController~4NewRun.xib"; sourceTree = "<group>"; };
		AB03546018CA4E1200E13B2B /* en */ = {isa = PBXFileReference; lastKnownFileType = file.xib; name = en; path = "DetailViewController~5.xib"; sourceTree = "<group>"; };
		AB03546218CA4E1200E13B2B /* en */ = {isa = PBXFileReference; lastKnownFileType = file.xib; name = en; path = "DetailViewController~5NewRun.xib"; sourceTree = "<group>"; };
		AB03546618CA4E1200E13B2B /* en */ = {isa = PBXFileReference; lastKnownFileType = text.plist.strings; name = en; path = Localizable.strings; sourceTree = "<group>"; };
		AB03546818CA4E1200E13B2B /* en */ = {isa = PBXFileReference; lastKnownFileType = file.xib; name = en; path = "MusicViewController~4.xib"; sourceTree = "<group>"; };
		AB03546A18CA4E1200E13B2B /* en */ = {isa = PBXFileReference; lastKnownFileType = file.xib; name = en; path = "MusicViewController~5.xib"; sourceTree = "<group>"; };
		AB03546C18CA4E1200E13B2B /* en */ = {isa = PBXFileReference; lastKnownFileType = file.xib; name = en; path = "NotesViewController~4.xib"; sourceTree = "<group>"; };
		AB03546E18CA4E1200E13B2B /* en */ = {isa = PBXFileReference; lastKnownFileType = file.xib; name = en; path = "NotesViewController~5.xib"; sourceTree = "<group>"; };
		AB03547018CA4E1200E13B2B /* en */ = {isa = PBXFileReference; lastKnownFileType = file.xib; name = en; path = "SettingsViewController~4.xib"; sourceTree = "<group>"; };
		AB03547218CA4E1200E13B2B /* en */ = {isa = PBXFileReference; lastKnownFileType = file.xib; name = en; path = "SettingsViewController~5.xib"; sourceTree = "<group>"; };
		AB03547618CA4E1200E13B2B /* en */ = {isa = PBXFileReference; lastKnownFileType = file.xib; name = en; path = ShadowRunItemCell.xib; sourceTree = "<group>"; };
		AB03547818CA4E1200E13B2B /* en */ = {isa = PBXFileReference; lastKnownFileType = file.xib; name = en; path = "StopwatchViewController~4.xib"; sourceTree = "<group>"; };
		AB03547A18CA4E1200E13B2B /* en */ = {isa = PBXFileReference; lastKnownFileType = file.xib; name = en; path = "StopwatchViewController~5.xib"; sourceTree = "<group>"; };
		AB242E7E184A32B700026204 /* Help.png */ = {isa = PBXFileReference; lastKnownFileType = image.png; path = Help.png; sourceTree = "<group>"; };
		AB242E7F184A32B700026204 /* Help@2x.png */ = {isa = PBXFileReference; lastKnownFileType = image.png; path = "Help@2x.png"; sourceTree = "<group>"; };
		AB46D76C192952E40042531E /* BackgroundPicker.h */ = {isa = PBXFileReference; fileEncoding = 4; lastKnownFileType = sourcecode.c.h; path = BackgroundPicker.h; sourceTree = "<group>"; };
		AB46D76D192952E40042531E /* BackgroundPicker.m */ = {isa = PBXFileReference; fileEncoding = 4; lastKnownFileType = sourcecode.c.objc; path = BackgroundPicker.m; sourceTree = "<group>"; };
		AB4B13551903265B005DA32A /* grayBackground1.png */ = {isa = PBXFileReference; lastKnownFileType = image.png; path = grayBackground1.png; sourceTree = "<group>"; };
		AB4B4FE017EE41C80046E546 /* ShadowRun.app */ = {isa = PBXFileReference; explicitFileType = wrapper.application; includeInIndex = 0; path = ShadowRun.app; sourceTree = BUILT_PRODUCTS_DIR; };
		AB4B4FE317EE41C80046E546 /* Foundation.framework */ = {isa = PBXFileReference; lastKnownFileType = wrapper.framework; name = Foundation.framework; path = System/Library/Frameworks/Foundation.framework; sourceTree = SDKROOT; };
		AB4B4FE517EE41C80046E546 /* CoreGraphics.framework */ = {isa = PBXFileReference; lastKnownFileType = wrapper.framework; name = CoreGraphics.framework; path = System/Library/Frameworks/CoreGraphics.framework; sourceTree = SDKROOT; };
		AB4B4FE717EE41C80046E546 /* UIKit.framework */ = {isa = PBXFileReference; lastKnownFileType = wrapper.framework; name = UIKit.framework; path = System/Library/Frameworks/UIKit.framework; sourceTree = SDKROOT; };
		AB4B4FEB17EE41C80046E546 /* ShadowRun-Info.plist */ = {isa = PBXFileReference; lastKnownFileType = text.plist.xml; path = "ShadowRun-Info.plist"; sourceTree = "<group>"; };
		AB4B4FED17EE41C80046E546 /* en */ = {isa = PBXFileReference; lastKnownFileType = text.plist.strings; name = en; path = en.lproj/InfoPlist.strings; sourceTree = "<group>"; };
		AB4B4FEF17EE41C80046E546 /* main.m */ = {isa = PBXFileReference; lastKnownFileType = sourcecode.c.objc; path = main.m; sourceTree = "<group>"; };
		AB4B4FF117EE41C80046E546 /* ShadowRun-Prefix.pch */ = {isa = PBXFileReference; lastKnownFileType = sourcecode.c.h; path = "ShadowRun-Prefix.pch"; sourceTree = "<group>"; };
		AB4B4FF217EE41C80046E546 /* ShadowRunAppDelegate.h */ = {isa = PBXFileReference; lastKnownFileType = sourcecode.c.h; path = ShadowRunAppDelegate.h; sourceTree = "<group>"; };
		AB4B4FF317EE41C80046E546 /* ShadowRunAppDelegate.m */ = {isa = PBXFileReference; lastKnownFileType = sourcecode.c.objc; path = ShadowRunAppDelegate.m; sourceTree = "<group>"; };
		AB4B4FF517EE41C80046E546 /* Images.xcassets */ = {isa = PBXFileReference; lastKnownFileType = folder.assetcatalog; path = Images.xcassets; sourceTree = "<group>"; };
		AB4B4FFB17EE41C90046E546 /* ShadowRunTests.xctest */ = {isa = PBXFileReference; explicitFileType = wrapper.cfbundle; includeInIndex = 0; path = ShadowRunTests.xctest; sourceTree = BUILT_PRODUCTS_DIR; };
		AB4B4FFC17EE41C90046E546 /* XCTest.framework */ = {isa = PBXFileReference; lastKnownFileType = wrapper.framework; name = XCTest.framework; path = Library/Frameworks/XCTest.framework; sourceTree = DEVELOPER_DIR; };
		AB4B500417EE41C90046E546 /* ShadowRunTests-Info.plist */ = {isa = PBXFileReference; lastKnownFileType = text.plist.xml; path = "ShadowRunTests-Info.plist"; sourceTree = "<group>"; };
		AB4B500617EE41C90046E546 /* en */ = {isa = PBXFileReference; lastKnownFileType = text.plist.strings; name = en; path = en.lproj/InfoPlist.strings; sourceTree = "<group>"; };
		AB4B500817EE41C90046E546 /* ShadowRunTests.m */ = {isa = PBXFileReference; lastKnownFileType = sourcecode.c.objc; path = ShadowRunTests.m; sourceTree = "<group>"; };
		AB4B501717EE44820046E546 /* ShadowRunStore.h */ = {isa = PBXFileReference; fileEncoding = 4; lastKnownFileType = sourcecode.c.h; path = ShadowRunStore.h; sourceTree = "<group>"; };
		AB4B501817EE44820046E546 /* ShadowRunStore.m */ = {isa = PBXFileReference; fileEncoding = 4; lastKnownFileType = sourcecode.c.objc; path = ShadowRunStore.m; sourceTree = "<group>"; };
		AB4B501F17EE44D00046E546 /* ShadowRunItemCell.h */ = {isa = PBXFileReference; fileEncoding = 4; lastKnownFileType = sourcecode.c.h; path = ShadowRunItemCell.h; sourceTree = "<group>"; };
		AB4B502017EE44D00046E546 /* ShadowRunItemCell.m */ = {isa = PBXFileReference; fileEncoding = 4; lastKnownFileType = sourcecode.c.objc; path = ShadowRunItemCell.m; sourceTree = "<group>"; };
		AB4B502417EE44E70046E546 /* CoreData.framework */ = {isa = PBXFileReference; lastKnownFileType = wrapper.framework; name = CoreData.framework; path = System/Library/Frameworks/CoreData.framework; sourceTree = SDKROOT; };
		AB4B502717EE44FB0046E546 /* ShadowRun.xcdatamodel */ = {isa = PBXFileReference; lastKnownFileType = wrapper.xcdatamodel; path = ShadowRun.xcdatamodel; sourceTree = "<group>"; };
		AB4B502917EE457D0046E546 /* ShadowRun.h */ = {isa = PBXFileReference; fileEncoding = 4; lastKnownFileType = sourcecode.c.h; path = ShadowRun.h; sourceTree = "<group>"; };
		AB4B502A17EE457D0046E546 /* ShadowRun.m */ = {isa = PBXFileReference; fileEncoding = 4; lastKnownFileType = sourcecode.c.objc; path = ShadowRun.m; sourceTree = "<group>"; };
		AB4B502C17EE46030046E546 /* ShadowRunViewController.h */ = {isa = PBXFileReference; fileEncoding = 4; lastKnownFileType = sourcecode.c.h; path = ShadowRunViewController.h; sourceTree = "<group>"; };
		AB4B502D17EE46030046E546 /* ShadowRunViewController.m */ = {isa = PBXFileReference; fileEncoding = 4; lastKnownFileType = sourcecode.c.objc; path = ShadowRunViewController.m; sourceTree = "<group>"; };
		AB4B503217EE78010046E546 /* Run.png */ = {isa = PBXFileReference; lastKnownFileType = image.png; path = Run.png; sourceTree = "<group>"; };
		AB4B503317EE78010046E546 /* Run@2x.png */ = {isa = PBXFileReference; lastKnownFileType = image.png; path = "Run@2x.png"; sourceTree = "<group>"; };
		AB5C4F7A19072DA700FFC989 /* QuartzCore.framework */ = {isa = PBXFileReference; lastKnownFileType = wrapper.framework; name = QuartzCore.framework; path = System/Library/Frameworks/QuartzCore.framework; sourceTree = SDKROOT; };
		AB5C4F7C19072DAC00FFC989 /* CoreImage.framework */ = {isa = PBXFileReference; lastKnownFileType = wrapper.framework; name = CoreImage.framework; path = System/Library/Frameworks/CoreImage.framework; sourceTree = SDKROOT; };
		AB67B4A01905FD07009C6DB4 /* backgroundBlurred.png */ = {isa = PBXFileReference; lastKnownFileType = image.png; path = backgroundBlurred.png; sourceTree = "<group>"; };
		AB9CDBB0184915ED00EC7E8B /* Alarm@2x.png */ = {isa = PBXFileReference; lastKnownFileType = image.png; path = "Alarm@2x.png"; sourceTree = "<group>"; };
		AB9CDBB1184915ED00EC7E8B /* AlarmCheck@2x.png */ = {isa = PBXFileReference; lastKnownFileType = image.png; path = "AlarmCheck@2x.png"; sourceTree = "<group>"; };
		AB9CDBB2184915ED00EC7E8B /* AlarmOff@2x.png */ = {isa = PBXFileReference; lastKnownFileType = image.png; path = "AlarmOff@2x.png"; sourceTree = "<group>"; };
		AB9CDBB3184915ED00EC7E8B /* AlarmOn@2x.png */ = {isa = PBXFileReference; lastKnownFileType = image.png; path = "AlarmOn@2x.png"; sourceTree = "<group>"; };
		AB9CDBB91849160900EC7E8B /* AlarmViewController.h */ = {isa = PBXFileReference; fileEncoding = 4; lastKnownFileType = sourcecode.c.h; path = AlarmViewController.h; sourceTree = "<group>"; };
		AB9CDBBA1849160900EC7E8B /* AlarmViewController.m */ = {isa = PBXFileReference; fileEncoding = 4; lastKnownFileType = sourcecode.c.objc; path = AlarmViewController.m; sourceTree = "<group>"; };
		AB9CDBBE1849179000EC7E8B /* Alarm.aiff */ = {isa = PBXFileReference; lastKnownFileType = audio.aiff; path = Alarm.aiff; sourceTree = "<group>"; };
		AB9CDBC01849185B00EC7E8B /* Alarm.png */ = {isa = PBXFileReference; lastKnownFileType = image.png; path = Alarm.png; sourceTree = "<group>"; };
		AB9CDBC11849185B00EC7E8B /* AlarmCheck.png */ = {isa = PBXFileReference; lastKnownFileType = image.png; path = AlarmCheck.png; sourceTree = "<group>"; };
		AB9CDBC21849185B00EC7E8B /* AlarmOff.png */ = {isa = PBXFileReference; lastKnownFileType = image.png; path = AlarmOff.png; sourceTree = "<group>"; };
		AB9CDBC31849185B00EC7E8B /* AlarmOn.png */ = {isa = PBXFileReference; lastKnownFileType = image.png; path = AlarmOn.png; sourceTree = "<group>"; };
		AB9CDBCA184942EE00EC7E8B /* Settings.png */ = {isa = PBXFileReference; lastKnownFileType = image.png; path = Settings.png; sourceTree = "<group>"; };
		AB9CDBCB184942EE00EC7E8B /* Settings@2x.png */ = {isa = PBXFileReference; lastKnownFileType = image.png; path = "Settings@2x.png"; sourceTree = "<group>"; };
		AB9CDBCF1849438400EC7E8B /* SettingsViewController.h */ = {isa = PBXFileReference; fileEncoding = 4; lastKnownFileType = sourcecode.c.h; path = SettingsViewController.h; sourceTree = "<group>"; };
		AB9CDBD01849438400EC7E8B /* SettingsViewController.m */ = {isa = PBXFileReference; fileEncoding = 4; lastKnownFileType = sourcecode.c.objc; path = SettingsViewController.m; sourceTree = "<group>"; };
		AB9CDBDB18495CF200EC7E8B /* ShadowRuns.png */ = {isa = PBXFileReference; lastKnownFileType = image.png; path = ShadowRuns.png; sourceTree = "<group>"; };
		AB9CDBDC18495CF200EC7E8B /* ShadowRuns@2x.png */ = {isa = PBXFileReference; lastKnownFileType = image.png; path = "ShadowRuns@2x.png"; sourceTree = "<group>"; };
		AB9FA22318B00AC400370CFB /* ShadowRun 1.0.1.xcdatamodel */ = {isa = PBXFileReference; lastKnownFileType = wrapper.xcdatamodel; path = "ShadowRun 1.0.1.xcdatamodel"; sourceTree = "<group>"; };
		ABA15780187B4F630050D5D7 /* NotesViewController.h */ = {isa = PBXFileReference; fileEncoding = 4; lastKnownFileType = sourcecode.c.h; path = NotesViewController.h; sourceTree = "<group>"; };
		ABA15781187B4F630050D5D7 /* NotesViewController.m */ = {isa = PBXFileReference; fileEncoding = 4; lastKnownFileType = sourcecode.c.objc; path = NotesViewController.m; sourceTree = "<group>"; };
		ABA6660D17EE7CB70002081D /* DetailViewController.h */ = {isa = PBXFileReference; fileEncoding = 4; lastKnownFileType = sourcecode.c.h; path = DetailViewController.h; sourceTree = "<group>"; };
		ABA6660E17EE7CB70002081D /* DetailViewController.m */ = {isa = PBXFileReference; fileEncoding = 4; lastKnownFileType = sourcecode.c.objc; path = DetailViewController.m; sourceTree = "<group>"; };
		ABABC25D187F6E5C002996DB /* Lopez Lomong-4-Inch.png */ = {isa = PBXFileReference; lastKnownFileType = image.png; path = "Lopez Lomong-4-Inch.png"; sourceTree = "<group>"; };
		ABB07C67192AAB2900AEFAD5 /* Default-3-5-Inch.png */ = {isa = PBXFileReference; lastKnownFileType = image.png; path = "Default-3-5-Inch.png"; sourceTree = "<group>"; };
		ABB07C68192AAB2900AEFAD5 /* Default-4-Inch.png */ = {isa = PBXFileReference; lastKnownFileType = image.png; path = "Default-4-Inch.png"; sourceTree = "<group>"; };
		ABB4763218F4C05E008B292B /* Track and Field-3-5-Inch.png */ = {isa = PBXFileReference; lastKnownFileType = image.png; path = "Track and Field-3-5-Inch.png"; sourceTree = "<group>"; };
		ABB4763318F4C05E008B292B /* Track and Field-4-Inch.png */ = {isa = PBXFileReference; lastKnownFileType = image.png; path = "Track and Field-4-Inch.png"; sourceTree = "<group>"; };
		ABBE9F0D18B56EA10023A44C /* ShadowRun 1.0.xcdatamodel */ = {isa = PBXFileReference; lastKnownFileType = wrapper.xcdatamodel; path = "ShadowRun 1.0.xcdatamodel"; sourceTree = "<group>"; };
		ABBED8AF18304ED7001FADF3 /* en */ = {isa = PBXFileReference; lastKnownFileType = file.xib; name = en; path = "en.lproj/StopwatchViewController~4.xib"; sourceTree = "<group>"; };
		ABBED8B318304F96001FADF3 /* en */ = {isa = PBXFileReference; lastKnownFileType = file.xib; name = en; path = "en.lproj/StopwatchViewController~5.xib"; sourceTree = "<group>"; };
		ABC489A917F25738007DD51A /* StopwatchViewController.h */ = {isa = PBXFileReference; fileEncoding = 4; lastKnownFileType = sourcecode.c.h; path = StopwatchViewController.h; sourceTree = "<group>"; };
		ABC489AA17F25738007DD51A /* StopwatchViewController.m */ = {isa = PBXFileReference; fileEncoding = 4; lastKnownFileType = sourcecode.c.objc; path = StopwatchViewController.m; sourceTree = "<group>"; };
		ABC489B017F25A07007DD51A /* Time.png */ = {isa = PBXFileReference; lastKnownFileType = image.png; path = Time.png; sourceTree = "<group>"; };
		ABC489B117F25A07007DD51A /* Time@2x.png */ = {isa = PBXFileReference; lastKnownFileType = image.png; path = "Time@2x.png"; sourceTree = "<group>"; };
		ABC489B517F263AA007DD51A /* MusicViewController.h */ = {isa = PBXFileReference; fileEncoding = 4; lastKnownFileType = sourcecode.c.h; path = MusicViewController.h; sourceTree = "<group>"; };
		ABC489B617F263AA007DD51A /* MusicViewController.m */ = {isa = PBXFileReference; fileEncoding = 4; lastKnownFileType = sourcecode.c.objc; path = MusicViewController.m; sourceTree = "<group>"; };
		ABC489BC17F26403007DD51A /* MediaPlayer.framework */ = {isa = PBXFileReference; lastKnownFileType = wrapper.framework; name = MediaPlayer.framework; path = System/Library/Frameworks/MediaPlayer.framework; sourceTree = SDKROOT; };
		ABC489BF17F2646A007DD51A /* noArtwork.jpg */ = {isa = PBXFileReference; lastKnownFileType = image.jpeg; path = noArtwork.jpg; sourceTree = "<group>"; };
		ABC489C017F2646A007DD51A /* Film.png */ = {isa = PBXFileReference; lastKnownFileType = image.png; path = Film.png; sourceTree = "<group>"; };
		ABC489C117F2646A007DD51A /* mic.png */ = {isa = PBXFileReference; lastKnownFileType = image.png; path = mic.png; sourceTree = "<group>"; };
		ABC489C217F2646A007DD51A /* mic@2x.png */ = {isa = PBXFileReference; lastKnownFileType = image.png; path = "mic@2x.png"; sourceTree = "<group>"; };
		ABC489C317F2646A007DD51A /* mic_24.png */ = {isa = PBXFileReference; lastKnownFileType = image.png; path = mic_24.png; sourceTree = "<group>"; };
		ABC489C417F2646A007DD51A /* mic_48.png */ = {isa = PBXFileReference; lastKnownFileType = image.png; path = mic_48.png; sourceTree = "<group>"; };
		ABC489C517F2646A007DD51A /* mic_64.png */ = {isa = PBXFileReference; lastKnownFileType = image.png; path = mic_64.png; sourceTree = "<group>"; };
		ABC489C617F2646A007DD51A /* video_forward_64.png */ = {isa = PBXFileReference; lastKnownFileType = image.png; path = video_forward_64.png; sourceTree = "<group>"; };
		ABC489C717F2646A007DD51A /* video_pause_64.png */ = {isa = PBXFileReference; lastKnownFileType = image.png; path = video_pause_64.png; sourceTree = "<group>"; };
		ABC489C817F2646A007DD51A /* video_play_64.png */ = {isa = PBXFileReference; lastKnownFileType = image.png; path = video_play_64.png; sourceTree = "<group>"; };
		ABC489C917F2646A007DD51A /* video_rewind_64.png */ = {isa = PBXFileReference; lastKnownFileType = image.png; path = video_rewind_64.png; sourceTree = "<group>"; };
		ABC489CA17F2646A007DD51A /* volume_down_64.png */ = {isa = PBXFileReference; lastKnownFileType = image.png; path = volume_down_64.png; sourceTree = "<group>"; };
		ABC489CB17F2646A007DD51A /* volume_up_64.png */ = {isa = PBXFileReference; lastKnownFileType = image.png; path = volume_up_64.png; sourceTree = "<group>"; };
		ABC489CC17F2646A007DD51A /* speaker_64.png */ = {isa = PBXFileReference; lastKnownFileType = image.png; path = speaker_64.png; sourceTree = "<group>"; };
		ABC62D4B17F26CD000227A3D /* CreditsHelpViewController.h */ = {isa = PBXFileReference; fileEncoding = 4; lastKnownFileType = sourcecode.c.h; path = CreditsHelpViewController.h; sourceTree = "<group>"; };
		ABC62D4C17F26CD000227A3D /* CreditsHelpViewController.m */ = {isa = PBXFileReference; fileEncoding = 4; lastKnownFileType = sourcecode.c.objc; path = CreditsHelpViewController.m; sourceTree = "<group>"; };
		ABC62D5217F26F1E00227A3D /* Credits.png */ = {isa = PBXFileReference; lastKnownFileType = image.png; path = Credits.png; sourceTree = "<group>"; };
		ABC62D5317F26F1E00227A3D /* Credits@2x.png */ = {isa = PBXFileReference; lastKnownFileType = image.png; path = "Credits@2x.png"; sourceTree = "<group>"; };
		ABCCE52C1923FB43006AF589 /* HeightAndWeightViewController.h */ = {isa = PBXFileReference; fileEncoding = 4; lastKnownFileType = sourcecode.c.h; name = HeightAndWeightViewController.h; path = ../HeightAndWeightViewController.h; sourceTree = "<group>"; };
		ABCCE52D1923FB43006AF589 /* HeightAndWeightViewController.m */ = {isa = PBXFileReference; fileEncoding = 4; lastKnownFileType = sourcecode.c.objc; name = HeightAndWeightViewController.m; path = ../HeightAndWeightViewController.m; sourceTree = "<group>"; };
		ABCCE52E1923FB43006AF589 /* HeightAndWeightViewController.xib */ = {isa = PBXFileReference; fileEncoding = 4; lastKnownFileType = file.xib; name = HeightAndWeightViewController.xib; path = ../../HeightAndWeightViewController.xib; sourceTree = "<group>"; };
		ABD758B8188706F100F022FD /* UINavigationController+KeyboardDismiss.h */ = {isa = PBXFileReference; fileEncoding = 4; lastKnownFileType = sourcecode.c.h; path = "UINavigationController+KeyboardDismiss.h"; sourceTree = "<group>"; };
		ABD758B9188706F100F022FD /* UINavigationController+KeyboardDismiss.m */ = {isa = PBXFileReference; fileEncoding = 4; lastKnownFileType = sourcecode.c.objc; path = "UINavigationController+KeyboardDismiss.m"; sourceTree = "<group>"; };
		ABDD5C5B18F610960083D26E /* UIImage+ImageEffects.h */ = {isa = PBXFileReference; fileEncoding = 4; lastKnownFileType = sourcecode.c.h; path = "UIImage+ImageEffects.h"; sourceTree = "<group>"; };
		ABDD5C5C18F610960083D26E /* UIImage+ImageEffects.m */ = {isa = PBXFileReference; fileEncoding = 4; lastKnownFileType = sourcecode.c.objc; path = "UIImage+ImageEffects.m"; sourceTree = "<group>"; };
		ABE00E1A187384CB00663E54 /* iAd.framework */ = {isa = PBXFileReference; lastKnownFileType = wrapper.framework; name = iAd.framework; path = System/Library/Frameworks/iAd.framework; sourceTree = SDKROOT; };
		ABE19DE118FB4503002B31F0 /* transparentBackground.png */ = {isa = PBXFileReference; lastKnownFileType = image.png; path = transparentBackground.png; sourceTree = "<group>"; };
		ABEA5644192ACB6B00B8B197 /* Lopez Lomong-3-5-Inch.png */ = {isa = PBXFileReference; lastKnownFileType = image.png; path = "Lopez Lomong-3-5-Inch.png"; sourceTree = "<group>"; };
/* End PBXFileReference section */

/* Begin PBXFrameworksBuildPhase section */
		AB4B4FDD17EE41C80046E546 /* Frameworks */ = {
			isa = PBXFrameworksBuildPhase;
			buildActionMask = 2147483647;
			files = (
				AB5C4F7D19072DAC00FFC989 /* CoreImage.framework in Frameworks */,
				AB5C4F7B19072DA700FFC989 /* QuartzCore.framework in Frameworks */,
				ABE00E1B187384CC00663E54 /* iAd.framework in Frameworks */,
				ABC489BD17F26403007DD51A /* MediaPlayer.framework in Frameworks */,
				AB4B502517EE44E70046E546 /* CoreData.framework in Frameworks */,
				AB4B4FE617EE41C80046E546 /* CoreGraphics.framework in Frameworks */,
				AB4B4FE817EE41C80046E546 /* UIKit.framework in Frameworks */,
				AB4B4FE417EE41C80046E546 /* Foundation.framework in Frameworks */,
			);
			runOnlyForDeploymentPostprocessing = 0;
		};
		AB4B4FF817EE41C90046E546 /* Frameworks */ = {
			isa = PBXFrameworksBuildPhase;
			buildActionMask = 2147483647;
			files = (
				AB4B4FFD17EE41C90046E546 /* XCTest.framework in Frameworks */,
				AB4B4FFF17EE41C90046E546 /* UIKit.framework in Frameworks */,
				AB4B4FFE17EE41C90046E546 /* Foundation.framework in Frameworks */,
			);
			runOnlyForDeploymentPostprocessing = 0;
		};
/* End PBXFrameworksBuildPhase section */

/* Begin PBXGroup section */
		610B11FF1981DF29003677CC /* Blurred */ = {
			isa = PBXGroup;
			children = (
				610B12001981DF31003677CC /* Default-3-5-Inch-Blurred.png */,
				610B12011981DF31003677CC /* Default-4-Inch-Blurred.png */,
				610B12021981DF31003677CC /* Lopez Lomong-3-5-Inch-Blurred.png */,
				610B12031981DF31003677CC /* Lopez Lomong-4-Inch-Blurred.png */,
				610B12041981DF31003677CC /* Track and Field-3-5-Inch-Blurred.png */,
				610B12051981DF31003677CC /* Track and Field-4-Inch-Blurred.png */,
			);
			name = Blurred;
			sourceTree = "<group>";
		};
		AB03544E18CA4E1200E13B2B /* XIB Files */ = {
			isa = PBXGroup;
			children = (
				AB03545318CA4E1200E13B2B /* AlarmViewController~4.xib */,
				AB03545518CA4E1200E13B2B /* AlarmViewController~5.xib */,
				AB03545718CA4E1200E13B2B /* CreditsHelpViewController~4.xib */,
				AB03545918CA4E1200E13B2B /* CreditsHelpViewController~5.xib */,
				AB03545B18CA4E1200E13B2B /* DetailViewController~4.xib */,
				AB03545D18CA4E1200E13B2B /* DetailViewController~4NewRun.xib */,
				AB03545F18CA4E1200E13B2B /* DetailViewController~5.xib */,
				AB03546118CA4E1200E13B2B /* DetailViewController~5NewRun.xib */,
				ABCCE52E1923FB43006AF589 /* HeightAndWeightViewController.xib */,
				AB03546718CA4E1200E13B2B /* MusicViewController~4.xib */,
				AB03546918CA4E1200E13B2B /* MusicViewController~5.xib */,
				AB03546B18CA4E1200E13B2B /* NotesViewController~4.xib */,
				AB03546D18CA4E1200E13B2B /* NotesViewController~5.xib */,
				AB03546F18CA4E1200E13B2B /* SettingsViewController~4.xib */,
				AB03547118CA4E1200E13B2B /* SettingsViewController~5.xib */,
				AB03547518CA4E1200E13B2B /* ShadowRunItemCell.xib */,
				AB03547718CA4E1200E13B2B /* StopwatchViewController~4.xib */,
				AB03547918CA4E1200E13B2B /* StopwatchViewController~5.xib */,
			);
			name = "XIB Files";
			path = en.lproj;
			sourceTree = "<group>";
		};
		AB4B4FD717EE41C80046E546 = {
			isa = PBXGroup;
			children = (
				AB4B4FE917EE41C80046E546 /* ShadowRun */,
				AB4B500217EE41C90046E546 /* ShadowRunTests */,
				AB4B4FE217EE41C80046E546 /* Frameworks */,
				AB4B4FE117EE41C80046E546 /* Products */,
			);
			sourceTree = "<group>";
		};
		AB4B4FE117EE41C80046E546 /* Products */ = {
			isa = PBXGroup;
			children = (
				AB4B4FE017EE41C80046E546 /* ShadowRun.app */,
				AB4B4FFB17EE41C90046E546 /* ShadowRunTests.xctest */,
			);
			name = Products;
			sourceTree = "<group>";
		};
		AB4B4FE217EE41C80046E546 /* Frameworks */ = {
			isa = PBXGroup;
			children = (
				AB5C4F7C19072DAC00FFC989 /* CoreImage.framework */,
				AB5C4F7A19072DA700FFC989 /* QuartzCore.framework */,
				ABE00E1A187384CB00663E54 /* iAd.framework */,
				ABC489BC17F26403007DD51A /* MediaPlayer.framework */,
				AB4B502417EE44E70046E546 /* CoreData.framework */,
				AB4B4FE317EE41C80046E546 /* Foundation.framework */,
				AB4B4FE517EE41C80046E546 /* CoreGraphics.framework */,
				AB4B4FE717EE41C80046E546 /* UIKit.framework */,
				AB4B4FFC17EE41C90046E546 /* XCTest.framework */,
			);
			name = Frameworks;
			sourceTree = "<group>";
		};
		AB4B4FE917EE41C80046E546 /* ShadowRun */ = {
			isa = PBXGroup;
			children = (
				AB4B4FF217EE41C80046E546 /* ShadowRunAppDelegate.h */,
				AB4B4FF317EE41C80046E546 /* ShadowRunAppDelegate.m */,
				AB4B502617EE44FB0046E546 /* ShadowRun.xcdatamodeld */,
				AB4B4FF517EE41C80046E546 /* Images.xcassets */,
				AB4B501217EE446A0046E546 /* ShadowRun */,
				AB4B4FEA17EE41C80046E546 /* Supporting Files */,
			);
			path = ShadowRun;
			sourceTree = "<group>";
		};
		AB4B4FEA17EE41C80046E546 /* Supporting Files */ = {
			isa = PBXGroup;
			children = (
				AB6F9E1218BBE0B500C499EF /* Sounds */,
				ABC489BE17F2645D007DD51A /* Images */,
				AB4B4FEB17EE41C80046E546 /* ShadowRun-Info.plist */,
				AB4B4FEC17EE41C80046E546 /* InfoPlist.strings */,
				AB03546518CA4E1200E13B2B /* Localizable.strings */,
				AB4B4FEF17EE41C80046E546 /* main.m */,
				AB4B4FF117EE41C80046E546 /* ShadowRun-Prefix.pch */,
			);
			name = "Supporting Files";
			sourceTree = "<group>";
		};
		AB4B500217EE41C90046E546 /* ShadowRunTests */ = {
			isa = PBXGroup;
			children = (
				AB4B500817EE41C90046E546 /* ShadowRunTests.m */,
				AB4B500317EE41C90046E546 /* Supporting Files */,
			);
			path = ShadowRunTests;
			sourceTree = "<group>";
		};
		AB4B500317EE41C90046E546 /* Supporting Files */ = {
			isa = PBXGroup;
			children = (
				AB4B500417EE41C90046E546 /* ShadowRunTests-Info.plist */,
				AB4B500517EE41C90046E546 /* InfoPlist.strings */,
			);
			name = "Supporting Files";
			sourceTree = "<group>";
		};
		AB4B501217EE446A0046E546 /* ShadowRun */ = {
			isa = PBXGroup;
			children = (
				ABFCB06B192BD66900F8FFF9 /* Additional Files */,
				AB9CDBCE1849434000EC7E8B /* Settings/Help */,
				ABC62D4A17F26CBA00227A3D /* Credits */,
				ABC489B417F26397007DD51A /* ShadowMusic */,
				ABC489A817F2571D007DD51A /* ShadowWatch/Shadow Alarm */,
				AB4B501B17EE448B0046E546 /* ShadowRun TableView/VC */,
				ABFCB06C192BD72F00F8FFF9 /* Height and Weight */,
				AB4B501317EE44710046E546 /* Stores */,
				AB03544E18CA4E1200E13B2B /* XIB Files */,
			);
			name = ShadowRun;
			sourceTree = "<group>";
		};
		AB4B501317EE44710046E546 /* Stores */ = {
			isa = PBXGroup;
			children = (
				AB4B501417EE44750046E546 /* ShadowRun Store */,
			);
			name = Stores;
			sourceTree = "<group>";
		};
		AB4B501417EE44750046E546 /* ShadowRun Store */ = {
			isa = PBXGroup;
			children = (
				AB4B502917EE457D0046E546 /* ShadowRun.h */,
				AB4B502A17EE457D0046E546 /* ShadowRun.m */,
				AB4B501717EE44820046E546 /* ShadowRunStore.h */,
				AB4B501817EE44820046E546 /* ShadowRunStore.m */,
			);
			name = "ShadowRun Store";
			sourceTree = "<group>";
		};
		AB4B501B17EE448B0046E546 /* ShadowRun TableView/VC */ = {
			isa = PBXGroup;
			children = (
				ABA6660D17EE7CB70002081D /* DetailViewController.h */,
				ABA6660E17EE7CB70002081D /* DetailViewController.m */,
				ABA15780187B4F630050D5D7 /* NotesViewController.h */,
				ABA15781187B4F630050D5D7 /* NotesViewController.m */,
				AB4B501F17EE44D00046E546 /* ShadowRunItemCell.h */,
				AB4B502017EE44D00046E546 /* ShadowRunItemCell.m */,
				AB4B502C17EE46030046E546 /* ShadowRunViewController.h */,
				AB4B502D17EE46030046E546 /* ShadowRunViewController.m */,
				ABD758B8188706F100F022FD /* UINavigationController+KeyboardDismiss.h */,
				ABD758B9188706F100F022FD /* UINavigationController+KeyboardDismiss.m */,
			);
			name = "ShadowRun TableView/VC";
			sourceTree = "<group>";
		};
		AB6F9E0D18BBE07600C499EF /* Music */ = {
			isa = PBXGroup;
			children = (
				ABC489BF17F2646A007DD51A /* noArtwork.jpg */,
				ABC489C017F2646A007DD51A /* Film.png */,
				ABC489C117F2646A007DD51A /* mic.png */,
				ABC489C217F2646A007DD51A /* mic@2x.png */,
				ABC489C317F2646A007DD51A /* mic_24.png */,
				ABC489C417F2646A007DD51A /* mic_48.png */,
				ABC489C517F2646A007DD51A /* mic_64.png */,
				ABC489C617F2646A007DD51A /* video_forward_64.png */,
				ABC489C717F2646A007DD51A /* video_pause_64.png */,
				ABC489C817F2646A007DD51A /* video_play_64.png */,
				ABC489C917F2646A007DD51A /* video_rewind_64.png */,
				ABC489CA17F2646A007DD51A /* volume_down_64.png */,
				ABC489CB17F2646A007DD51A /* volume_up_64.png */,
				ABC489CC17F2646A007DD51A /* speaker_64.png */,
			);
			name = Music;
			sourceTree = "<group>";
		};
		AB6F9E0E18BBE07F00C499EF /* Alarm */ = {
			isa = PBXGroup;
			children = (
				AB9CDBC01849185B00EC7E8B /* Alarm.png */,
				AB9CDBB0184915ED00EC7E8B /* Alarm@2x.png */,
				AB9CDBC11849185B00EC7E8B /* AlarmCheck.png */,
				AB9CDBB1184915ED00EC7E8B /* AlarmCheck@2x.png */,
				AB9CDBC21849185B00EC7E8B /* AlarmOff.png */,
				AB9CDBB2184915ED00EC7E8B /* AlarmOff@2x.png */,
				AB9CDBC31849185B00EC7E8B /* AlarmOn.png */,
				AB9CDBB3184915ED00EC7E8B /* AlarmOn@2x.png */,
			);
			name = Alarm;
			sourceTree = "<group>";
		};
		AB6F9E1018BBE09500C499EF /* TabBar */ = {
			isa = PBXGroup;
			children = (
				ABC62D5217F26F1E00227A3D /* Credits.png */,
				ABC62D5317F26F1E00227A3D /* Credits@2x.png */,
				AB9CDBDB18495CF200EC7E8B /* ShadowRuns.png */,
				AB9CDBDC18495CF200EC7E8B /* ShadowRuns@2x.png */,
				AB4B503217EE78010046E546 /* Run.png */,
				AB4B503317EE78010046E546 /* Run@2x.png */,
				ABC489B017F25A07007DD51A /* Time.png */,
				ABC489B117F25A07007DD51A /* Time@2x.png */,
				AB9CDBCA184942EE00EC7E8B /* Settings.png */,
				AB9CDBCB184942EE00EC7E8B /* Settings@2x.png */,
				AB242E7E184A32B700026204 /* Help.png */,
				AB242E7F184A32B700026204 /* Help@2x.png */,
			);
			name = TabBar;
			sourceTree = "<group>";
		};
		AB6F9E1118BBE0A900C499EF /* Background */ = {
			isa = PBXGroup;
			children = (
				610B11FF1981DF29003677CC /* Blurred */,
				ABB07C67192AAB2900AEFAD5 /* Default-3-5-Inch.png */,
				ABB07C68192AAB2900AEFAD5 /* Default-4-Inch.png */,
				ABB4763218F4C05E008B292B /* Track and Field-3-5-Inch.png */,
				ABB4763318F4C05E008B292B /* Track and Field-4-Inch.png */,
				ABE19DE118FB4503002B31F0 /* transparentBackground.png */,
				AB4B13551903265B005DA32A /* grayBackground1.png */,
				AB67B4A01905FD07009C6DB4 /* backgroundBlurred.png */,
				ABB4763118F4C046008B292B /* Old */,
			);
			name = Background;
			sourceTree = "<group>";
		};
		AB6F9E1218BBE0B500C499EF /* Sounds */ = {
			isa = PBXGroup;
			children = (
				AB9CDBBE1849179000EC7E8B /* Alarm.aiff */,
			);
			name = Sounds;
			sourceTree = "<group>";
		};
		AB8F12E518AEAD4800A51AAF /* ShadowWatch VC */ = {
			isa = PBXGroup;
			children = (
				ABC489A917F25738007DD51A /* StopwatchViewController.h */,
				ABC489AA17F25738007DD51A /* StopwatchViewController.m */,
				ABBED8B018304ED7001FADF3 /* StopwatchViewController~4.xib */,
				ABBED8B418304F96001FADF3 /* StopwatchViewController~5.xib */,
			);
			name = "ShadowWatch VC";
			sourceTree = "<group>";
		};
		AB9CDBB8184915F400EC7E8B /* ShadowAlarm */ = {
			isa = PBXGroup;
			children = (
				AB9CDBB91849160900EC7E8B /* AlarmViewController.h */,
				AB9CDBBA1849160900EC7E8B /* AlarmViewController.m */,
			);
			name = ShadowAlarm;
			sourceTree = "<group>";
		};
		AB9CDBCE1849434000EC7E8B /* Settings/Help */ = {
			isa = PBXGroup;
			children = (
				AB9CDBCF1849438400EC7E8B /* SettingsViewController.h */,
				AB9CDBD01849438400EC7E8B /* SettingsViewController.m */,
				AB46D76C192952E40042531E /* BackgroundPicker.h */,
				AB46D76D192952E40042531E /* BackgroundPicker.m */,
			);
			name = Settings/Help;
			sourceTree = "<group>";
		};
		ABB4763118F4C046008B292B /* Old */ = {
			isa = PBXGroup;
			children = (
				ABABC25D187F6E5C002996DB /* Lopez Lomong-4-Inch.png */,
				ABEA5644192ACB6B00B8B197 /* Lopez Lomong-3-5-Inch.png */,
			);
			name = Old;
			sourceTree = "<group>";
		};
		ABC489A817F2571D007DD51A /* ShadowWatch/Shadow Alarm */ = {
			isa = PBXGroup;
			children = (
				AB8F12E518AEAD4800A51AAF /* ShadowWatch VC */,
				AB9CDBB8184915F400EC7E8B /* ShadowAlarm */,
			);
			name = "ShadowWatch/Shadow Alarm";
			sourceTree = "<group>";
		};
		ABC489B417F26397007DD51A /* ShadowMusic */ = {
			isa = PBXGroup;
			children = (
				ABC489B517F263AA007DD51A /* MusicViewController.h */,
				ABC489B617F263AA007DD51A /* MusicViewController.m */,
			);
			name = ShadowMusic;
			sourceTree = "<group>";
		};
		ABC489BE17F2645D007DD51A /* Images */ = {
			isa = PBXGroup;
			children = (
				AB6F9E1118BBE0A900C499EF /* Background */,
				AB6F9E1018BBE09500C499EF /* TabBar */,
				AB6F9E0E18BBE07F00C499EF /* Alarm */,
				AB6F9E0D18BBE07600C499EF /* Music */,
			);
			name = Images;
			sourceTree = "<group>";
		};
		ABC62D4A17F26CBA00227A3D /* Credits */ = {
			isa = PBXGroup;
			children = (
				ABC62D4B17F26CD000227A3D /* CreditsHelpViewController.h */,
				ABC62D4C17F26CD000227A3D /* CreditsHelpViewController.m */,
			);
			name = Credits;
			sourceTree = "<group>";
		};
		ABFCB06B192BD66900F8FFF9 /* Additional Files */ = {
			isa = PBXGroup;
			children = (
				ABDD5C5B18F610960083D26E /* UIImage+ImageEffects.h */,
				ABDD5C5C18F610960083D26E /* UIImage+ImageEffects.m */,
				61984D8B197CA8B400DCF5D4 /* NSMutableArray+MoveArray.h */,
				61984D8C197CA8B400DCF5D4 /* NSMutableArray+MoveArray.m */,
			);
			name = "Additional Files";
			sourceTree = "<group>";
		};
		ABFCB06C192BD72F00F8FFF9 /* Height and Weight */ = {
			isa = PBXGroup;
			children = (
				ABCCE52C1923FB43006AF589 /* HeightAndWeightViewController.h */,
				ABCCE52D1923FB43006AF589 /* HeightAndWeightViewController.m */,
			);
			name = "Height and Weight";
			sourceTree = "<group>";
		};
/* End PBXGroup section */

/* Begin PBXNativeTarget section */
		AB4B4FDF17EE41C80046E546 /* ShadowRun */ = {
			isa = PBXNativeTarget;
			buildConfigurationList = AB4B500C17EE41C90046E546 /* Build configuration list for PBXNativeTarget "ShadowRun" */;
			buildPhases = (
				AB4B4FDC17EE41C80046E546 /* Sources */,
				AB4B4FDD17EE41C80046E546 /* Frameworks */,
				AB4B4FDE17EE41C80046E546 /* Resources */,
			);
			buildRules = (
			);
			dependencies = (
			);
			name = ShadowRun;
			productName = ShadowRun;
			productReference = AB4B4FE017EE41C80046E546 /* ShadowRun.app */;
			productType = "com.apple.product-type.application";
		};
		AB4B4FFA17EE41C90046E546 /* ShadowRunTests */ = {
			isa = PBXNativeTarget;
			buildConfigurationList = AB4B500F17EE41C90046E546 /* Build configuration list for PBXNativeTarget "ShadowRunTests" */;
			buildPhases = (
				AB4B4FF717EE41C90046E546 /* Sources */,
				AB4B4FF817EE41C90046E546 /* Frameworks */,
				AB4B4FF917EE41C90046E546 /* Resources */,
			);
			buildRules = (
			);
			dependencies = (
				AB4B500117EE41C90046E546 /* PBXTargetDependency */,
			);
			name = ShadowRunTests;
			productName = ShadowRunTests;
			productReference = AB4B4FFB17EE41C90046E546 /* ShadowRunTests.xctest */;
			productType = "com.apple.product-type.bundle.unit-test";
		};
/* End PBXNativeTarget section */

/* Begin PBXProject section */
		AB4B4FD817EE41C80046E546 /* Project object */ = {
			isa = PBXProject;
			attributes = {
				CLASSPREFIX = ShadowRun;
				LastUpgradeCheck = 0510;
				ORGANIZATIONNAME = ShadowPress;
				TargetAttributes = {
					AB4B4FDF17EE41C80046E546 = {
						DevelopmentTeam = P5B237A769;
					};
					AB4B4FFA17EE41C90046E546 = {
						TestTargetID = AB4B4FDF17EE41C80046E546;
					};
				};
			};
			buildConfigurationList = AB4B4FDB17EE41C80046E546 /* Build configuration list for PBXProject "ShadowRun" */;
			compatibilityVersion = "Xcode 3.2";
			developmentRegion = English;
			hasScannedForEncodings = 0;
			knownRegions = (
				en,
				fr,
				es,
				de,
			);
			mainGroup = AB4B4FD717EE41C80046E546;
			productRefGroup = AB4B4FE117EE41C80046E546 /* Products */;
			projectDirPath = "";
			projectRoot = "";
			targets = (
				AB4B4FDF17EE41C80046E546 /* ShadowRun */,
				AB4B4FFA17EE41C90046E546 /* ShadowRunTests */,
			);
		};
/* End PBXProject section */

/* Begin PBXResourcesBuildPhase section */
		AB4B4FDE17EE41C80046E546 /* Resources */ = {
			isa = PBXResourcesBuildPhase;
			buildActionMask = 2147483647;
			files = (
				AB242E80184A32B700026204 /* Help.png in Resources */,
				AB9CDBC51849185B00EC7E8B /* AlarmCheck.png in Resources */,
				ABBED8B218304F96001FADF3 /* StopwatchViewController~5.xib in Resources */,
				ABC489D017F2646A007DD51A /* mic@2x.png in Resources */,
				ABC489D917F2646A007DD51A /* volume_up_64.png in Resources */,
				AB03548E18CA4E1200E13B2B /* StopwatchViewController~4.xib in Resources */,
				ABB4763418F4C05E008B292B /* Track and Field-3-5-Inch.png in Resources */,
				ABABC25E187F6E5C002996DB /* Lopez Lomong-4-Inch.png in Resources */,
				ABC489D617F2646A007DD51A /* video_play_64.png in Resources */,
				ABC489B217F25A07007DD51A /* Time.png in Resources */,
				ABC489B317F25A07007DD51A /* Time@2x.png in Resources */,
				610B120B1981DF31003677CC /* Track and Field-4-Inch-Blurred.png in Resources */,
				AB9CDBDE18495CF200EC7E8B /* ShadowRuns@2x.png in Resources */,
				AB03548218CA4E1200E13B2B /* DetailViewController~4NewRun.xib in Resources */,
				AB03548918CA4E1200E13B2B /* NotesViewController~4.xib in Resources */,
				ABC489D417F2646A007DD51A /* video_forward_64.png in Resources */,
				AB03548418CA4E1200E13B2B /* DetailViewController~5NewRun.xib in Resources */,
				AB03547D18CA4E1200E13B2B /* AlarmViewController~4.xib in Resources */,
				AB9CDBB7184915ED00EC7E8B /* AlarmOn@2x.png in Resources */,
				AB9CDBB4184915ED00EC7E8B /* Alarm@2x.png in Resources */,
				ABB07C69192AAB2900AEFAD5 /* Default-3-5-Inch.png in Resources */,
				AB03548618CA4E1200E13B2B /* Localizable.strings in Resources */,
				AB4B13561903265B005DA32A /* grayBackground1.png in Resources */,
				AB03548118CA4E1200E13B2B /* DetailViewController~4.xib in Resources */,
				610B12081981DF31003677CC /* Lopez Lomong-3-5-Inch-Blurred.png in Resources */,
				ABC489D317F2646A007DD51A /* mic_64.png in Resources */,
				AB03547F18CA4E1200E13B2B /* CreditsHelpViewController~4.xib in Resources */,
				ABEA5645192ACB6B00B8B197 /* Lopez Lomong-3-5-Inch.png in Resources */,
				AB4B4FEE17EE41C80046E546 /* InfoPlist.strings in Resources */,
				610B120A1981DF31003677CC /* Track and Field-3-5-Inch-Blurred.png in Resources */,
				ABC489D217F2646A007DD51A /* mic_48.png in Resources */,
				AB9CDBCD184942EE00EC7E8B /* Settings@2x.png in Resources */,
				ABC62D5517F26F1E00227A3D /* Credits@2x.png in Resources */,
				AB9CDBC71849185B00EC7E8B /* AlarmOn.png in Resources */,
				610B12061981DF31003677CC /* Default-3-5-Inch-Blurred.png in Resources */,
				ABC489CE17F2646A007DD51A /* Film.png in Resources */,
				ABB4763518F4C05E008B292B /* Track and Field-4-Inch.png in Resources */,
				AB9CDBDD18495CF200EC7E8B /* ShadowRuns.png in Resources */,
				AB67B4A11905FD07009C6DB4 /* backgroundBlurred.png in Resources */,
				AB03547E18CA4E1200E13B2B /* AlarmViewController~5.xib in Resources */,
				ABC489CF17F2646A007DD51A /* mic.png in Resources */,
				AB9CDBCC184942EE00EC7E8B /* Settings.png in Resources */,
				AB9CDBC61849185B00EC7E8B /* AlarmOff.png in Resources */,
				ABCCE5301923FB43006AF589 /* HeightAndWeightViewController.xib in Resources */,
				ABE19DE218FB4503002B31F0 /* transparentBackground.png in Resources */,
				AB9CDBB5184915ED00EC7E8B /* AlarmCheck@2x.png in Resources */,
				AB03548318CA4E1200E13B2B /* DetailViewController~5.xib in Resources */,
				ABC489D517F2646A007DD51A /* video_pause_64.png in Resources */,
				ABC489D117F2646A007DD51A /* mic_24.png in Resources */,
				AB03548A18CA4E1200E13B2B /* NotesViewController~5.xib in Resources */,
				AB4B503517EE78010046E546 /* Run.png in Resources */,
				AB03548718CA4E1200E13B2B /* MusicViewController~4.xib in Resources */,
				AB4B4FF617EE41C80046E546 /* Images.xcassets in Resources */,
				ABBED8AE18304ED7001FADF3 /* StopwatchViewController~4.xib in Resources */,
				610B12091981DF31003677CC /* Lopez Lomong-4-Inch-Blurred.png in Resources */,
				610B12071981DF31003677CC /* Default-4-Inch-Blurred.png in Resources */,
				ABC489DA17F2646A007DD51A /* speaker_64.png in Resources */,
				AB9CDBB6184915ED00EC7E8B /* AlarmOff@2x.png in Resources */,
				AB03548B18CA4E1200E13B2B /* SettingsViewController~4.xib in Resources */,
				ABC62D5417F26F1E00227A3D /* Credits.png in Resources */,
				AB03548018CA4E1200E13B2B /* CreditsHelpViewController~5.xib in Resources */,
				AB4B503617EE78010046E546 /* Run@2x.png in Resources */,
				ABC489D717F2646A007DD51A /* video_rewind_64.png in Resources */,
				ABC489D817F2646A007DD51A /* volume_down_64.png in Resources */,
				AB03548818CA4E1200E13B2B /* MusicViewController~5.xib in Resources */,
				AB242E81184A32B700026204 /* Help@2x.png in Resources */,
				ABC489CD17F2646A007DD51A /* noArtwork.jpg in Resources */,
				AB03548D18CA4E1200E13B2B /* ShadowRunItemCell.xib in Resources */,
				AB9CDBC41849185B00EC7E8B /* Alarm.png in Resources */,
				AB9CDBBF1849179000EC7E8B /* Alarm.aiff in Resources */,
				AB03548C18CA4E1200E13B2B /* SettingsViewController~5.xib in Resources */,
				ABB07C6A192AAB2900AEFAD5 /* Default-4-Inch.png in Resources */,
				AB03548F18CA4E1200E13B2B /* StopwatchViewController~5.xib in Resources */,
			);
			runOnlyForDeploymentPostprocessing = 0;
		};
		AB4B4FF917EE41C90046E546 /* Resources */ = {
			isa = PBXResourcesBuildPhase;
			buildActionMask = 2147483647;
			files = (
				AB4B500717EE41C90046E546 /* InfoPlist.strings in Resources */,
			);
			runOnlyForDeploymentPostprocessing = 0;
		};
/* End PBXResourcesBuildPhase section */

/* Begin PBXSourcesBuildPhase section */
		AB4B4FDC17EE41C80046E546 /* Sources */ = {
			isa = PBXSourcesBuildPhase;
			buildActionMask = 2147483647;
			files = (
				ABC62D4E17F26CD000227A3D /* CreditsHelpViewController.m in Sources */,
				ABC489AC17F25738007DD51A /* StopwatchViewController.m in Sources */,
				AB46D76E192952E40042531E /* BackgroundPicker.m in Sources */,
				AB4B4FF417EE41C80046E546 /* ShadowRunAppDelegate.m in Sources */,
				AB9CDBD21849438400EC7E8B /* SettingsViewController.m in Sources */,
				AB4B4FF017EE41C80046E546 /* main.m in Sources */,
				ABA6661017EE7CB70002081D /* DetailViewController.m in Sources */,
				AB9CDBBC1849160900EC7E8B /* AlarmViewController.m in Sources */,
				ABCCE52F1923FB43006AF589 /* HeightAndWeightViewController.m in Sources */,
				AB4B502817EE44FB0046E546 /* ShadowRun.xcdatamodeld in Sources */,
				AB4B502217EE44D00046E546 /* ShadowRunItemCell.m in Sources */,
				AB4B502B17EE457D0046E546 /* ShadowRun.m in Sources */,
				61984D8D197CA8B400DCF5D4 /* NSMutableArray+MoveArray.m in Sources */,
				ABC489B817F263AA007DD51A /* MusicViewController.m in Sources */,
				AB4B502E17EE46030046E546 /* ShadowRunViewController.m in Sources */,
				ABDD5C5D18F610960083D26E /* UIImage+ImageEffects.m in Sources */,
				ABA15783187B4F630050D5D7 /* NotesViewController.m in Sources */,
				AB4B501A17EE44820046E546 /* ShadowRunStore.m in Sources */,
				ABD758BA188706F100F022FD /* UINavigationController+KeyboardDismiss.m in Sources */,
			);
			runOnlyForDeploymentPostprocessing = 0;
		};
		AB4B4FF717EE41C90046E546 /* Sources */ = {
			isa = PBXSourcesBuildPhase;
			buildActionMask = 2147483647;
			files = (
				AB4B500917EE41C90046E546 /* ShadowRunTests.m in Sources */,
			);
			runOnlyForDeploymentPostprocessing = 0;
		};
/* End PBXSourcesBuildPhase section */

/* Begin PBXTargetDependency section */
		AB4B500117EE41C90046E546 /* PBXTargetDependency */ = {
			isa = PBXTargetDependency;
			target = AB4B4FDF17EE41C80046E546 /* ShadowRun */;
			targetProxy = AB4B500017EE41C90046E546 /* PBXContainerItemProxy */;
		};
/* End PBXTargetDependency section */

/* Begin PBXVariantGroup section */
		AB03545318CA4E1200E13B2B /* AlarmViewController~4.xib */ = {
			isa = PBXVariantGroup;
			children = (
				AB03545418CA4E1200E13B2B /* en */,
			);
			name = "AlarmViewController~4.xib";
			sourceTree = "<group>";
		};
		AB03545518CA4E1200E13B2B /* AlarmViewController~5.xib */ = {
			isa = PBXVariantGroup;
			children = (
				AB03545618CA4E1200E13B2B /* en */,
			);
			name = "AlarmViewController~5.xib";
			sourceTree = "<group>";
		};
		AB03545718CA4E1200E13B2B /* CreditsHelpViewController~4.xib */ = {
			isa = PBXVariantGroup;
			children = (
				AB03545818CA4E1200E13B2B /* en */,
			);
			name = "CreditsHelpViewController~4.xib";
			sourceTree = "<group>";
		};
		AB03545918CA4E1200E13B2B /* CreditsHelpViewController~5.xib */ = {
			isa = PBXVariantGroup;
			children = (
				AB03545A18CA4E1200E13B2B /* en */,
			);
			name = "CreditsHelpViewController~5.xib";
			sourceTree = "<group>";
		};
		AB03545B18CA4E1200E13B2B /* DetailViewController~4.xib */ = {
			isa = PBXVariantGroup;
			children = (
				AB03545C18CA4E1200E13B2B /* en */,
			);
			name = "DetailViewController~4.xib";
			sourceTree = "<group>";
		};
		AB03545D18CA4E1200E13B2B /* DetailViewController~4NewRun.xib */ = {
			isa = PBXVariantGroup;
			children = (
				AB03545E18CA4E1200E13B2B /* en */,
			);
			name = "DetailViewController~4NewRun.xib";
			sourceTree = "<group>";
		};
		AB03545F18CA4E1200E13B2B /* DetailViewController~5.xib */ = {
			isa = PBXVariantGroup;
			children = (
				AB03546018CA4E1200E13B2B /* en */,
			);
			name = "DetailViewController~5.xib";
			sourceTree = "<group>";
		};
		AB03546118CA4E1200E13B2B /* DetailViewController~5NewRun.xib */ = {
			isa = PBXVariantGroup;
			children = (
				AB03546218CA4E1200E13B2B /* en */,
			);
			name = "DetailViewController~5NewRun.xib";
			sourceTree = "<group>";
		};
		AB03546518CA4E1200E13B2B /* Localizable.strings */ = {
			isa = PBXVariantGroup;
			children = (
				AB03546618CA4E1200E13B2B /* en */,
			);
			name = Localizable.strings;
			path = en.lproj;
			sourceTree = "<group>";
		};
		AB03546718CA4E1200E13B2B /* MusicViewController~4.xib */ = {
			isa = PBXVariantGroup;
			children = (
				AB03546818CA4E1200E13B2B /* en */,
			);
			name = "MusicViewController~4.xib";
			sourceTree = "<group>";
		};
		AB03546918CA4E1200E13B2B /* MusicViewController~5.xib */ = {
			isa = PBXVariantGroup;
			children = (
				AB03546A18CA4E1200E13B2B /* en */,
			);
			name = "MusicViewController~5.xib";
			sourceTree = "<group>";
		};
		AB03546B18CA4E1200E13B2B /* NotesViewController~4.xib */ = {
			isa = PBXVariantGroup;
			children = (
				AB03546C18CA4E1200E13B2B /* en */,
			);
			name = "NotesViewController~4.xib";
			sourceTree = "<group>";
		};
		AB03546D18CA4E1200E13B2B /* NotesViewController~5.xib */ = {
			isa = PBXVariantGroup;
			children = (
				AB03546E18CA4E1200E13B2B /* en */,
			);
			name = "NotesViewController~5.xib";
			sourceTree = "<group>";
		};
		AB03546F18CA4E1200E13B2B /* SettingsViewController~4.xib */ = {
			isa = PBXVariantGroup;
			children = (
				AB03547018CA4E1200E13B2B /* en */,
			);
			name = "SettingsViewController~4.xib";
			sourceTree = "<group>";
		};
		AB03547118CA4E1200E13B2B /* SettingsViewController~5.xib */ = {
			isa = PBXVariantGroup;
			children = (
				AB03547218CA4E1200E13B2B /* en */,
			);
			name = "SettingsViewController~5.xib";
			sourceTree = "<group>";
		};
		AB03547518CA4E1200E13B2B /* ShadowRunItemCell.xib */ = {
			isa = PBXVariantGroup;
			children = (
				AB03547618CA4E1200E13B2B /* en */,
			);
			name = ShadowRunItemCell.xib;
			sourceTree = "<group>";
		};
		AB03547718CA4E1200E13B2B /* StopwatchViewController~4.xib */ = {
			isa = PBXVariantGroup;
			children = (
				AB03547818CA4E1200E13B2B /* en */,
			);
			name = "StopwatchViewController~4.xib";
			sourceTree = "<group>";
		};
		AB03547918CA4E1200E13B2B /* StopwatchViewController~5.xib */ = {
			isa = PBXVariantGroup;
			children = (
				AB03547A18CA4E1200E13B2B /* en */,
			);
			name = "StopwatchViewController~5.xib";
			sourceTree = "<group>";
		};
		AB4B4FEC17EE41C80046E546 /* InfoPlist.strings */ = {
			isa = PBXVariantGroup;
			children = (
				AB4B4FED17EE41C80046E546 /* en */,
			);
			name = InfoPlist.strings;
			sourceTree = "<group>";
		};
		AB4B500517EE41C90046E546 /* InfoPlist.strings */ = {
			isa = PBXVariantGroup;
			children = (
				AB4B500617EE41C90046E546 /* en */,
			);
			name = InfoPlist.strings;
			sourceTree = "<group>";
		};
		ABBED8B018304ED7001FADF3 /* StopwatchViewController~4.xib */ = {
			isa = PBXVariantGroup;
			children = (
				ABBED8AF18304ED7001FADF3 /* en */,
			);
			name = "StopwatchViewController~4.xib";
			sourceTree = "<group>";
		};
		ABBED8B418304F96001FADF3 /* StopwatchViewController~5.xib */ = {
			isa = PBXVariantGroup;
			children = (
				ABBED8B318304F96001FADF3 /* en */,
			);
			name = "StopwatchViewController~5.xib";
			sourceTree = "<group>";
		};
/* End PBXVariantGroup section */

/* Begin XCBuildConfiguration section */
		AB4B500A17EE41C90046E546 /* Debug */ = {
			isa = XCBuildConfiguration;
			buildSettings = {
				ALWAYS_SEARCH_USER_PATHS = NO;
				CLANG_CXX_LANGUAGE_STANDARD = "gnu++0x";
				CLANG_CXX_LIBRARY = "libc++";
				CLANG_ENABLE_MODULES = YES;
				CLANG_ENABLE_OBJC_ARC = YES;
				CLANG_WARN_BOOL_CONVERSION = YES;
				CLANG_WARN_CONSTANT_CONVERSION = YES;
				CLANG_WARN_DIRECT_OBJC_ISA_USAGE = YES_ERROR;
				CLANG_WARN_EMPTY_BODY = YES;
				CLANG_WARN_ENUM_CONVERSION = YES;
				CLANG_WARN_INT_CONVERSION = YES;
				CLANG_WARN_OBJC_ROOT_CLASS = YES_ERROR;
				CLANG_WARN__DUPLICATE_METHOD_MATCH = YES;
				"CODE_SIGN_IDENTITY[sdk=iphoneos*]" = "iPhone Developer";
				COPY_PHASE_STRIP = NO;
				GCC_C_LANGUAGE_STANDARD = gnu99;
				GCC_DYNAMIC_NO_PIC = NO;
				GCC_OPTIMIZATION_LEVEL = 0;
				GCC_PREPROCESSOR_DEFINITIONS = (
					"DEBUG=1",
					"$(inherited)",
				);
				GCC_SYMBOLS_PRIVATE_EXTERN = NO;
				GCC_WARN_64_TO_32_BIT_CONVERSION = YES;
				GCC_WARN_ABOUT_RETURN_TYPE = YES_ERROR;
				GCC_WARN_UNDECLARED_SELECTOR = YES;
				GCC_WARN_UNINITIALIZED_AUTOS = YES;
				GCC_WARN_UNUSED_FUNCTION = YES;
				GCC_WARN_UNUSED_VARIABLE = YES;
				IPHONEOS_DEPLOYMENT_TARGET = 7.0;
				ONLY_ACTIVE_ARCH = YES;
				SDKROOT = iphoneos;
			};
			name = Debug;
		};
		AB4B500B17EE41C90046E546 /* Release */ = {
			isa = XCBuildConfiguration;
			buildSettings = {
				ALWAYS_SEARCH_USER_PATHS = NO;
				CLANG_CXX_LANGUAGE_STANDARD = "gnu++0x";
				CLANG_CXX_LIBRARY = "libc++";
				CLANG_ENABLE_MODULES = YES;
				CLANG_ENABLE_OBJC_ARC = YES;
				CLANG_WARN_BOOL_CONVERSION = YES;
				CLANG_WARN_CONSTANT_CONVERSION = YES;
				CLANG_WARN_DIRECT_OBJC_ISA_USAGE = YES_ERROR;
				CLANG_WARN_EMPTY_BODY = YES;
				CLANG_WARN_ENUM_CONVERSION = YES;
				CLANG_WARN_INT_CONVERSION = YES;
				CLANG_WARN_OBJC_ROOT_CLASS = YES_ERROR;
				CLANG_WARN__DUPLICATE_METHOD_MATCH = YES;
				"CODE_SIGN_IDENTITY[sdk=iphoneos*]" = "iPhone Developer";
				COPY_PHASE_STRIP = YES;
				ENABLE_NS_ASSERTIONS = NO;
				GCC_C_LANGUAGE_STANDARD = gnu99;
				GCC_WARN_64_TO_32_BIT_CONVERSION = YES;
				GCC_WARN_ABOUT_RETURN_TYPE = YES_ERROR;
				GCC_WARN_UNDECLARED_SELECTOR = YES;
				GCC_WARN_UNINITIALIZED_AUTOS = YES;
				GCC_WARN_UNUSED_FUNCTION = YES;
				GCC_WARN_UNUSED_VARIABLE = YES;
				IPHONEOS_DEPLOYMENT_TARGET = 7.0;
				SDKROOT = iphoneos;
				VALIDATE_PRODUCT = YES;
			};
			name = Release;
		};
		AB4B500D17EE41C90046E546 /* Debug */ = {
			isa = XCBuildConfiguration;
			buildSettings = {
				ASSETCATALOG_COMPILER_APPICON_NAME = AppIcon;
				ASSETCATALOG_COMPILER_LAUNCHIMAGE_NAME = LaunchImage;
				CODE_SIGN_IDENTITY = "iPhone Developer";
				"CODE_SIGN_IDENTITY[sdk=iphoneos*]" = "iPhone Developer";
				"CODE_SIGN_IDENTITY[sdk=iphoneos7.0]" = "iPhone Developer: Edward Hart (2699J5KRKE)";
				GCC_PRECOMPILE_PREFIX_HEADER = YES;
				GCC_PREFIX_HEADER = "ShadowRun/ShadowRun-Prefix.pch";
				INFOPLIST_FILE = "ShadowRun/ShadowRun-Info.plist";
				IPHONEOS_DEPLOYMENT_TARGET = 7.0;
				LIBRARY_SEARCH_PATHS = "$(inherited)";
				ONLY_ACTIVE_ARCH = NO;
				PRODUCT_NAME = "$(TARGET_NAME)";
				PROVISIONING_PROFILE = "";
				WRAPPER_EXTENSION = app;
			};
			name = Debug;
		};
		AB4B500E17EE41C90046E546 /* Release */ = {
			isa = XCBuildConfiguration;
			buildSettings = {
				ASSETCATALOG_COMPILER_APPICON_NAME = AppIcon;
				ASSETCATALOG_COMPILER_LAUNCHIMAGE_NAME = LaunchImage;
				CODE_SIGN_IDENTITY = "iPhone Developer";
				"CODE_SIGN_IDENTITY[sdk=iphoneos*]" = "iPhone Developer";
				"CODE_SIGN_IDENTITY[sdk=iphoneos7.0]" = "iPhone Developer: Edward Hart (2699J5KRKE)";
				GCC_PRECOMPILE_PREFIX_HEADER = YES;
				GCC_PREFIX_HEADER = "ShadowRun/ShadowRun-Prefix.pch";
				INFOPLIST_FILE = "ShadowRun/ShadowRun-Info.plist";
				IPHONEOS_DEPLOYMENT_TARGET = 7.0;
				LIBRARY_SEARCH_PATHS = "$(inherited)";
				ONLY_ACTIVE_ARCH = NO;
				PRODUCT_NAME = "$(TARGET_NAME)";
				PROVISIONING_PROFILE = "";
				WRAPPER_EXTENSION = app;
			};
			name = Release;
		};
		AB4B501017EE41C90046E546 /* Debug */ = {
			isa = XCBuildConfiguration;
			buildSettings = {
				BUNDLE_LOADER = "$(BUILT_PRODUCTS_DIR)/ShadowRun.app/ShadowRun";
				FRAMEWORK_SEARCH_PATHS = (
					"$(SDKROOT)/Developer/Library/Frameworks",
					"$(inherited)",
					"$(DEVELOPER_FRAMEWORKS_DIR)",
				);
				GCC_PRECOMPILE_PREFIX_HEADER = YES;
				GCC_PREFIX_HEADER = "ShadowRun/ShadowRun-Prefix.pch";
				GCC_PREPROCESSOR_DEFINITIONS = (
					"DEBUG=1",
					"$(inherited)",
				);
				INFOPLIST_FILE = "ShadowRunTests/ShadowRunTests-Info.plist";
				PRODUCT_NAME = "$(TARGET_NAME)";
				TEST_HOST = "$(BUNDLE_LOADER)";
				WRAPPER_EXTENSION = xctest;
			};
			name = Debug;
		};
		AB4B501117EE41C90046E546 /* Release */ = {
			isa = XCBuildConfiguration;
			buildSettings = {
				BUNDLE_LOADER = "$(BUILT_PRODUCTS_DIR)/ShadowRun.app/ShadowRun";
				FRAMEWORK_SEARCH_PATHS = (
					"$(SDKROOT)/Developer/Library/Frameworks",
					"$(inherited)",
					"$(DEVELOPER_FRAMEWORKS_DIR)",
				);
				GCC_PRECOMPILE_PREFIX_HEADER = YES;
				GCC_PREFIX_HEADER = "ShadowRun/ShadowRun-Prefix.pch";
				INFOPLIST_FILE = "ShadowRunTests/ShadowRunTests-Info.plist";
				PRODUCT_NAME = "$(TARGET_NAME)";
				TEST_HOST = "$(BUNDLE_LOADER)";
				WRAPPER_EXTENSION = xctest;
			};
			name = Release;
		};
/* End XCBuildConfiguration section */

/* Begin XCConfigurationList section */
		AB4B4FDB17EE41C80046E546 /* Build configuration list for PBXProject "ShadowRun" */ = {
			isa = XCConfigurationList;
			buildConfigurations = (
				AB4B500A17EE41C90046E546 /* Debug */,
				AB4B500B17EE41C90046E546 /* Release */,
			);
			defaultConfigurationIsVisible = 0;
			defaultConfigurationName = Release;
		};
		AB4B500C17EE41C90046E546 /* Build configuration list for PBXNativeTarget "ShadowRun" */ = {
			isa = XCConfigurationList;
			buildConfigurations = (
				AB4B500D17EE41C90046E546 /* Debug */,
				AB4B500E17EE41C90046E546 /* Release */,
			);
			defaultConfigurationIsVisible = 0;
			defaultConfigurationName = Release;
		};
		AB4B500F17EE41C90046E546 /* Build configuration list for PBXNativeTarget "ShadowRunTests" */ = {
			isa = XCConfigurationList;
			buildConfigurations = (
				AB4B501017EE41C90046E546 /* Debug */,
				AB4B501117EE41C90046E546 /* Release */,
			);
			defaultConfigurationIsVisible = 0;
			defaultConfigurationName = Release;
		};
/* End XCConfigurationList section */

/* Begin XCVersionGroup section */
		AB4B502617EE44FB0046E546 /* ShadowRun.xcdatamodeld */ = {
			isa = XCVersionGroup;
			children = (
				ABBE9F0D18B56EA10023A44C /* ShadowRun 1.0.xcdatamodel */,
				AB9FA22318B00AC400370CFB /* ShadowRun 1.0.1.xcdatamodel */,
				AB4B502717EE44FB0046E546 /* ShadowRun.xcdatamodel */,
			);
			currentVersion = ABBE9F0D18B56EA10023A44C /* ShadowRun 1.0.xcdatamodel */;
			path = ShadowRun.xcdatamodeld;
			sourceTree = "<group>";
			versionGroupType = wrapper.xcdatamodel;
		};
/* End XCVersionGroup section */
	};
	rootObject = AB4B4FD817EE41C80046E546 /* Project object */;
}
