// !$*UTF8*$!
{
	archiveVersion = 1;
	classes = {
	};
	objectVersion = 46;
	objects = {

/* Begin PBXBuildFile section */
		AB4B4FE417EE41C80046E546 /* Foundation.framework in Frameworks */ = {isa = PBXBuildFile; fileRef = AB4B4FE317EE41C80046E546 /* Foundation.framework */; };
		AB4B4FE617EE41C80046E546 /* CoreGraphics.framework in Frameworks */ = {isa = PBXBuildFile; fileRef = AB4B4FE517EE41C80046E546 /* CoreGraphics.framework */; };
		AB4B4FE817EE41C80046E546 /* UIKit.framework in Frameworks */ = {isa = PBXBuildFile; fileRef = AB4B4FE717EE41C80046E546 /* UIKit.framework */; };
		AB4B4FEE17EE41C80046E546 /* InfoPlist.strings in Resources */ = {isa = PBXBuildFile; fileRef = AB4B4FEC17EE41C80046E546 /* InfoPlist.strings */; };
		AB4B4FF017EE41C80046E546 /* main.m in Sources */ = {isa = PBXBuildFile; fileRef = AB4B4FEF17EE41C80046E546 /* main.m */; };
		AB4B4FF417EE41C80046E546 /* ShadowRunAppDelegate.m in Sources */ = {isa = PBXBuildFile; fileRef = AB4B4FF317EE41C80046E546 /* ShadowRunAppDelegate.m */; };
		AB4B4FF617EE41C80046E546 /* Images.xcassets in Resources */ = {isa = PBXBuildFile; fileRef = AB4B4FF517EE41C80046E546 /* Images.xcassets */; };
		AB4B4FFD17EE41C90046E546 /* XCTest.framework in Frameworks */ = {isa = PBXBuildFile; fileRef = AB4B4FFC17EE41C90046E546 /* XCTest.framework */; };
		AB4B4FFE17EE41C90046E546 /* Foundation.framework in Frameworks */ = {isa = PBXBuildFile; fileRef = AB4B4FE317EE41C80046E546 /* Foundation.framework */; };
		AB4B4FFF17EE41C90046E546 /* UIKit.framework in Frameworks */ = {isa = PBXBuildFile; fileRef = AB4B4FE717EE41C80046E546 /* UIKit.framework */; };
		AB4B500717EE41C90046E546 /* InfoPlist.strings in Resources */ = {isa = PBXBuildFile; fileRef = AB4B500517EE41C90046E546 /* InfoPlist.strings */; };
		AB4B500917EE41C90046E546 /* ShadowRunTests.m in Sources */ = {isa = PBXBuildFile; fileRef = AB4B500817EE41C90046E546 /* ShadowRunTests.m */; };
/* End PBXBuildFile section */

/* Begin PBXContainerItemProxy section */
		AB4B500017EE41C90046E546 /* PBXContainerItemProxy */ = {
			isa = PBXContainerItemProxy;
			containerPortal = AB4B4FD817EE41C80046E546 /* Project object */;
			proxyType = 1;
			remoteGlobalIDString = AB4B4FDF17EE41C80046E546;
			remoteInfo = ShadowRun;
		};
/* End PBXContainerItemProxy section */

/* Begin PBXFileReference section */
		AB4B4FE017EE41C80046E546 /* ShadowRun.app */ = {isa = PBXFileReference; explicitFileType = wrapper.application; includeInIndex = 0; path = ShadowRun.app; sourceTree = BUILT_PRODUCTS_DIR; };
		AB4B4FE317EE41C80046E546 /* Foundation.framework */ = {isa = PBXFileReference; lastKnownFileType = wrapper.framework; name = Foundation.framework; path = System/Library/Frameworks/Foundation.framework; sourceTree = SDKROOT; };
		AB4B4FE517EE41C80046E546 /* CoreGraphics.framework */ = {isa = PBXFileReference; lastKnownFileType = wrapper.framework; name = CoreGraphics.framework; path = System/Library/Frameworks/CoreGraphics.framework; sourceTree = SDKROOT; };
		AB4B4FE717EE41C80046E546 /* UIKit.framework */ = {isa = PBXFileReference; lastKnownFileType = wrapper.framework; name = UIKit.framework; path = System/Library/Frameworks/UIKit.framework; sourceTree = SDKROOT; };
		AB4B4FEB17EE41C80046E546 /* ShadowRun-Info.plist */ = {isa = PBXFileReference; lastKnownFileType = text.plist.xml; path = "ShadowRun-Info.plist"; sourceTree = "<group>"; };
		AB4B4FED17EE41C80046E546 /* en */ = {isa = PBXFileReference; lastKnownFileType = text.plist.strings; name = en; path = en.lproj/InfoPlist.strings; sourceTree = "<group>"; };
		AB4B4FEF17EE41C80046E546 /* main.m */ = {isa = PBXFileReference; lastKnownFileType = sourcecode.c.objc; path = main.m; sourceTree = "<group>"; };
		AB4B4FF117EE41C80046E546 /* ShadowRun-Prefix.pch */ = {isa = PBXFileReference; lastKnownFileType = sourcecode.c.h; path = "ShadowRun-Prefix.pch"; sourceTree = "<group>"; };
		AB4B4FF217EE41C80046E546 /* ShadowRunAppDelegate.h */ = {isa = PBXFileReference; lastKnownFileType = sourcecode.c.h; path = ShadowRunAppDelegate.h; sourceTree = "<group>"; };
		AB4B4FF317EE41C80046E546 /* ShadowRunAppDelegate.m */ = {isa = PBXFileReference; lastKnownFileType = sourcecode.c.objc; path = ShadowRunAppDelegate.m; sourceTree = "<group>"; };
		AB4B4FF517EE41C80046E546 /* Images.xcassets */ = {isa = PBXFileReference; lastKnownFileType = folder.assetcatalog; path = Images.xcassets; sourceTree = "<group>"; };
		AB4B4FFB17EE41C90046E546 /* ShadowRunTests.xctest */ = {isa = PBXFileReference; explicitFileType = wrapper.cfbundle; includeInIndex = 0; path = ShadowRunTests.xctest; sourceTree = BUILT_PRODUCTS_DIR; };
		AB4B4FFC17EE41C90046E546 /* XCTest.framework */ = {isa = PBXFileReference; lastKnownFileType = wrapper.framework; name = XCTest.framework; path = Library/Frameworks/XCTest.framework; sourceTree = DEVELOPER_DIR; };
		AB4B500417EE41C90046E546 /* ShadowRunTests-Info.plist */ = {isa = PBXFileReference; lastKnownFileType = text.plist.xml; path = "ShadowRunTests-Info.plist"; sourceTree = "<group>"; };
		AB4B500617EE41C90046E546 /* en */ = {isa = PBXFileReference; lastKnownFileType = text.plist.strings; name = en; path = en.lproj/InfoPlist.strings; sourceTree = "<group>"; };
		AB4B500817EE41C90046E546 /* ShadowRunTests.m */ = {isa = PBXFileReference; lastKnownFileType = sourcecode.c.objc; path = ShadowRunTests.m; sourceTree = "<group>"; };
/* End PBXFileReference section */

/* Begin PBXFrameworksBuildPhase section */
		AB4B4FDD17EE41C80046E546 /* Frameworks */ = {
			isa = PBXFrameworksBuildPhase;
			buildActionMask = 2147483647;
			files = (
				AB4B4FE617EE41C80046E546 /* CoreGraphics.framework in Frameworks */,
				AB4B4FE817EE41C80046E546 /* UIKit.framework in Frameworks */,
				AB4B4FE417EE41C80046E546 /* Foundation.framework in Frameworks */,
			);
			runOnlyForDeploymentPostprocessing = 0;
		};
		AB4B4FF817EE41C90046E546 /* Frameworks */ = {
			isa = PBXFrameworksBuildPhase;
			buildActionMask = 2147483647;
			files = (
				AB4B4FFD17EE41C90046E546 /* XCTest.framework in Frameworks */,
				AB4B4FFF17EE41C90046E546 /* UIKit.framework in Frameworks */,
				AB4B4FFE17EE41C90046E546 /* Foundation.framework in Frameworks */,
			);
			runOnlyForDeploymentPostprocessing = 0;
		};
/* End PBXFrameworksBuildPhase section */

/* Begin PBXGroup section */
		AB4B4FD717EE41C80046E546 = {
			isa = PBXGroup;
			children = (
				AB4B4FE917EE41C80046E546 /* ShadowRun */,
				AB4B500217EE41C90046E546 /* ShadowRunTests */,
				AB4B4FE217EE41C80046E546 /* Frameworks */,
				AB4B4FE117EE41C80046E546 /* Products */,
			);
			sourceTree = "<group>";
		};
		AB4B4FE117EE41C80046E546 /* Products */ = {
			isa = PBXGroup;
			children = (
				AB4B4FE017EE41C80046E546 /* ShadowRun.app */,
				AB4B4FFB17EE41C90046E546 /* ShadowRunTests.xctest */,
			);
			name = Products;
			sourceTree = "<group>";
		};
		AB4B4FE217EE41C80046E546 /* Frameworks */ = {
			isa = PBXGroup;
			children = (
				AB4B4FE317EE41C80046E546 /* Foundation.framework */,
				AB4B4FE517EE41C80046E546 /* CoreGraphics.framework */,
				AB4B4FE717EE41C80046E546 /* UIKit.framework */,
				AB4B4FFC17EE41C90046E546 /* XCTest.framework */,
			);
			name = Frameworks;
			sourceTree = "<group>";
		};
		AB4B4FE917EE41C80046E546 /* ShadowRun */ = {
			isa = PBXGroup;
			children = (
				AB4B4FF217EE41C80046E546 /* ShadowRunAppDelegate.h */,
				AB4B4FF317EE41C80046E546 /* ShadowRunAppDelegate.m */,
				AB4B4FF517EE41C80046E546 /* Images.xcassets */,
				AB4B4FEA17EE41C80046E546 /* Supporting Files */,
			);
			path = ShadowRun;
			sourceTree = "<group>";
		};
		AB4B4FEA17EE41C80046E546 /* Supporting Files */ = {
			isa = PBXGroup;
			children = (
				AB4B4FEB17EE41C80046E546 /* ShadowRun-Info.plist */,
				AB4B4FEC17EE41C80046E546 /* InfoPlist.strings */,
				AB4B4FEF17EE41C80046E546 /* main.m */,
				AB4B4FF117EE41C80046E546 /* ShadowRun-Prefix.pch */,
			);
			name = "Supporting Files";
			sourceTree = "<group>";
		};
		AB4B500217EE41C90046E546 /* ShadowRunTests */ = {
			isa = PBXGroup;
			children = (
				AB4B500817EE41C90046E546 /* ShadowRunTests.m */,
				AB4B500317EE41C90046E546 /* Supporting Files */,
			);
			path = ShadowRunTests;
			sourceTree = "<group>";
		};
		AB4B500317EE41C90046E546 /* Supporting Files */ = {
			isa = PBXGroup;
			children = (
				AB4B500417EE41C90046E546 /* ShadowRunTests-Info.plist */,
				AB4B500517EE41C90046E546 /* InfoPlist.strings */,
			);
			name = "Supporting Files";
			sourceTree = "<group>";
		};
/* End PBXGroup section */

/* Begin PBXNativeTarget section */
		AB4B4FDF17EE41C80046E546 /* ShadowRun */ = {
			isa = PBXNativeTarget;
			buildConfigurationList = AB4B500C17EE41C90046E546 /* Build configuration list for PBXNativeTarget "ShadowRun" */;
			buildPhases = (
				AB4B4FDC17EE41C80046E546 /* Sources */,
				AB4B4FDD17EE41C80046E546 /* Frameworks */,
				AB4B4FDE17EE41C80046E546 /* Resources */,
			);
			buildRules = (
			);
			dependencies = (
			);
			name = ShadowRun;
			productName = ShadowRun;
			productReference = AB4B4FE017EE41C80046E546 /* ShadowRun.app */;
			productType = "com.apple.product-type.application";
		};
		AB4B4FFA17EE41C90046E546 /* ShadowRunTests */ = {
			isa = PBXNativeTarget;
			buildConfigurationList = AB4B500F17EE41C90046E546 /* Build configuration list for PBXNativeTarget "ShadowRunTests" */;
			buildPhases = (
				AB4B4FF717EE41C90046E546 /* Sources */,
				AB4B4FF817EE41C90046E546 /* Frameworks */,
				AB4B4FF917EE41C90046E546 /* Resources */,
			);
			buildRules = (
			);
			dependencies = (
				AB4B500117EE41C90046E546 /* PBXTargetDependency */,
			);
			name = ShadowRunTests;
			productName = ShadowRunTests;
			productReference = AB4B4FFB17EE41C90046E546 /* ShadowRunTests.xctest */;
			productType = "com.apple.product-type.bundle.unit-test";
		};
/* End PBXNativeTarget section */

/* Begin PBXProject section */
		AB4B4FD817EE41C80046E546 /* Project object */ = {
			isa = PBXProject;
			attributes = {
				CLASSPREFIX = ShadowRun;
				LastUpgradeCheck = 0500;
				ORGANIZATIONNAME = ShadowPress;
				TargetAttributes = {
					AB4B4FFA17EE41C90046E546 = {
						TestTargetID = AB4B4FDF17EE41C80046E546;
					};
				};
			};
			buildConfigurationList = AB4B4FDB17EE41C80046E546 /* Build configuration list for PBXProject "ShadowRun" */;
			compatibilityVersion = "Xcode 3.2";
			developmentRegion = English;
			hasScannedForEncodings = 0;
			knownRegions = (
				en,
			);
			mainGroup = AB4B4FD717EE41C80046E546;
			productRefGroup = AB4B4FE117EE41C80046E546 /* Products */;
			projectDirPath = "";
			projectRoot = "";
			targets = (
				AB4B4FDF17EE41C80046E546 /* ShadowRun */,
				AB4B4FFA17EE41C90046E546 /* ShadowRunTests */,
			);
		};
/* End PBXProject section */

/* Begin PBXResourcesBuildPhase section */
		AB4B4FDE17EE41C80046E546 /* Resources */ = {
			isa = PBXResourcesBuildPhase;
			buildActionMask = 2147483647;
			files = (
				AB4B4FEE17EE41C80046E546 /* InfoPlist.strings in Resources */,
				AB4B4FF617EE41C80046E546 /* Images.xcassets in Resources */,
			);
			runOnlyForDeploymentPostprocessing = 0;
		};
		AB4B4FF917EE41C90046E546 /* Resources */ = {
			isa = PBXResourcesBuildPhase;
			buildActionMask = 2147483647;
			files = (
				AB4B500717EE41C90046E546 /* InfoPlist.strings in Resources */,
			);
			runOnlyForDeploymentPostprocessing = 0;
		};
/* End PBXResourcesBuildPhase section */

/* Begin PBXSourcesBuildPhase section */
		AB4B4FDC17EE41C80046E546 /* Sources */ = {
			isa = PBXSourcesBuildPhase;
			buildActionMask = 2147483647;
			files = (
				AB4B4FF417EE41C80046E546 /* ShadowRunAppDelegate.m in Sources */,
				AB4B4FF017EE41C80046E546 /* main.m in Sources */,
			);
			runOnlyForDeploymentPostprocessing = 0;
		};
		AB4B4FF717EE41C90046E546 /* Sources */ = {
			isa = PBXSourcesBuildPhase;
			buildActionMask = 2147483647;
			files = (
				AB4B500917EE41C90046E546 /* ShadowRunTests.m in Sources */,
			);
			runOnlyForDeploymentPostprocessing = 0;
		};
/* End PBXSourcesBuildPhase section */

/* Begin PBXTargetDependency section */
		AB4B500117EE41C90046E546 /* PBXTargetDependency */ = {
			isa = PBXTargetDependency;
			target = AB4B4FDF17EE41C80046E546 /* ShadowRun */;
			targetProxy = AB4B500017EE41C90046E546 /* PBXContainerItemProxy */;
		};
/* End PBXTargetDependency section */

/* Begin PBXVariantGroup section */
		AB4B4FEC17EE41C80046E546 /* InfoPlist.strings */ = {
			isa = PBXVariantGroup;
			children = (
				AB4B4FED17EE41C80046E546 /* en */,
			);
			name = InfoPlist.strings;
			sourceTree = "<group>";
		};
		AB4B500517EE41C90046E546 /* InfoPlist.strings */ = {
			isa = PBXVariantGroup;
			children = (
				AB4B500617EE41C90046E546 /* en */,
			);
			name = InfoPlist.strings;
			sourceTree = "<group>";
		};
/* End PBXVariantGroup section */

/* Begin XCBuildConfiguration section */
		AB4B500A17EE41C90046E546 /* Debug */ = {
			isa = XCBuildConfiguration;
			buildSettings = {
				ALWAYS_SEARCH_USER_PATHS = NO;
				ARCHS = "$(ARCHS_STANDARD_INCLUDING_64_BIT)";
				CLANG_CXX_LANGUAGE_STANDARD = "gnu++0x";
				CLANG_CXX_LIBRARY = "libc++";
				CLANG_ENABLE_MODULES = YES;
				CLANG_ENABLE_OBJC_ARC = YES;
				CLANG_WARN_BOOL_CONVERSION = YES;
				CLANG_WARN_CONSTANT_CONVERSION = YES;
				CLANG_WARN_DIRECT_OBJC_ISA_USAGE = YES_ERROR;
				CLANG_WARN_EMPTY_BODY = YES;
				CLANG_WARN_ENUM_CONVERSION = YES;
				CLANG_WARN_INT_CONVERSION = YES;
				CLANG_WARN_OBJC_ROOT_CLASS = YES_ERROR;
				CLANG_WARN__DUPLICATE_METHOD_MATCH = YES;
				"CODE_SIGN_IDENTITY[sdk=iphoneos*]" = "iPhone Developer";
				COPY_PHASE_STRIP = NO;
				GCC_C_LANGUAGE_STANDARD = gnu99;
				GCC_DYNAMIC_NO_PIC = NO;
				GCC_OPTIMIZATION_LEVEL = 0;
				GCC_PREPROCESSOR_DEFINITIONS = (
					"DEBUG=1",
					"$(inherited)",
				);
				GCC_SYMBOLS_PRIVATE_EXTERN = NO;
				GCC_WARN_64_TO_32_BIT_CONVERSION = YES;
				GCC_WARN_ABOUT_RETURN_TYPE = YES_ERROR;
				GCC_WARN_UNDECLARED_SELECTOR = YES;
				GCC_WARN_UNINITIALIZED_AUTOS = YES;
				GCC_WARN_UNUSED_FUNCTION = YES;
				GCC_WARN_UNUSED_VARIABLE = YES;
				IPHONEOS_DEPLOYMENT_TARGET = 7.0;
				ONLY_ACTIVE_ARCH = YES;
				SDKROOT = iphoneos;
			};
			name = Debug;
		};
		AB4B500B17EE41C90046E546 /* Release */ = {
			isa = XCBuildConfiguration;
			buildSettings = {
				ALWAYS_SEARCH_USER_PATHS = NO;
				ARCHS = "$(ARCHS_STANDARD_INCLUDING_64_BIT)";
				CLANG_CXX_LANGUAGE_STANDARD = "gnu++0x";
				CLANG_CXX_LIBRARY = "libc++";
				CLANG_ENABLE_MODULES = YES;
				CLANG_ENABLE_OBJC_ARC = YES;
				CLANG_WARN_BOOL_CONVERSION = YES;
				CLANG_WARN_CONSTANT_CONVERSION = YES;
				CLANG_WARN_DIRECT_OBJC_ISA_USAGE = YES_ERROR;
				CLANG_WARN_EMPTY_BODY = YES;
				CLANG_WARN_ENUM_CONVERSION = YES;
				CLANG_WARN_INT_CONVERSION = YES;
				CLANG_WARN_OBJC_ROOT_CLASS = YES_ERROR;
				CLANG_WARN__DUPLICATE_METHOD_MATCH = YES;
				"CODE_SIGN_IDENTITY[sdk=iphoneos*]" = "iPhone Developer";
				COPY_PHASE_STRIP = YES;
				ENABLE_NS_ASSERTIONS = NO;
				GCC_C_LANGUAGE_STANDARD = gnu99;
				GCC_WARN_64_TO_32_BIT_CONVERSION = YES;
				GCC_WARN_ABOUT_RETURN_TYPE = YES_ERROR;
				GCC_WARN_UNDECLARED_SELECTOR = YES;
				GCC_WARN_UNINITIALIZED_AUTOS = YES;
				GCC_WARN_UNUSED_FUNCTION = YES;
				GCC_WARN_UNUSED_VARIABLE = YES;
				IPHONEOS_DEPLOYMENT_TARGET = 7.0;
				SDKROOT = iphoneos;
				VALIDATE_PRODUCT = YES;
			};
			name = Release;
		};
		AB4B500D17EE41C90046E546 /* Debug */ = {
			isa = XCBuildConfiguration;
			buildSettings = {
				ASSETCATALOG_COMPILER_APPICON_NAME = AppIcon;
				ASSETCATALOG_COMPILER_LAUNCHIMAGE_NAME = LaunchImage;
				GCC_PRECOMPILE_PREFIX_HEADER = YES;
				GCC_PREFIX_HEADER = "ShadowRun/ShadowRun-Prefix.pch";
				INFOPLIST_FILE = "ShadowRun/ShadowRun-Info.plist";
				PRODUCT_NAME = "$(TARGET_NAME)";
				WRAPPER_EXTENSION = app;
			};
			name = Debug;
		};
		AB4B500E17EE41C90046E546 /* Release */ = {
			isa = XCBuildConfiguration;
			buildSettings = {
				ASSETCATALOG_COMPILER_APPICON_NAME = AppIcon;
				ASSETCATALOG_COMPILER_LAUNCHIMAGE_NAME = LaunchImage;
				GCC_PRECOMPILE_PREFIX_HEADER = YES;
				GCC_PREFIX_HEADER = "ShadowRun/ShadowRun-Prefix.pch";
				INFOPLIST_FILE = "ShadowRun/ShadowRun-Info.plist";
				PRODUCT_NAME = "$(TARGET_NAME)";
				WRAPPER_EXTENSION = app;
			};
			name = Release;
		};
		AB4B501017EE41C90046E546 /* Debug */ = {
			isa = XCBuildConfiguration;
			buildSettings = {
				ARCHS = "$(ARCHS_STANDARD_INCLUDING_64_BIT)";
				BUNDLE_LOADER = "$(BUILT_PRODUCTS_DIR)/ShadowRun.app/ShadowRun";
				FRAMEWORK_SEARCH_PATHS = (
					"$(SDKROOT)/Developer/Library/Frameworks",
					"$(inherited)",
					"$(DEVELOPER_FRAMEWORKS_DIR)",
				);
				GCC_PRECOMPILE_PREFIX_HEADER = YES;
				GCC_PREFIX_HEADER = "ShadowRun/ShadowRun-Prefix.pch";
				GCC_PREPROCESSOR_DEFINITIONS = (
					"DEBUG=1",
					"$(inherited)",
				);
				INFOPLIST_FILE = "ShadowRunTests/ShadowRunTests-Info.plist";
				PRODUCT_NAME = "$(TARGET_NAME)";
				TEST_HOST = "$(BUNDLE_LOADER)";
				WRAPPER_EXTENSION = xctest;
			};
			name = Debug;
		};
		AB4B501117EE41C90046E546 /* Release */ = {
			isa = XCBuildConfiguration;
			buildSettings = {
				ARCHS = "$(ARCHS_STANDARD_INCLUDING_64_BIT)";
				BUNDLE_LOADER = "$(BUILT_PRODUCTS_DIR)/ShadowRun.app/ShadowRun";
				FRAMEWORK_SEARCH_PATHS = (
					"$(SDKROOT)/Developer/Library/Frameworks",
					"$(inherited)",
					"$(DEVELOPER_FRAMEWORKS_DIR)",
				);
				GCC_PRECOMPILE_PREFIX_HEADER = YES;
				GCC_PREFIX_HEADER = "ShadowRun/ShadowRun-Prefix.pch";
				INFOPLIST_FILE = "ShadowRunTests/ShadowRunTests-Info.plist";
				PRODUCT_NAME = "$(TARGET_NAME)";
				TEST_HOST = "$(BUNDLE_LOADER)";
				WRAPPER_EXTENSION = xctest;
			};
			name = Release;
		};
/* End XCBuildConfiguration section */

/* Begin XCConfigurationList section */
		AB4B4FDB17EE41C80046E546 /* Build configuration list for PBXProject "ShadowRun" */ = {
			isa = XCConfigurationList;
			buildConfigurations = (
				AB4B500A17EE41C90046E546 /* Debug */,
				AB4B500B17EE41C90046E546 /* Release */,
			);
			defaultConfigurationIsVisible = 0;
			defaultConfigurationName = Release;
		};
		AB4B500C17EE41C90046E546 /* Build configuration list for PBXNativeTarget "ShadowRun" */ = {
			isa = XCConfigurationList;
			buildConfigurations = (
				AB4B500D17EE41C90046E546 /* Debug */,
				AB4B500E17EE41C90046E546 /* Release */,
			);
			defaultConfigurationIsVisible = 0;
		};
		AB4B500F17EE41C90046E546 /* Build configuration list for PBXNativeTarget "ShadowRunTests" */ = {
			isa = XCConfigurationList;
			buildConfigurations = (
				AB4B501017EE41C90046E546 /* Debug */,
				AB4B501117EE41C90046E546 /* Release */,
			);
			defaultConfigurationIsVisible = 0;
		};
/* End XCConfigurationList section */
	};
	rootObject = AB4B4FD817EE41C80046E546 /* Project object */;
}
