// !$*UTF8*$!
{
	archiveVersion = 1;
	classes = {
	};
	objectVersion = 46;
	objects = {

/* Begin PBXBuildFile section */
		AB1AEAB518B6CEAA003AB73D /* GoogleWeatherAPI.m in Sources */ = {isa = PBXBuildFile; fileRef = AB1AEAB418B6CEAA003AB73D /* GoogleWeatherAPI.m */; };
		AB242E80184A32B700026204 /* Help.png in Resources */ = {isa = PBXBuildFile; fileRef = AB242E7E184A32B700026204 /* Help.png */; };
		AB242E81184A32B700026204 /* Help@2x.png in Resources */ = {isa = PBXBuildFile; fileRef = AB242E7F184A32B700026204 /* Help@2x.png */; };
		AB3337A7187DDF8800F6A8CC /* ILTranslucentView.m in Sources */ = {isa = PBXBuildFile; fileRef = AB3337A6187DDF8800F6A8CC /* ILTranslucentView.m */; };
		AB4B4FE417EE41C80046E546 /* Foundation.framework in Frameworks */ = {isa = PBXBuildFile; fileRef = AB4B4FE317EE41C80046E546 /* Foundation.framework */; };
		AB4B4FE617EE41C80046E546 /* CoreGraphics.framework in Frameworks */ = {isa = PBXBuildFile; fileRef = AB4B4FE517EE41C80046E546 /* CoreGraphics.framework */; };
		AB4B4FE817EE41C80046E546 /* UIKit.framework in Frameworks */ = {isa = PBXBuildFile; fileRef = AB4B4FE717EE41C80046E546 /* UIKit.framework */; };
		AB4B4FEE17EE41C80046E546 /* InfoPlist.strings in Resources */ = {isa = PBXBuildFile; fileRef = AB4B4FEC17EE41C80046E546 /* InfoPlist.strings */; };
		AB4B4FF017EE41C80046E546 /* main.m in Sources */ = {isa = PBXBuildFile; fileRef = AB4B4FEF17EE41C80046E546 /* main.m */; };
		AB4B4FF417EE41C80046E546 /* ShadowRunAppDelegate.m in Sources */ = {isa = PBXBuildFile; fileRef = AB4B4FF317EE41C80046E546 /* ShadowRunAppDelegate.m */; };
		AB4B4FF617EE41C80046E546 /* Images.xcassets in Resources */ = {isa = PBXBuildFile; fileRef = AB4B4FF517EE41C80046E546 /* Images.xcassets */; };
		AB4B4FFD17EE41C90046E546 /* XCTest.framework in Frameworks */ = {isa = PBXBuildFile; fileRef = AB4B4FFC17EE41C90046E546 /* XCTest.framework */; };
		AB4B4FFE17EE41C90046E546 /* Foundation.framework in Frameworks */ = {isa = PBXBuildFile; fileRef = AB4B4FE317EE41C80046E546 /* Foundation.framework */; };
		AB4B4FFF17EE41C90046E546 /* UIKit.framework in Frameworks */ = {isa = PBXBuildFile; fileRef = AB4B4FE717EE41C80046E546 /* UIKit.framework */; };
		AB4B500717EE41C90046E546 /* InfoPlist.strings in Resources */ = {isa = PBXBuildFile; fileRef = AB4B500517EE41C90046E546 /* InfoPlist.strings */; };
		AB4B500917EE41C90046E546 /* ShadowRunTests.m in Sources */ = {isa = PBXBuildFile; fileRef = AB4B500817EE41C90046E546 /* ShadowRunTests.m */; };
		AB4B501A17EE44820046E546 /* ShadowRunStore.m in Sources */ = {isa = PBXBuildFile; fileRef = AB4B501817EE44820046E546 /* ShadowRunStore.m */; };
		AB4B501E17EE44A50046E546 /* RunTypePicker.m in Sources */ = {isa = PBXBuildFile; fileRef = AB4B501D17EE44A50046E546 /* RunTypePicker.m */; };
		AB4B502217EE44D00046E546 /* ShadowRunItemCell.m in Sources */ = {isa = PBXBuildFile; fileRef = AB4B502017EE44D00046E546 /* ShadowRunItemCell.m */; };
		AB4B502317EE44D00046E546 /* ShadowRunItemCell.xib in Resources */ = {isa = PBXBuildFile; fileRef = AB4B502117EE44D00046E546 /* ShadowRunItemCell.xib */; };
		AB4B502517EE44E70046E546 /* CoreData.framework in Frameworks */ = {isa = PBXBuildFile; fileRef = AB4B502417EE44E70046E546 /* CoreData.framework */; };
		AB4B502817EE44FB0046E546 /* ShadowRun.xcdatamodeld in Sources */ = {isa = PBXBuildFile; fileRef = AB4B502617EE44FB0046E546 /* ShadowRun.xcdatamodeld */; };
		AB4B502B17EE457D0046E546 /* ShadowRun.m in Sources */ = {isa = PBXBuildFile; fileRef = AB4B502A17EE457D0046E546 /* ShadowRun.m */; };
		AB4B502E17EE46030046E546 /* ShadowRunViewController.m in Sources */ = {isa = PBXBuildFile; fileRef = AB4B502D17EE46030046E546 /* ShadowRunViewController.m */; };
		AB4B503017EE77510046E546 /* Settings.bundle in Resources */ = {isa = PBXBuildFile; fileRef = AB4B502F17EE77510046E546 /* Settings.bundle */; };
		AB4B503417EE78010046E546 /* Lopez-4.jpg in Resources */ = {isa = PBXBuildFile; fileRef = AB4B503117EE78010046E546 /* Lopez-4.jpg */; };
		AB4B503517EE78010046E546 /* Run.png in Resources */ = {isa = PBXBuildFile; fileRef = AB4B503217EE78010046E546 /* Run.png */; };
		AB4B503617EE78010046E546 /* Run@2x.png in Resources */ = {isa = PBXBuildFile; fileRef = AB4B503317EE78010046E546 /* Run@2x.png */; };
		AB8F12E918AEAD7300A51AAF /* ShadowClocksViewController.m in Sources */ = {isa = PBXBuildFile; fileRef = AB8F12E718AEAD7300A51AAF /* ShadowClocksViewController.m */; };
		AB8F12EA18AEAD7300A51AAF /* ShadowClocksViewController~5.xib in Resources */ = {isa = PBXBuildFile; fileRef = AB8F12E818AEAD7300A51AAF /* ShadowClocksViewController~5.xib */; };
		AB9CDBB4184915ED00EC7E8B /* Alarm@2x.png in Resources */ = {isa = PBXBuildFile; fileRef = AB9CDBB0184915ED00EC7E8B /* Alarm@2x.png */; };
		AB9CDBB5184915ED00EC7E8B /* AlarmCheck@2x.png in Resources */ = {isa = PBXBuildFile; fileRef = AB9CDBB1184915ED00EC7E8B /* AlarmCheck@2x.png */; };
		AB9CDBB6184915ED00EC7E8B /* AlarmOff@2x.png in Resources */ = {isa = PBXBuildFile; fileRef = AB9CDBB2184915ED00EC7E8B /* AlarmOff@2x.png */; };
		AB9CDBB7184915ED00EC7E8B /* AlarmOn@2x.png in Resources */ = {isa = PBXBuildFile; fileRef = AB9CDBB3184915ED00EC7E8B /* AlarmOn@2x.png */; };
		AB9CDBBC1849160900EC7E8B /* AlarmViewController.m in Sources */ = {isa = PBXBuildFile; fileRef = AB9CDBBA1849160900EC7E8B /* AlarmViewController.m */; };
		AB9CDBBD1849160900EC7E8B /* AlarmViewController~5.xib in Resources */ = {isa = PBXBuildFile; fileRef = AB9CDBBB1849160900EC7E8B /* AlarmViewController~5.xib */; };
		AB9CDBBF1849179000EC7E8B /* Alarm.aiff in Resources */ = {isa = PBXBuildFile; fileRef = AB9CDBBE1849179000EC7E8B /* Alarm.aiff */; };
		AB9CDBC41849185B00EC7E8B /* Alarm.png in Resources */ = {isa = PBXBuildFile; fileRef = AB9CDBC01849185B00EC7E8B /* Alarm.png */; };
		AB9CDBC51849185B00EC7E8B /* AlarmCheck.png in Resources */ = {isa = PBXBuildFile; fileRef = AB9CDBC11849185B00EC7E8B /* AlarmCheck.png */; };
		AB9CDBC61849185B00EC7E8B /* AlarmOff.png in Resources */ = {isa = PBXBuildFile; fileRef = AB9CDBC21849185B00EC7E8B /* AlarmOff.png */; };
		AB9CDBC71849185B00EC7E8B /* AlarmOn.png in Resources */ = {isa = PBXBuildFile; fileRef = AB9CDBC31849185B00EC7E8B /* AlarmOn.png */; };
		AB9CDBC91849199300EC7E8B /* AlarmViewController~4.xib in Resources */ = {isa = PBXBuildFile; fileRef = AB9CDBC81849199300EC7E8B /* AlarmViewController~4.xib */; };
		AB9CDBCC184942EE00EC7E8B /* Settings.png in Resources */ = {isa = PBXBuildFile; fileRef = AB9CDBCA184942EE00EC7E8B /* Settings.png */; };
		AB9CDBCD184942EE00EC7E8B /* Settings@2x.png in Resources */ = {isa = PBXBuildFile; fileRef = AB9CDBCB184942EE00EC7E8B /* Settings@2x.png */; };
		AB9CDBD21849438400EC7E8B /* SettingsViewController.m in Sources */ = {isa = PBXBuildFile; fileRef = AB9CDBD01849438400EC7E8B /* SettingsViewController.m */; };
		AB9CDBD31849438400EC7E8B /* SettingsViewController~5.xib in Resources */ = {isa = PBXBuildFile; fileRef = AB9CDBD11849438400EC7E8B /* SettingsViewController~5.xib */; };
		AB9CDBD7184946A900EC7E8B /* SettingsViewController~4.xib in Resources */ = {isa = PBXBuildFile; fileRef = AB9CDBD6184946A900EC7E8B /* SettingsViewController~4.xib */; };
		AB9CDBDA18494E4800EC7E8B /* ShadowRunTabBarViewController.m in Sources */ = {isa = PBXBuildFile; fileRef = AB9CDBD918494E4800EC7E8B /* ShadowRunTabBarViewController.m */; };
		AB9CDBDD18495CF200EC7E8B /* ShadowRuns.png in Resources */ = {isa = PBXBuildFile; fileRef = AB9CDBDB18495CF200EC7E8B /* ShadowRuns.png */; };
		AB9CDBDE18495CF200EC7E8B /* ShadowRuns@2x.png in Resources */ = {isa = PBXBuildFile; fileRef = AB9CDBDC18495CF200EC7E8B /* ShadowRuns@2x.png */; };
		ABA15783187B4F630050D5D7 /* NotesViewController.m in Sources */ = {isa = PBXBuildFile; fileRef = ABA15781187B4F630050D5D7 /* NotesViewController.m */; };
		ABA15784187B4F630050D5D7 /* NotesViewController~5.xib in Resources */ = {isa = PBXBuildFile; fileRef = ABA15782187B4F630050D5D7 /* NotesViewController~5.xib */; };
		ABA15786187B500D0050D5D7 /* NotesViewController~4.xib in Resources */ = {isa = PBXBuildFile; fileRef = ABA15785187B500D0050D5D7 /* NotesViewController~4.xib */; };
		ABA6661017EE7CB70002081D /* DetailViewController.m in Sources */ = {isa = PBXBuildFile; fileRef = ABA6660E17EE7CB70002081D /* DetailViewController.m */; };
		ABA6661117EE7CB70002081D /* DetailViewController~5.xib in Resources */ = {isa = PBXBuildFile; fileRef = ABA6660F17EE7CB70002081D /* DetailViewController~5.xib */; };
		ABA6661317EE7CE10002081D /* DetailViewController~4.xib in Resources */ = {isa = PBXBuildFile; fileRef = ABA6661217EE7CE10002081D /* DetailViewController~4.xib */; };
		ABABC25E187F6E5C002996DB /* Lopez-4~5.png in Resources */ = {isa = PBXBuildFile; fileRef = ABABC25D187F6E5C002996DB /* Lopez-4~5.png */; };
		ABAFD5F218AEE29B009BAC58 /* ShadowClocksViewController~4.xib in Resources */ = {isa = PBXBuildFile; fileRef = ABAFD5F118AEE29B009BAC58 /* ShadowClocksViewController~4.xib */; };
		ABB017AC1857E8BF000277AE /* AlarmLengthViewController.m in Sources */ = {isa = PBXBuildFile; fileRef = ABB017AA1857E8BF000277AE /* AlarmLengthViewController.m */; };
		ABB017AD1857E8BF000277AE /* AlarmLengthViewController~5.xib in Resources */ = {isa = PBXBuildFile; fileRef = ABB017AB1857E8BF000277AE /* AlarmLengthViewController~5.xib */; };
		ABB017AF1857E8D4000277AE /* AlarmLengthViewController~4.xib in Resources */ = {isa = PBXBuildFile; fileRef = ABB017AE1857E8D4000277AE /* AlarmLengthViewController~4.xib */; };
		ABBED8AA18304EA9001FADF3 /* Localized.strings in Resources */ = {isa = PBXBuildFile; fileRef = ABBED8AC18304EA9001FADF3 /* Localized.strings */; };
		ABBED8AE18304ED7001FADF3 /* StopwatchViewController~4.xib in Resources */ = {isa = PBXBuildFile; fileRef = ABBED8B018304ED7001FADF3 /* StopwatchViewController~4.xib */; };
		ABBED8B218304F96001FADF3 /* StopwatchViewController~5.xib in Resources */ = {isa = PBXBuildFile; fileRef = ABBED8B418304F96001FADF3 /* StopwatchViewController~5.xib */; };
		ABC489A517F24FF3007DD51A /* DetailViewController~4NewRun.xib in Resources */ = {isa = PBXBuildFile; fileRef = ABC489A417F24FF3007DD51A /* DetailViewController~4NewRun.xib */; };
		ABC489A717F24FFD007DD51A /* DetailViewController~5NewRun.xib in Resources */ = {isa = PBXBuildFile; fileRef = ABC489A617F24FFD007DD51A /* DetailViewController~5NewRun.xib */; };
		ABC489AC17F25738007DD51A /* StopwatchViewController.m in Sources */ = {isa = PBXBuildFile; fileRef = ABC489AA17F25738007DD51A /* StopwatchViewController.m */; };
		ABC489B217F25A07007DD51A /* Time.png in Resources */ = {isa = PBXBuildFile; fileRef = ABC489B017F25A07007DD51A /* Time.png */; };
		ABC489B317F25A07007DD51A /* Time@2x.png in Resources */ = {isa = PBXBuildFile; fileRef = ABC489B117F25A07007DD51A /* Time@2x.png */; };
		ABC489B817F263AA007DD51A /* MusicViewController.m in Sources */ = {isa = PBXBuildFile; fileRef = ABC489B617F263AA007DD51A /* MusicViewController.m */; };
		ABC489B917F263AA007DD51A /* MusicViewController~5.xib in Resources */ = {isa = PBXBuildFile; fileRef = ABC489B717F263AA007DD51A /* MusicViewController~5.xib */; };
		ABC489BB17F263BD007DD51A /* MusicViewController~4.xib in Resources */ = {isa = PBXBuildFile; fileRef = ABC489BA17F263BD007DD51A /* MusicViewController~4.xib */; };
		ABC489BD17F26403007DD51A /* MediaPlayer.framework in Frameworks */ = {isa = PBXBuildFile; fileRef = ABC489BC17F26403007DD51A /* MediaPlayer.framework */; };
		ABC489CD17F2646A007DD51A /* noArtwork.jpg in Resources */ = {isa = PBXBuildFile; fileRef = ABC489BF17F2646A007DD51A /* noArtwork.jpg */; };
		ABC489CE17F2646A007DD51A /* Film.png in Resources */ = {isa = PBXBuildFile; fileRef = ABC489C017F2646A007DD51A /* Film.png */; };
		ABC489CF17F2646A007DD51A /* mic.png in Resources */ = {isa = PBXBuildFile; fileRef = ABC489C117F2646A007DD51A /* mic.png */; };
		ABC489D017F2646A007DD51A /* mic@2x.png in Resources */ = {isa = PBXBuildFile; fileRef = ABC489C217F2646A007DD51A /* mic@2x.png */; };
		ABC489D117F2646A007DD51A /* mic_24.png in Resources */ = {isa = PBXBuildFile; fileRef = ABC489C317F2646A007DD51A /* mic_24.png */; };
		ABC489D217F2646A007DD51A /* mic_48.png in Resources */ = {isa = PBXBuildFile; fileRef = ABC489C417F2646A007DD51A /* mic_48.png */; };
		ABC489D317F2646A007DD51A /* mic_64.png in Resources */ = {isa = PBXBuildFile; fileRef = ABC489C517F2646A007DD51A /* mic_64.png */; };
		ABC489D417F2646A007DD51A /* video_forward_64.png in Resources */ = {isa = PBXBuildFile; fileRef = ABC489C617F2646A007DD51A /* video_forward_64.png */; };
		ABC489D517F2646A007DD51A /* video_pause_64.png in Resources */ = {isa = PBXBuildFile; fileRef = ABC489C717F2646A007DD51A /* video_pause_64.png */; };
		ABC489D617F2646A007DD51A /* video_play_64.png in Resources */ = {isa = PBXBuildFile; fileRef = ABC489C817F2646A007DD51A /* video_play_64.png */; };
		ABC489D717F2646A007DD51A /* video_rewind_64.png in Resources */ = {isa = PBXBuildFile; fileRef = ABC489C917F2646A007DD51A /* video_rewind_64.png */; };
		ABC489D817F2646A007DD51A /* volume_down_64.png in Resources */ = {isa = PBXBuildFile; fileRef = ABC489CA17F2646A007DD51A /* volume_down_64.png */; };
		ABC489D917F2646A007DD51A /* volume_up_64.png in Resources */ = {isa = PBXBuildFile; fileRef = ABC489CB17F2646A007DD51A /* volume_up_64.png */; };
		ABC489DA17F2646A007DD51A /* speaker_64.png in Resources */ = {isa = PBXBuildFile; fileRef = ABC489CC17F2646A007DD51A /* speaker_64.png */; };
		ABC62D4E17F26CD000227A3D /* CreditsHelpViewController.m in Sources */ = {isa = PBXBuildFile; fileRef = ABC62D4C17F26CD000227A3D /* CreditsHelpViewController.m */; };
		ABC62D4F17F26CD000227A3D /* CreditsHelpViewController~5.xib in Resources */ = {isa = PBXBuildFile; fileRef = ABC62D4D17F26CD000227A3D /* CreditsHelpViewController~5.xib */; };
		ABC62D5117F26CFC00227A3D /* CreditsHelpViewController~4.xib in Resources */ = {isa = PBXBuildFile; fileRef = ABC62D5017F26CFC00227A3D /* CreditsHelpViewController~4.xib */; };
		ABC62D5417F26F1E00227A3D /* Credits.png in Resources */ = {isa = PBXBuildFile; fileRef = ABC62D5217F26F1E00227A3D /* Credits.png */; };
		ABC62D5517F26F1E00227A3D /* Credits@2x.png in Resources */ = {isa = PBXBuildFile; fileRef = ABC62D5317F26F1E00227A3D /* Credits@2x.png */; };
		ABC62D5717F2708A00227A3D /* EULAViewController.xib in Resources */ = {isa = PBXBuildFile; fileRef = ABC62D5617F2708A00227A3D /* EULAViewController.xib */; };
		ABC62D5A17F2709600227A3D /* EULAViewController.m in Sources */ = {isa = PBXBuildFile; fileRef = ABC62D5917F2709600227A3D /* EULAViewController.m */; };
		ABC62D5E17F270AD00227A3D /* TOSViewController.m in Sources */ = {isa = PBXBuildFile; fileRef = ABC62D5C17F270AD00227A3D /* TOSViewController.m */; };
		ABC62D5F17F270AD00227A3D /* TOSViewController.xib in Resources */ = {isa = PBXBuildFile; fileRef = ABC62D5D17F270AD00227A3D /* TOSViewController.xib */; };
		ABD758BA188706F100F022FD /* UINavigationController+KeyboardDismiss.m in Sources */ = {isa = PBXBuildFile; fileRef = ABD758B9188706F100F022FD /* UINavigationController+KeyboardDismiss.m */; };
		ABE00E1B187384CC00663E54 /* iAd.framework in Frameworks */ = {isa = PBXBuildFile; fileRef = ABE00E1A187384CB00663E54 /* iAd.framework */; };
/* End PBXBuildFile section */

/* Begin PBXContainerItemProxy section */
		AB4B500017EE41C90046E546 /* PBXContainerItemProxy */ = {
			isa = PBXContainerItemProxy;
			containerPortal = AB4B4FD817EE41C80046E546 /* Project object */;
			proxyType = 1;
			remoteGlobalIDString = AB4B4FDF17EE41C80046E546;
			remoteInfo = ShadowRun;
		};
/* End PBXContainerItemProxy section */

/* Begin PBXFileReference section */
		AB1AEAB318B6CEAA003AB73D /* GoogleWeatherAPI.h */ = {isa = PBXFileReference; fileEncoding = 4; lastKnownFileType = sourcecode.c.h; path = GoogleWeatherAPI.h; sourceTree = "<group>"; };
		AB1AEAB418B6CEAA003AB73D /* GoogleWeatherAPI.m */ = {isa = PBXFileReference; fileEncoding = 4; lastKnownFileType = sourcecode.c.objc; path = GoogleWeatherAPI.m; sourceTree = "<group>"; };
		AB242E7E184A32B700026204 /* Help.png */ = {isa = PBXFileReference; lastKnownFileType = image.png; path = Help.png; sourceTree = "<group>"; };
		AB242E7F184A32B700026204 /* Help@2x.png */ = {isa = PBXFileReference; lastKnownFileType = image.png; path = "Help@2x.png"; sourceTree = "<group>"; };
		AB3337A5187DDF8800F6A8CC /* ILTranslucentView.h */ = {isa = PBXFileReference; fileEncoding = 4; lastKnownFileType = sourcecode.c.h; path = ILTranslucentView.h; sourceTree = "<group>"; };
		AB3337A6187DDF8800F6A8CC /* ILTranslucentView.m */ = {isa = PBXFileReference; fileEncoding = 4; lastKnownFileType = sourcecode.c.objc; path = ILTranslucentView.m; sourceTree = "<group>"; };
		AB4B4FE017EE41C80046E546 /* ShadowRun.app */ = {isa = PBXFileReference; explicitFileType = wrapper.application; includeInIndex = 0; path = ShadowRun.app; sourceTree = BUILT_PRODUCTS_DIR; };
		AB4B4FE317EE41C80046E546 /* Foundation.framework */ = {isa = PBXFileReference; lastKnownFileType = wrapper.framework; name = Foundation.framework; path = System/Library/Frameworks/Foundation.framework; sourceTree = SDKROOT; };
		AB4B4FE517EE41C80046E546 /* CoreGraphics.framework */ = {isa = PBXFileReference; lastKnownFileType = wrapper.framework; name = CoreGraphics.framework; path = System/Library/Frameworks/CoreGraphics.framework; sourceTree = SDKROOT; };
		AB4B4FE717EE41C80046E546 /* UIKit.framework */ = {isa = PBXFileReference; lastKnownFileType = wrapper.framework; name = UIKit.framework; path = System/Library/Frameworks/UIKit.framework; sourceTree = SDKROOT; };
		AB4B4FEB17EE41C80046E546 /* ShadowRun-Info.plist */ = {isa = PBXFileReference; lastKnownFileType = text.plist.xml; path = "ShadowRun-Info.plist"; sourceTree = "<group>"; };
		AB4B4FED17EE41C80046E546 /* en */ = {isa = PBXFileReference; lastKnownFileType = text.plist.strings; name = en; path = en.lproj/InfoPlist.strings; sourceTree = "<group>"; };
		AB4B4FEF17EE41C80046E546 /* main.m */ = {isa = PBXFileReference; lastKnownFileType = sourcecode.c.objc; path = main.m; sourceTree = "<group>"; };
		AB4B4FF117EE41C80046E546 /* ShadowRun-Prefix.pch */ = {isa = PBXFileReference; lastKnownFileType = sourcecode.c.h; path = "ShadowRun-Prefix.pch"; sourceTree = "<group>"; };
		AB4B4FF217EE41C80046E546 /* ShadowRunAppDelegate.h */ = {isa = PBXFileReference; lastKnownFileType = sourcecode.c.h; path = ShadowRunAppDelegate.h; sourceTree = "<group>"; };
		AB4B4FF317EE41C80046E546 /* ShadowRunAppDelegate.m */ = {isa = PBXFileReference; lastKnownFileType = sourcecode.c.objc; path = ShadowRunAppDelegate.m; sourceTree = "<group>"; };
		AB4B4FF517EE41C80046E546 /* Images.xcassets */ = {isa = PBXFileReference; lastKnownFileType = folder.assetcatalog; path = Images.xcassets; sourceTree = "<group>"; };
		AB4B4FFB17EE41C90046E546 /* ShadowRunTests.xctest */ = {isa = PBXFileReference; explicitFileType = wrapper.cfbundle; includeInIndex = 0; path = ShadowRunTests.xctest; sourceTree = BUILT_PRODUCTS_DIR; };
		AB4B4FFC17EE41C90046E546 /* XCTest.framework */ = {isa = PBXFileReference; lastKnownFileType = wrapper.framework; name = XCTest.framework; path = Library/Frameworks/XCTest.framework; sourceTree = DEVELOPER_DIR; };
		AB4B500417EE41C90046E546 /* ShadowRunTests-Info.plist */ = {isa = PBXFileReference; lastKnownFileType = text.plist.xml; path = "ShadowRunTests-Info.plist"; sourceTree = "<group>"; };
		AB4B500617EE41C90046E546 /* en */ = {isa = PBXFileReference; lastKnownFileType = text.plist.strings; name = en; path = en.lproj/InfoPlist.strings; sourceTree = "<group>"; };
		AB4B500817EE41C90046E546 /* ShadowRunTests.m */ = {isa = PBXFileReference; lastKnownFileType = sourcecode.c.objc; path = ShadowRunTests.m; sourceTree = "<group>"; };
		AB4B501717EE44820046E546 /* ShadowRunStore.h */ = {isa = PBXFileReference; fileEncoding = 4; lastKnownFileType = sourcecode.c.h; path = ShadowRunStore.h; sourceTree = "<group>"; };
		AB4B501817EE44820046E546 /* ShadowRunStore.m */ = {isa = PBXFileReference; fileEncoding = 4; lastKnownFileType = sourcecode.c.objc; path = ShadowRunStore.m; sourceTree = "<group>"; };
		AB4B501C17EE44A50046E546 /* RunTypePicker.h */ = {isa = PBXFileReference; fileEncoding = 4; lastKnownFileType = sourcecode.c.h; path = RunTypePicker.h; sourceTree = "<group>"; };
		AB4B501D17EE44A50046E546 /* RunTypePicker.m */ = {isa = PBXFileReference; fileEncoding = 4; lastKnownFileType = sourcecode.c.objc; path = RunTypePicker.m; sourceTree = "<group>"; };
		AB4B501F17EE44D00046E546 /* ShadowRunItemCell.h */ = {isa = PBXFileReference; fileEncoding = 4; lastKnownFileType = sourcecode.c.h; path = ShadowRunItemCell.h; sourceTree = "<group>"; };
		AB4B502017EE44D00046E546 /* ShadowRunItemCell.m */ = {isa = PBXFileReference; fileEncoding = 4; lastKnownFileType = sourcecode.c.objc; path = ShadowRunItemCell.m; sourceTree = "<group>"; };
		AB4B502117EE44D00046E546 /* ShadowRunItemCell.xib */ = {isa = PBXFileReference; fileEncoding = 4; lastKnownFileType = file.xib; path = ShadowRunItemCell.xib; sourceTree = "<group>"; };
		AB4B502417EE44E70046E546 /* CoreData.framework */ = {isa = PBXFileReference; lastKnownFileType = wrapper.framework; name = CoreData.framework; path = System/Library/Frameworks/CoreData.framework; sourceTree = SDKROOT; };
		AB4B502717EE44FB0046E546 /* ShadowRun.xcdatamodel */ = {isa = PBXFileReference; lastKnownFileType = wrapper.xcdatamodel; path = ShadowRun.xcdatamodel; sourceTree = "<group>"; };
		AB4B502917EE457D0046E546 /* ShadowRun.h */ = {isa = PBXFileReference; fileEncoding = 4; lastKnownFileType = sourcecode.c.h; path = ShadowRun.h; sourceTree = "<group>"; };
		AB4B502A17EE457D0046E546 /* ShadowRun.m */ = {isa = PBXFileReference; fileEncoding = 4; lastKnownFileType = sourcecode.c.objc; path = ShadowRun.m; sourceTree = "<group>"; };
		AB4B502C17EE46030046E546 /* ShadowRunViewController.h */ = {isa = PBXFileReference; fileEncoding = 4; lastKnownFileType = sourcecode.c.h; path = ShadowRunViewController.h; sourceTree = "<group>"; };
		AB4B502D17EE46030046E546 /* ShadowRunViewController.m */ = {isa = PBXFileReference; fileEncoding = 4; lastKnownFileType = sourcecode.c.objc; path = ShadowRunViewController.m; sourceTree = "<group>"; };
		AB4B502F17EE77510046E546 /* Settings.bundle */ = {isa = PBXFileReference; lastKnownFileType = "wrapper.plug-in"; path = Settings.bundle; sourceTree = "<group>"; };
		AB4B503117EE78010046E546 /* Lopez-4.jpg */ = {isa = PBXFileReference; lastKnownFileType = image.jpeg; path = "Lopez-4.jpg"; sourceTree = "<group>"; };
		AB4B503217EE78010046E546 /* Run.png */ = {isa = PBXFileReference; lastKnownFileType = image.png; path = Run.png; sourceTree = "<group>"; };
		AB4B503317EE78010046E546 /* Run@2x.png */ = {isa = PBXFileReference; lastKnownFileType = image.png; path = "Run@2x.png"; sourceTree = "<group>"; };
		AB8F12E618AEAD7300A51AAF /* ShadowClocksViewController.h */ = {isa = PBXFileReference; fileEncoding = 4; lastKnownFileType = sourcecode.c.h; path = ShadowClocksViewController.h; sourceTree = "<group>"; };
		AB8F12E718AEAD7300A51AAF /* ShadowClocksViewController.m */ = {isa = PBXFileReference; fileEncoding = 4; lastKnownFileType = sourcecode.c.objc; path = ShadowClocksViewController.m; sourceTree = "<group>"; };
		AB8F12E818AEAD7300A51AAF /* ShadowClocksViewController~5.xib */ = {isa = PBXFileReference; fileEncoding = 4; lastKnownFileType = file.xib; path = "ShadowClocksViewController~5.xib"; sourceTree = "<group>"; };
		AB9CDBB0184915ED00EC7E8B /* Alarm@2x.png */ = {isa = PBXFileReference; lastKnownFileType = image.png; path = "Alarm@2x.png"; sourceTree = "<group>"; };
		AB9CDBB1184915ED00EC7E8B /* AlarmCheck@2x.png */ = {isa = PBXFileReference; lastKnownFileType = image.png; path = "AlarmCheck@2x.png"; sourceTree = "<group>"; };
		AB9CDBB2184915ED00EC7E8B /* AlarmOff@2x.png */ = {isa = PBXFileReference; lastKnownFileType = image.png; path = "AlarmOff@2x.png"; sourceTree = "<group>"; };
		AB9CDBB3184915ED00EC7E8B /* AlarmOn@2x.png */ = {isa = PBXFileReference; lastKnownFileType = image.png; path = "AlarmOn@2x.png"; sourceTree = "<group>"; };
		AB9CDBB91849160900EC7E8B /* AlarmViewController.h */ = {isa = PBXFileReference; fileEncoding = 4; lastKnownFileType = sourcecode.c.h; path = AlarmViewController.h; sourceTree = "<group>"; };
		AB9CDBBA1849160900EC7E8B /* AlarmViewController.m */ = {isa = PBXFileReference; fileEncoding = 4; lastKnownFileType = sourcecode.c.objc; path = AlarmViewController.m; sourceTree = "<group>"; };
		AB9CDBBB1849160900EC7E8B /* AlarmViewController~5.xib */ = {isa = PBXFileReference; fileEncoding = 4; lastKnownFileType = file.xib; path = "AlarmViewController~5.xib"; sourceTree = "<group>"; };
		AB9CDBBE1849179000EC7E8B /* Alarm.aiff */ = {isa = PBXFileReference; lastKnownFileType = audio.aiff; path = Alarm.aiff; sourceTree = "<group>"; };
		AB9CDBC01849185B00EC7E8B /* Alarm.png */ = {isa = PBXFileReference; lastKnownFileType = image.png; path = Alarm.png; sourceTree = "<group>"; };
		AB9CDBC11849185B00EC7E8B /* AlarmCheck.png */ = {isa = PBXFileReference; lastKnownFileType = image.png; path = AlarmCheck.png; sourceTree = "<group>"; };
		AB9CDBC21849185B00EC7E8B /* AlarmOff.png */ = {isa = PBXFileReference; lastKnownFileType = image.png; path = AlarmOff.png; sourceTree = "<group>"; };
		AB9CDBC31849185B00EC7E8B /* AlarmOn.png */ = {isa = PBXFileReference; lastKnownFileType = image.png; path = AlarmOn.png; sourceTree = "<group>"; };
		AB9CDBC81849199300EC7E8B /* AlarmViewController~4.xib */ = {isa = PBXFileReference; fileEncoding = 4; lastKnownFileType = file.xib; path = "AlarmViewController~4.xib"; sourceTree = "<group>"; };
		AB9CDBCA184942EE00EC7E8B /* Settings.png */ = {isa = PBXFileReference; lastKnownFileType = image.png; path = Settings.png; sourceTree = "<group>"; };
		AB9CDBCB184942EE00EC7E8B /* Settings@2x.png */ = {isa = PBXFileReference; lastKnownFileType = image.png; path = "Settings@2x.png"; sourceTree = "<group>"; };
		AB9CDBCF1849438400EC7E8B /* SettingsViewController.h */ = {isa = PBXFileReference; fileEncoding = 4; lastKnownFileType = sourcecode.c.h; path = SettingsViewController.h; sourceTree = "<group>"; };
		AB9CDBD01849438400EC7E8B /* SettingsViewController.m */ = {isa = PBXFileReference; fileEncoding = 4; lastKnownFileType = sourcecode.c.objc; path = SettingsViewController.m; sourceTree = "<group>"; };
		AB9CDBD11849438400EC7E8B /* SettingsViewController~5.xib */ = {isa = PBXFileReference; fileEncoding = 4; lastKnownFileType = file.xib; path = "SettingsViewController~5.xib"; sourceTree = "<group>"; };
		AB9CDBD6184946A900EC7E8B /* SettingsViewController~4.xib */ = {isa = PBXFileReference; fileEncoding = 4; lastKnownFileType = file.xib; path = "SettingsViewController~4.xib"; sourceTree = "<group>"; };
		AB9CDBD818494E4800EC7E8B /* ShadowRunTabBarViewController.h */ = {isa = PBXFileReference; fileEncoding = 4; lastKnownFileType = sourcecode.c.h; path = ShadowRunTabBarViewController.h; sourceTree = "<group>"; };
		AB9CDBD918494E4800EC7E8B /* ShadowRunTabBarViewController.m */ = {isa = PBXFileReference; fileEncoding = 4; lastKnownFileType = sourcecode.c.objc; path = ShadowRunTabBarViewController.m; sourceTree = "<group>"; };
		AB9CDBDB18495CF200EC7E8B /* ShadowRuns.png */ = {isa = PBXFileReference; lastKnownFileType = image.png; path = ShadowRuns.png; sourceTree = "<group>"; };
		AB9CDBDC18495CF200EC7E8B /* ShadowRuns@2x.png */ = {isa = PBXFileReference; lastKnownFileType = image.png; path = "ShadowRuns@2x.png"; sourceTree = "<group>"; };
		AB9FA22318B00AC400370CFB /* ShadowRun 1.0.1.xcdatamodel */ = {isa = PBXFileReference; lastKnownFileType = wrapper.xcdatamodel; path = "ShadowRun 1.0.1.xcdatamodel"; sourceTree = "<group>"; };
		ABA15780187B4F630050D5D7 /* NotesViewController.h */ = {isa = PBXFileReference; fileEncoding = 4; lastKnownFileType = sourcecode.c.h; path = NotesViewController.h; sourceTree = "<group>"; };
		ABA15781187B4F630050D5D7 /* NotesViewController.m */ = {isa = PBXFileReference; fileEncoding = 4; lastKnownFileType = sourcecode.c.objc; path = NotesViewController.m; sourceTree = "<group>"; };
		ABA15782187B4F630050D5D7 /* NotesViewController~5.xib */ = {isa = PBXFileReference; fileEncoding = 4; lastKnownFileType = file.xib; path = "NotesViewController~5.xib"; sourceTree = "<group>"; };
		ABA15785187B500D0050D5D7 /* NotesViewController~4.xib */ = {isa = PBXFileReference; fileEncoding = 4; lastKnownFileType = file.xib; path = "NotesViewController~4.xib"; sourceTree = "<group>"; };
		ABA6660D17EE7CB70002081D /* DetailViewController.h */ = {isa = PBXFileReference; fileEncoding = 4; lastKnownFileType = sourcecode.c.h; path = DetailViewController.h; sourceTree = "<group>"; };
		ABA6660E17EE7CB70002081D /* DetailViewController.m */ = {isa = PBXFileReference; fileEncoding = 4; lastKnownFileType = sourcecode.c.objc; path = DetailViewController.m; sourceTree = "<group>"; };
		ABA6660F17EE7CB70002081D /* DetailViewController~5.xib */ = {isa = PBXFileReference; fileEncoding = 4; lastKnownFileType = file.xib; path = "DetailViewController~5.xib"; sourceTree = "<group>"; };
		ABA6661217EE7CE10002081D /* DetailViewController~4.xib */ = {isa = PBXFileReference; fileEncoding = 4; lastKnownFileType = file.xib; path = "DetailViewController~4.xib"; sourceTree = "<group>"; };
		ABABC25D187F6E5C002996DB /* Lopez-4~5.png */ = {isa = PBXFileReference; lastKnownFileType = image.png; path = "Lopez-4~5.png"; sourceTree = "<group>"; };
		ABAFD5F118AEE29B009BAC58 /* ShadowClocksViewController~4.xib */ = {isa = PBXFileReference; fileEncoding = 4; lastKnownFileType = file.xib; path = "ShadowClocksViewController~4.xib"; sourceTree = "<group>"; };
		ABB017A91857E8BF000277AE /* AlarmLengthViewController.h */ = {isa = PBXFileReference; fileEncoding = 4; lastKnownFileType = sourcecode.c.h; path = AlarmLengthViewController.h; sourceTree = "<group>"; };
		ABB017AA1857E8BF000277AE /* AlarmLengthViewController.m */ = {isa = PBXFileReference; fileEncoding = 4; lastKnownFileType = sourcecode.c.objc; path = AlarmLengthViewController.m; sourceTree = "<group>"; };
		ABB017AB1857E8BF000277AE /* AlarmLengthViewController~5.xib */ = {isa = PBXFileReference; fileEncoding = 4; lastKnownFileType = file.xib; path = "AlarmLengthViewController~5.xib"; sourceTree = "<group>"; };
		ABB017AE1857E8D4000277AE /* AlarmLengthViewController~4.xib */ = {isa = PBXFileReference; fileEncoding = 4; lastKnownFileType = file.xib; path = "AlarmLengthViewController~4.xib"; sourceTree = "<group>"; };
		ABBE9F0D18B56EA10023A44C /* ShadowRun 1.0.xcdatamodel */ = {isa = PBXFileReference; lastKnownFileType = wrapper.xcdatamodel; path = "ShadowRun 1.0.xcdatamodel"; sourceTree = "<group>"; };
		ABBED8AB18304EA9001FADF3 /* en */ = {isa = PBXFileReference; lastKnownFileType = text.plist.strings; name = en; path = en.lproj/Localized.strings; sourceTree = "<group>"; };
		ABBED8AF18304ED7001FADF3 /* en */ = {isa = PBXFileReference; lastKnownFileType = file.xib; name = en; path = "en.lproj/StopwatchViewController~4.xib"; sourceTree = "<group>"; };
		ABBED8B318304F96001FADF3 /* en */ = {isa = PBXFileReference; lastKnownFileType = file.xib; name = en; path = "en.lproj/StopwatchViewController~5.xib"; sourceTree = "<group>"; };
		ABC489A417F24FF3007DD51A /* DetailViewController~4NewRun.xib */ = {isa = PBXFileReference; fileEncoding = 4; lastKnownFileType = file.xib; path = "DetailViewController~4NewRun.xib"; sourceTree = "<group>"; };
		ABC489A617F24FFD007DD51A /* DetailViewController~5NewRun.xib */ = {isa = PBXFileReference; fileEncoding = 4; lastKnownFileType = file.xib; path = "DetailViewController~5NewRun.xib"; sourceTree = "<group>"; };
		ABC489A917F25738007DD51A /* StopwatchViewController.h */ = {isa = PBXFileReference; fileEncoding = 4; lastKnownFileType = sourcecode.c.h; path = StopwatchViewController.h; sourceTree = "<group>"; };
		ABC489AA17F25738007DD51A /* StopwatchViewController.m */ = {isa = PBXFileReference; fileEncoding = 4; lastKnownFileType = sourcecode.c.objc; path = StopwatchViewController.m; sourceTree = "<group>"; };
		ABC489B017F25A07007DD51A /* Time.png */ = {isa = PBXFileReference; lastKnownFileType = image.png; path = Time.png; sourceTree = "<group>"; };
		ABC489B117F25A07007DD51A /* Time@2x.png */ = {isa = PBXFileReference; lastKnownFileType = image.png; path = "Time@2x.png"; sourceTree = "<group>"; };
		ABC489B517F263AA007DD51A /* MusicViewController.h */ = {isa = PBXFileReference; fileEncoding = 4; lastKnownFileType = sourcecode.c.h; path = MusicViewController.h; sourceTree = "<group>"; };
		ABC489B617F263AA007DD51A /* MusicViewController.m */ = {isa = PBXFileReference; fileEncoding = 4; lastKnownFileType = sourcecode.c.objc; path = MusicViewController.m; sourceTree = "<group>"; };
		ABC489B717F263AA007DD51A /* MusicViewController~5.xib */ = {isa = PBXFileReference; fileEncoding = 4; lastKnownFileType = file.xib; path = "MusicViewController~5.xib"; sourceTree = "<group>"; };
		ABC489BA17F263BD007DD51A /* MusicViewController~4.xib */ = {isa = PBXFileReference; fileEncoding = 4; lastKnownFileType = file.xib; path = "MusicViewController~4.xib"; sourceTree = "<group>"; };
		ABC489BC17F26403007DD51A /* MediaPlayer.framework */ = {isa = PBXFileReference; lastKnownFileType = wrapper.framework; name = MediaPlayer.framework; path = System/Library/Frameworks/MediaPlayer.framework; sourceTree = SDKROOT; };
		ABC489BF17F2646A007DD51A /* noArtwork.jpg */ = {isa = PBXFileReference; lastKnownFileType = image.jpeg; path = noArtwork.jpg; sourceTree = "<group>"; };
		ABC489C017F2646A007DD51A /* Film.png */ = {isa = PBXFileReference; lastKnownFileType = image.png; path = Film.png; sourceTree = "<group>"; };
		ABC489C117F2646A007DD51A /* mic.png */ = {isa = PBXFileReference; lastKnownFileType = image.png; path = mic.png; sourceTree = "<group>"; };
		ABC489C217F2646A007DD51A /* mic@2x.png */ = {isa = PBXFileReference; lastKnownFileType = image.png; path = "mic@2x.png"; sourceTree = "<group>"; };
		ABC489C317F2646A007DD51A /* mic_24.png */ = {isa = PBXFileReference; lastKnownFileType = image.png; path = mic_24.png; sourceTree = "<group>"; };
		ABC489C417F2646A007DD51A /* mic_48.png */ = {isa = PBXFileReference; lastKnownFileType = image.png; path = mic_48.png; sourceTree = "<group>"; };
		ABC489C517F2646A007DD51A /* mic_64.png */ = {isa = PBXFileReference; lastKnownFileType = image.png; path = mic_64.png; sourceTree = "<group>"; };
		ABC489C617F2646A007DD51A /* video_forward_64.png */ = {isa = PBXFileReference; lastKnownFileType = image.png; path = video_forward_64.png; sourceTree = "<group>"; };
		ABC489C717F2646A007DD51A /* video_pause_64.png */ = {isa = PBXFileReference; lastKnownFileType = image.png; path = video_pause_64.png; sourceTree = "<group>"; };
		ABC489C817F2646A007DD51A /* video_play_64.png */ = {isa = PBXFileReference; lastKnownFileType = image.png; path = video_play_64.png; sourceTree = "<group>"; };
		ABC489C917F2646A007DD51A /* video_rewind_64.png */ = {isa = PBXFileReference; lastKnownFileType = image.png; path = video_rewind_64.png; sourceTree = "<group>"; };
		ABC489CA17F2646A007DD51A /* volume_down_64.png */ = {isa = PBXFileReference; lastKnownFileType = image.png; path = volume_down_64.png; sourceTree = "<group>"; };
		ABC489CB17F2646A007DD51A /* volume_up_64.png */ = {isa = PBXFileReference; lastKnownFileType = image.png; path = volume_up_64.png; sourceTree = "<group>"; };
		ABC489CC17F2646A007DD51A /* speaker_64.png */ = {isa = PBXFileReference; lastKnownFileType = image.png; path = speaker_64.png; sourceTree = "<group>"; };
		ABC62D4B17F26CD000227A3D /* CreditsHelpViewController.h */ = {isa = PBXFileReference; fileEncoding = 4; lastKnownFileType = sourcecode.c.h; path = CreditsHelpViewController.h; sourceTree = "<group>"; };
		ABC62D4C17F26CD000227A3D /* CreditsHelpViewController.m */ = {isa = PBXFileReference; fileEncoding = 4; lastKnownFileType = sourcecode.c.objc; path = CreditsHelpViewController.m; sourceTree = "<group>"; };
		ABC62D4D17F26CD000227A3D /* CreditsHelpViewController~5.xib */ = {isa = PBXFileReference; fileEncoding = 4; lastKnownFileType = file.xib; path = "CreditsHelpViewController~5.xib"; sourceTree = "<group>"; };
		ABC62D5017F26CFC00227A3D /* CreditsHelpViewController~4.xib */ = {isa = PBXFileReference; fileEncoding = 4; lastKnownFileType = file.xib; path = "CreditsHelpViewController~4.xib"; sourceTree = "<group>"; };
		ABC62D5217F26F1E00227A3D /* Credits.png */ = {isa = PBXFileReference; lastKnownFileType = image.png; path = Credits.png; sourceTree = "<group>"; };
		ABC62D5317F26F1E00227A3D /* Credits@2x.png */ = {isa = PBXFileReference; lastKnownFileType = image.png; path = "Credits@2x.png"; sourceTree = "<group>"; };
		ABC62D5617F2708A00227A3D /* EULAViewController.xib */ = {isa = PBXFileReference; fileEncoding = 4; lastKnownFileType = file.xib; path = EULAViewController.xib; sourceTree = "<group>"; };
		ABC62D5817F2709600227A3D /* EULAViewController.h */ = {isa = PBXFileReference; fileEncoding = 4; lastKnownFileType = sourcecode.c.h; path = EULAViewController.h; sourceTree = "<group>"; };
		ABC62D5917F2709600227A3D /* EULAViewController.m */ = {isa = PBXFileReference; fileEncoding = 4; lastKnownFileType = sourcecode.c.objc; path = EULAViewController.m; sourceTree = "<group>"; };
		ABC62D5B17F270AD00227A3D /* TOSViewController.h */ = {isa = PBXFileReference; fileEncoding = 4; lastKnownFileType = sourcecode.c.h; path = TOSViewController.h; sourceTree = "<group>"; };
		ABC62D5C17F270AD00227A3D /* TOSViewController.m */ = {isa = PBXFileReference; fileEncoding = 4; lastKnownFileType = sourcecode.c.objc; path = TOSViewController.m; sourceTree = "<group>"; };
		ABC62D5D17F270AD00227A3D /* TOSViewController.xib */ = {isa = PBXFileReference; fileEncoding = 4; lastKnownFileType = file.xib; path = TOSViewController.xib; sourceTree = "<group>"; };
		ABD758B8188706F100F022FD /* UINavigationController+KeyboardDismiss.h */ = {isa = PBXFileReference; fileEncoding = 4; lastKnownFileType = sourcecode.c.h; path = "UINavigationController+KeyboardDismiss.h"; sourceTree = "<group>"; };
		ABD758B9188706F100F022FD /* UINavigationController+KeyboardDismiss.m */ = {isa = PBXFileReference; fileEncoding = 4; lastKnownFileType = sourcecode.c.objc; path = "UINavigationController+KeyboardDismiss.m"; sourceTree = "<group>"; };
		ABE00E1A187384CB00663E54 /* iAd.framework */ = {isa = PBXFileReference; lastKnownFileType = wrapper.framework; name = iAd.framework; path = System/Library/Frameworks/iAd.framework; sourceTree = SDKROOT; };
		ABFEB10B18771FDD00FE6F6E /* TestFlight.h */ = {isa = PBXFileReference; fileEncoding = 4; lastKnownFileType = sourcecode.c.h; name = TestFlight.h; path = "../../../../../../Desktop/TestFlight SDK/TestFlightSDK2.1.3/TestFlight.h"; sourceTree = "<group>"; };
		ABFEB10C18771FDD00FE6F6E /* TestFlight+AsyncLogging.h */ = {isa = PBXFileReference; fileEncoding = 4; lastKnownFileType = sourcecode.c.h; name = "TestFlight+AsyncLogging.h"; path = "../../../../../../Desktop/TestFlight SDK/TestFlightSDK2.1.3/TestFlight+AsyncLogging.h"; sourceTree = "<group>"; };
		ABFEB10D18771FDD00FE6F6E /* TestFlight+ManualSessions.h */ = {isa = PBXFileReference; fileEncoding = 4; lastKnownFileType = sourcecode.c.h; name = "TestFlight+ManualSessions.h"; path = "../../../../../../Desktop/TestFlight SDK/TestFlightSDK2.1.3/TestFlight+ManualSessions.h"; sourceTree = "<group>"; };
		ABFEB10E18771FF100FE6F6E /* libTestFlight.a */ = {isa = PBXFileReference; lastKnownFileType = archive.ar; name = libTestFlight.a; path = "../../../../../Desktop/TestFlight SDK/TestFlightSDK2.1.3/libTestFlight.a"; sourceTree = "<group>"; };
/* End PBXFileReference section */

/* Begin PBXFrameworksBuildPhase section */
		AB4B4FDD17EE41C80046E546 /* Frameworks */ = {
			isa = PBXFrameworksBuildPhase;
			buildActionMask = 2147483647;
			files = (
				ABE00E1B187384CC00663E54 /* iAd.framework in Frameworks */,
				ABC489BD17F26403007DD51A /* MediaPlayer.framework in Frameworks */,
				AB4B502517EE44E70046E546 /* CoreData.framework in Frameworks */,
				AB4B4FE617EE41C80046E546 /* CoreGraphics.framework in Frameworks */,
				AB4B4FE817EE41C80046E546 /* UIKit.framework in Frameworks */,
				AB4B4FE417EE41C80046E546 /* Foundation.framework in Frameworks */,
			);
			runOnlyForDeploymentPostprocessing = 0;
		};
		AB4B4FF817EE41C90046E546 /* Frameworks */ = {
			isa = PBXFrameworksBuildPhase;
			buildActionMask = 2147483647;
			files = (
				AB4B4FFD17EE41C90046E546 /* XCTest.framework in Frameworks */,
				AB4B4FFF17EE41C90046E546 /* UIKit.framework in Frameworks */,
				AB4B4FFE17EE41C90046E546 /* Foundation.framework in Frameworks */,
			);
			runOnlyForDeploymentPostprocessing = 0;
		};
/* End PBXFrameworksBuildPhase section */

/* Begin PBXGroup section */
		AB1AEAB218B6CE40003AB73D /* Google Weather API */ = {
			isa = PBXGroup;
			children = (
				AB1AEAB318B6CEAA003AB73D /* GoogleWeatherAPI.h */,
				AB1AEAB418B6CEAA003AB73D /* GoogleWeatherAPI.m */,
			);
			name = "Google Weather API";
			sourceTree = "<group>";
		};
		AB2C959017F60C97003CBF51 /* ShadowIntervals */ = {
			isa = PBXGroup;
			children = (
			);
			name = ShadowIntervals;
			sourceTree = "<group>";
		};
		AB3337A4187DDF6300F6A8CC /* Other Headers/Methods */ = {
			isa = PBXGroup;
			children = (
				AB3337A5187DDF8800F6A8CC /* ILTranslucentView.h */,
				AB3337A6187DDF8800F6A8CC /* ILTranslucentView.m */,
			);
			name = "Other Headers/Methods";
			sourceTree = "<group>";
		};
		AB4B4FD717EE41C80046E546 = {
			isa = PBXGroup;
			children = (
				AB4B4FE917EE41C80046E546 /* ShadowRun */,
				AB4B500217EE41C90046E546 /* ShadowRunTests */,
				AB4B4FE217EE41C80046E546 /* Frameworks */,
				AB4B4FE117EE41C80046E546 /* Products */,
			);
			sourceTree = "<group>";
		};
		AB4B4FE117EE41C80046E546 /* Products */ = {
			isa = PBXGroup;
			children = (
				AB4B4FE017EE41C80046E546 /* ShadowRun.app */,
				AB4B4FFB17EE41C90046E546 /* ShadowRunTests.xctest */,
			);
			name = Products;
			sourceTree = "<group>";
		};
		AB4B4FE217EE41C80046E546 /* Frameworks */ = {
			isa = PBXGroup;
			children = (
				ABFEB10E18771FF100FE6F6E /* libTestFlight.a */,
				ABE00E1A187384CB00663E54 /* iAd.framework */,
				ABC489BC17F26403007DD51A /* MediaPlayer.framework */,
				AB4B502417EE44E70046E546 /* CoreData.framework */,
				AB4B4FE317EE41C80046E546 /* Foundation.framework */,
				AB4B4FE517EE41C80046E546 /* CoreGraphics.framework */,
				AB4B4FE717EE41C80046E546 /* UIKit.framework */,
				AB4B4FFC17EE41C90046E546 /* XCTest.framework */,
			);
			name = Frameworks;
			sourceTree = "<group>";
		};
		AB4B4FE917EE41C80046E546 /* ShadowRun */ = {
			isa = PBXGroup;
			children = (
				AB4B4FF217EE41C80046E546 /* ShadowRunAppDelegate.h */,
				AB4B4FF317EE41C80046E546 /* ShadowRunAppDelegate.m */,
				AB9CDBD818494E4800EC7E8B /* ShadowRunTabBarViewController.h */,
				AB9CDBD918494E4800EC7E8B /* ShadowRunTabBarViewController.m */,
				ABBED8AC18304EA9001FADF3 /* Localized.strings */,
				AB4B502617EE44FB0046E546 /* ShadowRun.xcdatamodeld */,
				AB4B4FF517EE41C80046E546 /* Images.xcassets */,
				AB4B502F17EE77510046E546 /* Settings.bundle */,
				AB4B501217EE446A0046E546 /* ShadowRun */,
				AB3337A4187DDF6300F6A8CC /* Other Headers/Methods */,
				AB4B4FEA17EE41C80046E546 /* Supporting Files */,
			);
			path = ShadowRun;
			sourceTree = "<group>";
		};
		AB4B4FEA17EE41C80046E546 /* Supporting Files */ = {
			isa = PBXGroup;
			children = (
				ABC489BE17F2645D007DD51A /* Music */,
				AB4B4FEB17EE41C80046E546 /* ShadowRun-Info.plist */,
				AB4B4FEC17EE41C80046E546 /* InfoPlist.strings */,
				AB4B4FEF17EE41C80046E546 /* main.m */,
				AB4B4FF117EE41C80046E546 /* ShadowRun-Prefix.pch */,
				ABC62D5217F26F1E00227A3D /* Credits.png */,
				ABC62D5317F26F1E00227A3D /* Credits@2x.png */,
				ABABC25D187F6E5C002996DB /* Lopez-4~5.png */,
				AB4B503117EE78010046E546 /* Lopez-4.jpg */,
				AB9CDBDB18495CF200EC7E8B /* ShadowRuns.png */,
				AB9CDBDC18495CF200EC7E8B /* ShadowRuns@2x.png */,
				AB4B503217EE78010046E546 /* Run.png */,
				AB4B503317EE78010046E546 /* Run@2x.png */,
				ABC489B017F25A07007DD51A /* Time.png */,
				ABC489B117F25A07007DD51A /* Time@2x.png */,
				AB9CDBC01849185B00EC7E8B /* Alarm.png */,
				AB9CDBB0184915ED00EC7E8B /* Alarm@2x.png */,
				AB9CDBC11849185B00EC7E8B /* AlarmCheck.png */,
				AB9CDBB1184915ED00EC7E8B /* AlarmCheck@2x.png */,
				AB9CDBC21849185B00EC7E8B /* AlarmOff.png */,
				AB9CDBB2184915ED00EC7E8B /* AlarmOff@2x.png */,
				AB9CDBC31849185B00EC7E8B /* AlarmOn.png */,
				AB9CDBB3184915ED00EC7E8B /* AlarmOn@2x.png */,
				AB9CDBBE1849179000EC7E8B /* Alarm.aiff */,
				AB9CDBCA184942EE00EC7E8B /* Settings.png */,
				AB9CDBCB184942EE00EC7E8B /* Settings@2x.png */,
				AB242E7E184A32B700026204 /* Help.png */,
				AB242E7F184A32B700026204 /* Help@2x.png */,
			);
			name = "Supporting Files";
			sourceTree = "<group>";
		};
		AB4B500217EE41C90046E546 /* ShadowRunTests */ = {
			isa = PBXGroup;
			children = (
				AB4B500817EE41C90046E546 /* ShadowRunTests.m */,
				AB4B500317EE41C90046E546 /* Supporting Files */,
			);
			path = ShadowRunTests;
			sourceTree = "<group>";
		};
		AB4B500317EE41C90046E546 /* Supporting Files */ = {
			isa = PBXGroup;
			children = (
				AB4B500417EE41C90046E546 /* ShadowRunTests-Info.plist */,
				AB4B500517EE41C90046E546 /* InfoPlist.strings */,
			);
			name = "Supporting Files";
			sourceTree = "<group>";
		};
		AB4B501217EE446A0046E546 /* ShadowRun */ = {
			isa = PBXGroup;
			children = (
				AB1AEAB218B6CE40003AB73D /* Google Weather API */,
				ABFEB10A18771FC800FE6F6E /* TestFlight SDK */,
				AB9CDBCE1849434000EC7E8B /* Settings/Help */,
				AB2C959017F60C97003CBF51 /* ShadowIntervals */,
				ABC62D4A17F26CBA00227A3D /* TOS and EULA */,
				ABC489B417F26397007DD51A /* ShadowMusic */,
				ABC489A817F2571D007DD51A /* ShadowWatch/Shadow Alarm */,
				AB4B501B17EE448B0046E546 /* ShadowRun TableView/VC */,
				AB4B501317EE44710046E546 /* Stores */,
			);
			name = ShadowRun;
			sourceTree = "<group>";
		};
		AB4B501317EE44710046E546 /* Stores */ = {
			isa = PBXGroup;
			children = (
				AB4B501417EE44750046E546 /* ShadowRun Store */,
			);
			name = Stores;
			sourceTree = "<group>";
		};
		AB4B501417EE44750046E546 /* ShadowRun Store */ = {
			isa = PBXGroup;
			children = (
				AB4B502917EE457D0046E546 /* ShadowRun.h */,
				AB4B502A17EE457D0046E546 /* ShadowRun.m */,
				AB4B501717EE44820046E546 /* ShadowRunStore.h */,
				AB4B501817EE44820046E546 /* ShadowRunStore.m */,
			);
			name = "ShadowRun Store";
			sourceTree = "<group>";
		};
		AB4B501B17EE448B0046E546 /* ShadowRun TableView/VC */ = {
			isa = PBXGroup;
			children = (
				ABA6660D17EE7CB70002081D /* DetailViewController.h */,
				ABA6660E17EE7CB70002081D /* DetailViewController.m */,
				ABC489A417F24FF3007DD51A /* DetailViewController~4NewRun.xib */,
				ABC489A617F24FFD007DD51A /* DetailViewController~5NewRun.xib */,
				ABA6660F17EE7CB70002081D /* DetailViewController~5.xib */,
				ABA6661217EE7CE10002081D /* DetailViewController~4.xib */,
				ABA15780187B4F630050D5D7 /* NotesViewController.h */,
				ABA15781187B4F630050D5D7 /* NotesViewController.m */,
				ABA15782187B4F630050D5D7 /* NotesViewController~5.xib */,
				ABA15785187B500D0050D5D7 /* NotesViewController~4.xib */,
				AB4B501C17EE44A50046E546 /* RunTypePicker.h */,
				AB4B501D17EE44A50046E546 /* RunTypePicker.m */,
				AB4B501F17EE44D00046E546 /* ShadowRunItemCell.h */,
				AB4B502017EE44D00046E546 /* ShadowRunItemCell.m */,
				AB4B502117EE44D00046E546 /* ShadowRunItemCell.xib */,
				AB4B502C17EE46030046E546 /* ShadowRunViewController.h */,
				AB4B502D17EE46030046E546 /* ShadowRunViewController.m */,
				ABD758B8188706F100F022FD /* UINavigationController+KeyboardDismiss.h */,
				ABD758B9188706F100F022FD /* UINavigationController+KeyboardDismiss.m */,
			);
			name = "ShadowRun TableView/VC";
			sourceTree = "<group>";
		};
		AB8F12E518AEAD4800A51AAF /* ShadowWatch VC */ = {
			isa = PBXGroup;
			children = (
				ABC489A917F25738007DD51A /* StopwatchViewController.h */,
				ABC489AA17F25738007DD51A /* StopwatchViewController.m */,
				ABBED8B018304ED7001FADF3 /* StopwatchViewController~4.xib */,
				ABBED8B418304F96001FADF3 /* StopwatchViewController~5.xib */,
			);
			name = "ShadowWatch VC";
			sourceTree = "<group>";
		};
		AB9CDBB8184915F400EC7E8B /* ShadowAlarm */ = {
			isa = PBXGroup;
			children = (
				AB9CDBB91849160900EC7E8B /* AlarmViewController.h */,
				AB9CDBBA1849160900EC7E8B /* AlarmViewController.m */,
				AB9CDBC81849199300EC7E8B /* AlarmViewController~4.xib */,
				AB9CDBBB1849160900EC7E8B /* AlarmViewController~5.xib */,
				ABB017A91857E8BF000277AE /* AlarmLengthViewController.h */,
				ABB017AA1857E8BF000277AE /* AlarmLengthViewController.m */,
				ABB017AE1857E8D4000277AE /* AlarmLengthViewController~4.xib */,
				ABB017AB1857E8BF000277AE /* AlarmLengthViewController~5.xib */,
			);
			name = ShadowAlarm;
			sourceTree = "<group>";
		};
		AB9CDBCE1849434000EC7E8B /* Settings/Help */ = {
			isa = PBXGroup;
			children = (
				AB9CDBCF1849438400EC7E8B /* SettingsViewController.h */,
				AB9CDBD01849438400EC7E8B /* SettingsViewController.m */,
				AB9CDBD6184946A900EC7E8B /* SettingsViewController~4.xib */,
				AB9CDBD11849438400EC7E8B /* SettingsViewController~5.xib */,
			);
			name = Settings/Help;
			sourceTree = "<group>";
		};
		ABC489A817F2571D007DD51A /* ShadowWatch/Shadow Alarm */ = {
			isa = PBXGroup;
			children = (
				AB8F12E518AEAD4800A51AAF /* ShadowWatch VC */,
				AB9CDBB8184915F400EC7E8B /* ShadowAlarm */,
				AB8F12E618AEAD7300A51AAF /* ShadowClocksViewController.h */,
				AB8F12E718AEAD7300A51AAF /* ShadowClocksViewController.m */,
				AB8F12E818AEAD7300A51AAF /* ShadowClocksViewController~5.xib */,
				ABAFD5F118AEE29B009BAC58 /* ShadowClocksViewController~4.xib */,
			);
			name = "ShadowWatch/Shadow Alarm";
			sourceTree = "<group>";
		};
		ABC489B417F26397007DD51A /* ShadowMusic */ = {
			isa = PBXGroup;
			children = (
				ABC489B517F263AA007DD51A /* MusicViewController.h */,
				ABC489B617F263AA007DD51A /* MusicViewController.m */,
				ABC489B717F263AA007DD51A /* MusicViewController~5.xib */,
				ABC489BA17F263BD007DD51A /* MusicViewController~4.xib */,
			);
			name = ShadowMusic;
			sourceTree = "<group>";
		};
		ABC489BE17F2645D007DD51A /* Music */ = {
			isa = PBXGroup;
			children = (
				ABC489BF17F2646A007DD51A /* noArtwork.jpg */,
				ABC489C017F2646A007DD51A /* Film.png */,
				ABC489C117F2646A007DD51A /* mic.png */,
				ABC489C217F2646A007DD51A /* mic@2x.png */,
				ABC489C317F2646A007DD51A /* mic_24.png */,
				ABC489C417F2646A007DD51A /* mic_48.png */,
				ABC489C517F2646A007DD51A /* mic_64.png */,
				ABC489C617F2646A007DD51A /* video_forward_64.png */,
				ABC489C717F2646A007DD51A /* video_pause_64.png */,
				ABC489C817F2646A007DD51A /* video_play_64.png */,
				ABC489C917F2646A007DD51A /* video_rewind_64.png */,
				ABC489CA17F2646A007DD51A /* volume_down_64.png */,
				ABC489CB17F2646A007DD51A /* volume_up_64.png */,
				ABC489CC17F2646A007DD51A /* speaker_64.png */,
			);
			name = Music;
			sourceTree = "<group>";
		};
		ABC62D4A17F26CBA00227A3D /* TOS and EULA */ = {
			isa = PBXGroup;
			children = (
				ABC62D4B17F26CD000227A3D /* CreditsHelpViewController.h */,
				ABC62D4C17F26CD000227A3D /* CreditsHelpViewController.m */,
				ABC62D4D17F26CD000227A3D /* CreditsHelpViewController~5.xib */,
				ABC62D5017F26CFC00227A3D /* CreditsHelpViewController~4.xib */,
				ABC62D5817F2709600227A3D /* EULAViewController.h */,
				ABC62D5917F2709600227A3D /* EULAViewController.m */,
				ABC62D5617F2708A00227A3D /* EULAViewController.xib */,
				ABC62D5B17F270AD00227A3D /* TOSViewController.h */,
				ABC62D5C17F270AD00227A3D /* TOSViewController.m */,
				ABC62D5D17F270AD00227A3D /* TOSViewController.xib */,
			);
			name = "TOS and EULA";
			sourceTree = "<group>";
		};
		ABFEB10A18771FC800FE6F6E /* TestFlight SDK */ = {
			isa = PBXGroup;
			children = (
				ABFEB10B18771FDD00FE6F6E /* TestFlight.h */,
				ABFEB10C18771FDD00FE6F6E /* TestFlight+AsyncLogging.h */,
				ABFEB10D18771FDD00FE6F6E /* TestFlight+ManualSessions.h */,
			);
			name = "TestFlight SDK";
			sourceTree = "<group>";
		};
/* End PBXGroup section */

/* Begin PBXNativeTarget section */
		AB4B4FDF17EE41C80046E546 /* ShadowRun */ = {
			isa = PBXNativeTarget;
			buildConfigurationList = AB4B500C17EE41C90046E546 /* Build configuration list for PBXNativeTarget "ShadowRun" */;
			buildPhases = (
				AB4B4FDC17EE41C80046E546 /* Sources */,
				AB4B4FDD17EE41C80046E546 /* Frameworks */,
				AB4B4FDE17EE41C80046E546 /* Resources */,
			);
			buildRules = (
			);
			dependencies = (
			);
			name = ShadowRun;
			productName = ShadowRun;
			productReference = AB4B4FE017EE41C80046E546 /* ShadowRun.app */;
			productType = "com.apple.product-type.application";
		};
		AB4B4FFA17EE41C90046E546 /* ShadowRunTests */ = {
			isa = PBXNativeTarget;
			buildConfigurationList = AB4B500F17EE41C90046E546 /* Build configuration list for PBXNativeTarget "ShadowRunTests" */;
			buildPhases = (
				AB4B4FF717EE41C90046E546 /* Sources */,
				AB4B4FF817EE41C90046E546 /* Frameworks */,
				AB4B4FF917EE41C90046E546 /* Resources */,
			);
			buildRules = (
			);
			dependencies = (
				AB4B500117EE41C90046E546 /* PBXTargetDependency */,
			);
			name = ShadowRunTests;
			productName = ShadowRunTests;
			productReference = AB4B4FFB17EE41C90046E546 /* ShadowRunTests.xctest */;
			productType = "com.apple.product-type.bundle.unit-test";
		};
/* End PBXNativeTarget section */

/* Begin PBXProject section */
		AB4B4FD817EE41C80046E546 /* Project object */ = {
			isa = PBXProject;
			attributes = {
				CLASSPREFIX = ShadowRun;
				LastUpgradeCheck = 0500;
				ORGANIZATIONNAME = ShadowPress;
				TargetAttributes = {
					AB4B4FDF17EE41C80046E546 = {
						DevelopmentTeam = P5B237A769;
					};
					AB4B4FFA17EE41C90046E546 = {
						TestTargetID = AB4B4FDF17EE41C80046E546;
					};
				};
			};
			buildConfigurationList = AB4B4FDB17EE41C80046E546 /* Build configuration list for PBXProject "ShadowRun" */;
			compatibilityVersion = "Xcode 3.2";
			developmentRegion = English;
			hasScannedForEncodings = 0;
			knownRegions = (
				en,
				fr,
			);
			mainGroup = AB4B4FD717EE41C80046E546;
			productRefGroup = AB4B4FE117EE41C80046E546 /* Products */;
			projectDirPath = "";
			projectRoot = "";
			targets = (
				AB4B4FDF17EE41C80046E546 /* ShadowRun */,
				AB4B4FFA17EE41C90046E546 /* ShadowRunTests */,
			);
		};
/* End PBXProject section */

/* Begin PBXResourcesBuildPhase section */
		AB4B4FDE17EE41C80046E546 /* Resources */ = {
			isa = PBXResourcesBuildPhase;
			buildActionMask = 2147483647;
			files = (
				AB9CDBC51849185B00EC7E8B /* AlarmCheck.png in Resources */,
				ABBED8B218304F96001FADF3 /* StopwatchViewController~5.xib in Resources */,
				AB242E80184A32B700026204 /* Help.png in Resources */,
				ABC489D017F2646A007DD51A /* mic@2x.png in Resources */,
				ABC489D917F2646A007DD51A /* volume_up_64.png in Resources */,
				ABC489A717F24FFD007DD51A /* DetailViewController~5NewRun.xib in Resources */,
				ABABC25E187F6E5C002996DB /* Lopez-4~5.png in Resources */,
				ABC489D617F2646A007DD51A /* video_play_64.png in Resources */,
				ABC489B217F25A07007DD51A /* Time.png in Resources */,
				ABC489A517F24FF3007DD51A /* DetailViewController~4NewRun.xib in Resources */,
				ABC489B317F25A07007DD51A /* Time@2x.png in Resources */,
				AB9CDBDE18495CF200EC7E8B /* ShadowRuns@2x.png in Resources */,
				AB9CDBD7184946A900EC7E8B /* SettingsViewController~4.xib in Resources */,
				ABC489D417F2646A007DD51A /* video_forward_64.png in Resources */,
				ABAFD5F218AEE29B009BAC58 /* ShadowClocksViewController~4.xib in Resources */,
				AB4B503017EE77510046E546 /* Settings.bundle in Resources */,
				AB9CDBB7184915ED00EC7E8B /* AlarmOn@2x.png in Resources */,
				AB9CDBB4184915ED00EC7E8B /* Alarm@2x.png in Resources */,
				ABC489D317F2646A007DD51A /* mic_64.png in Resources */,
				AB4B4FEE17EE41C80046E546 /* InfoPlist.strings in Resources */,
				ABC489D217F2646A007DD51A /* mic_48.png in Resources */,
				ABC62D5117F26CFC00227A3D /* CreditsHelpViewController~4.xib in Resources */,
				AB4B503417EE78010046E546 /* Lopez-4.jpg in Resources */,
				ABA15786187B500D0050D5D7 /* NotesViewController~4.xib in Resources */,
				AB9CDBCD184942EE00EC7E8B /* Settings@2x.png in Resources */,
				ABB017AD1857E8BF000277AE /* AlarmLengthViewController~5.xib in Resources */,
				ABC489B917F263AA007DD51A /* MusicViewController~5.xib in Resources */,
				ABA6661317EE7CE10002081D /* DetailViewController~4.xib in Resources */,
				ABC62D5517F26F1E00227A3D /* Credits@2x.png in Resources */,
				ABC62D4F17F26CD000227A3D /* CreditsHelpViewController~5.xib in Resources */,
				AB9CDBC71849185B00EC7E8B /* AlarmOn.png in Resources */,
				ABB017AF1857E8D4000277AE /* AlarmLengthViewController~4.xib in Resources */,
				AB9CDBBD1849160900EC7E8B /* AlarmViewController~5.xib in Resources */,
				ABC489CE17F2646A007DD51A /* Film.png in Resources */,
				AB9CDBDD18495CF200EC7E8B /* ShadowRuns.png in Resources */,
				ABC489CF17F2646A007DD51A /* mic.png in Resources */,
				ABC489BB17F263BD007DD51A /* MusicViewController~4.xib in Resources */,
				ABA6661117EE7CB70002081D /* DetailViewController~5.xib in Resources */,
				AB9CDBCC184942EE00EC7E8B /* Settings.png in Resources */,
				AB9CDBC61849185B00EC7E8B /* AlarmOff.png in Resources */,
				AB9CDBB5184915ED00EC7E8B /* AlarmCheck@2x.png in Resources */,
				ABC489D517F2646A007DD51A /* video_pause_64.png in Resources */,
				ABC489D117F2646A007DD51A /* mic_24.png in Resources */,
				AB4B503517EE78010046E546 /* Run.png in Resources */,
				AB4B4FF617EE41C80046E546 /* Images.xcassets in Resources */,
				ABBED8AE18304ED7001FADF3 /* StopwatchViewController~4.xib in Resources */,
				ABC489DA17F2646A007DD51A /* speaker_64.png in Resources */,
				ABA15784187B4F630050D5D7 /* NotesViewController~5.xib in Resources */,
				ABC62D5717F2708A00227A3D /* EULAViewController.xib in Resources */,
				AB9CDBD31849438400EC7E8B /* SettingsViewController~5.xib in Resources */,
				AB9CDBB6184915ED00EC7E8B /* AlarmOff@2x.png in Resources */,
				ABBED8AA18304EA9001FADF3 /* Localized.strings in Resources */,
				ABC62D5417F26F1E00227A3D /* Credits.png in Resources */,
				AB4B503617EE78010046E546 /* Run@2x.png in Resources */,
				AB4B502317EE44D00046E546 /* ShadowRunItemCell.xib in Resources */,
				ABC62D5F17F270AD00227A3D /* TOSViewController.xib in Resources */,
				ABC489D717F2646A007DD51A /* video_rewind_64.png in Resources */,
				ABC489D817F2646A007DD51A /* volume_down_64.png in Resources */,
				AB242E81184A32B700026204 /* Help@2x.png in Resources */,
				ABC489CD17F2646A007DD51A /* noArtwork.jpg in Resources */,
				AB8F12EA18AEAD7300A51AAF /* ShadowClocksViewController~5.xib in Resources */,
				AB9CDBC91849199300EC7E8B /* AlarmViewController~4.xib in Resources */,
				AB9CDBC41849185B00EC7E8B /* Alarm.png in Resources */,
				AB9CDBBF1849179000EC7E8B /* Alarm.aiff in Resources */,
			);
			runOnlyForDeploymentPostprocessing = 0;
		};
		AB4B4FF917EE41C90046E546 /* Resources */ = {
			isa = PBXResourcesBuildPhase;
			buildActionMask = 2147483647;
			files = (
				AB4B500717EE41C90046E546 /* InfoPlist.strings in Resources */,
			);
			runOnlyForDeploymentPostprocessing = 0;
		};
/* End PBXResourcesBuildPhase section */

/* Begin PBXSourcesBuildPhase section */
		AB4B4FDC17EE41C80046E546 /* Sources */ = {
			isa = PBXSourcesBuildPhase;
			buildActionMask = 2147483647;
			files = (
				ABC62D4E17F26CD000227A3D /* CreditsHelpViewController.m in Sources */,
				ABC489AC17F25738007DD51A /* StopwatchViewController.m in Sources */,
				AB4B4FF417EE41C80046E546 /* ShadowRunAppDelegate.m in Sources */,
				AB8F12E918AEAD7300A51AAF /* ShadowClocksViewController.m in Sources */,
				AB9CDBD21849438400EC7E8B /* SettingsViewController.m in Sources */,
				AB1AEAB518B6CEAA003AB73D /* GoogleWeatherAPI.m in Sources */,
				ABB017AC1857E8BF000277AE /* AlarmLengthViewController.m in Sources */,
				AB4B4FF017EE41C80046E546 /* main.m in Sources */,
				ABA6661017EE7CB70002081D /* DetailViewController.m in Sources */,
				AB4B501E17EE44A50046E546 /* RunTypePicker.m in Sources */,
				AB9CDBBC1849160900EC7E8B /* AlarmViewController.m in Sources */,
				AB4B502817EE44FB0046E546 /* ShadowRun.xcdatamodeld in Sources */,
				ABC62D5A17F2709600227A3D /* EULAViewController.m in Sources */,
				AB4B502217EE44D00046E546 /* ShadowRunItemCell.m in Sources */,
				AB4B502B17EE457D0046E546 /* ShadowRun.m in Sources */,
				ABC489B817F263AA007DD51A /* MusicViewController.m in Sources */,
				AB4B502E17EE46030046E546 /* ShadowRunViewController.m in Sources */,
				ABA15783187B4F630050D5D7 /* NotesViewController.m in Sources */,
				AB4B501A17EE44820046E546 /* ShadowRunStore.m in Sources */,
				ABD758BA188706F100F022FD /* UINavigationController+KeyboardDismiss.m in Sources */,
				AB3337A7187DDF8800F6A8CC /* ILTranslucentView.m in Sources */,
				ABC62D5E17F270AD00227A3D /* TOSViewController.m in Sources */,
				AB9CDBDA18494E4800EC7E8B /* ShadowRunTabBarViewController.m in Sources */,
			);
			runOnlyForDeploymentPostprocessing = 0;
		};
		AB4B4FF717EE41C90046E546 /* Sources */ = {
			isa = PBXSourcesBuildPhase;
			buildActionMask = 2147483647;
			files = (
				AB4B500917EE41C90046E546 /* ShadowRunTests.m in Sources */,
			);
			runOnlyForDeploymentPostprocessing = 0;
		};
/* End PBXSourcesBuildPhase section */

/* Begin PBXTargetDependency section */
		AB4B500117EE41C90046E546 /* PBXTargetDependency */ = {
			isa = PBXTargetDependency;
			target = AB4B4FDF17EE41C80046E546 /* ShadowRun */;
			targetProxy = AB4B500017EE41C90046E546 /* PBXContainerItemProxy */;
		};
/* End PBXTargetDependency section */

/* Begin PBXVariantGroup section */
		AB4B4FEC17EE41C80046E546 /* InfoPlist.strings */ = {
			isa = PBXVariantGroup;
			children = (
				AB4B4FED17EE41C80046E546 /* en */,
			);
			name = InfoPlist.strings;
			sourceTree = "<group>";
		};
		AB4B500517EE41C90046E546 /* InfoPlist.strings */ = {
			isa = PBXVariantGroup;
			children = (
				AB4B500617EE41C90046E546 /* en */,
			);
			name = InfoPlist.strings;
			sourceTree = "<group>";
		};
		ABBED8AC18304EA9001FADF3 /* Localized.strings */ = {
			isa = PBXVariantGroup;
			children = (
				ABBED8AB18304EA9001FADF3 /* en */,
			);
			name = Localized.strings;
			sourceTree = "<group>";
		};
		ABBED8B018304ED7001FADF3 /* StopwatchViewController~4.xib */ = {
			isa = PBXVariantGroup;
			children = (
				ABBED8AF18304ED7001FADF3 /* en */,
			);
			name = "StopwatchViewController~4.xib";
			sourceTree = "<group>";
		};
		ABBED8B418304F96001FADF3 /* StopwatchViewController~5.xib */ = {
			isa = PBXVariantGroup;
			children = (
				ABBED8B318304F96001FADF3 /* en */,
			);
			name = "StopwatchViewController~5.xib";
			sourceTree = "<group>";
		};
/* End PBXVariantGroup section */

/* Begin XCBuildConfiguration section */
		AB4B500A17EE41C90046E546 /* Debug */ = {
			isa = XCBuildConfiguration;
			buildSettings = {
				ALWAYS_SEARCH_USER_PATHS = NO;
				ARCHS = "$(ARCHS_STANDARD_INCLUDING_64_BIT)";
				CLANG_CXX_LANGUAGE_STANDARD = "gnu++0x";
				CLANG_CXX_LIBRARY = "libc++";
				CLANG_ENABLE_MODULES = YES;
				CLANG_ENABLE_OBJC_ARC = YES;
				CLANG_WARN_BOOL_CONVERSION = YES;
				CLANG_WARN_CONSTANT_CONVERSION = YES;
				CLANG_WARN_DIRECT_OBJC_ISA_USAGE = YES_ERROR;
				CLANG_WARN_EMPTY_BODY = YES;
				CLANG_WARN_ENUM_CONVERSION = YES;
				CLANG_WARN_INT_CONVERSION = YES;
				CLANG_WARN_OBJC_ROOT_CLASS = YES_ERROR;
				CLANG_WARN__DUPLICATE_METHOD_MATCH = YES;
				"CODE_SIGN_IDENTITY[sdk=iphoneos*]" = "iPhone Developer";
				COPY_PHASE_STRIP = NO;
				GCC_C_LANGUAGE_STANDARD = gnu99;
				GCC_DYNAMIC_NO_PIC = NO;
				GCC_OPTIMIZATION_LEVEL = 0;
				GCC_PREPROCESSOR_DEFINITIONS = (
					"DEBUG=1",
					"$(inherited)",
				);
				GCC_SYMBOLS_PRIVATE_EXTERN = NO;
				GCC_WARN_64_TO_32_BIT_CONVERSION = YES;
				GCC_WARN_ABOUT_RETURN_TYPE = YES_ERROR;
				GCC_WARN_UNDECLARED_SELECTOR = YES;
				GCC_WARN_UNINITIALIZED_AUTOS = YES;
				GCC_WARN_UNUSED_FUNCTION = YES;
				GCC_WARN_UNUSED_VARIABLE = YES;
				IPHONEOS_DEPLOYMENT_TARGET = 7.0;
				ONLY_ACTIVE_ARCH = YES;
				SDKROOT = iphoneos;
			};
			name = Debug;
		};
		AB4B500B17EE41C90046E546 /* Release */ = {
			isa = XCBuildConfiguration;
			buildSettings = {
				ALWAYS_SEARCH_USER_PATHS = NO;
				ARCHS = "$(ARCHS_STANDARD_INCLUDING_64_BIT)";
				CLANG_CXX_LANGUAGE_STANDARD = "gnu++0x";
				CLANG_CXX_LIBRARY = "libc++";
				CLANG_ENABLE_MODULES = YES;
				CLANG_ENABLE_OBJC_ARC = YES;
				CLANG_WARN_BOOL_CONVERSION = YES;
				CLANG_WARN_CONSTANT_CONVERSION = YES;
				CLANG_WARN_DIRECT_OBJC_ISA_USAGE = YES_ERROR;
				CLANG_WARN_EMPTY_BODY = YES;
				CLANG_WARN_ENUM_CONVERSION = YES;
				CLANG_WARN_INT_CONVERSION = YES;
				CLANG_WARN_OBJC_ROOT_CLASS = YES_ERROR;
				CLANG_WARN__DUPLICATE_METHOD_MATCH = YES;
				"CODE_SIGN_IDENTITY[sdk=iphoneos*]" = "iPhone Developer";
				COPY_PHASE_STRIP = YES;
				ENABLE_NS_ASSERTIONS = NO;
				GCC_C_LANGUAGE_STANDARD = gnu99;
				GCC_WARN_64_TO_32_BIT_CONVERSION = YES;
				GCC_WARN_ABOUT_RETURN_TYPE = YES_ERROR;
				GCC_WARN_UNDECLARED_SELECTOR = YES;
				GCC_WARN_UNINITIALIZED_AUTOS = YES;
				GCC_WARN_UNUSED_FUNCTION = YES;
				GCC_WARN_UNUSED_VARIABLE = YES;
				IPHONEOS_DEPLOYMENT_TARGET = 7.0;
				SDKROOT = iphoneos;
				VALIDATE_PRODUCT = YES;
			};
			name = Release;
		};
		AB4B500D17EE41C90046E546 /* Debug */ = {
			isa = XCBuildConfiguration;
			buildSettings = {
				ASSETCATALOG_COMPILER_APPICON_NAME = AppIcon;
				ASSETCATALOG_COMPILER_LAUNCHIMAGE_NAME = LaunchImage;
				CODE_SIGN_IDENTITY = "iPhone Developer: Edward Hart (2699J5KRKE)";
				"CODE_SIGN_IDENTITY[sdk=iphoneos7.0]" = "iPhone Developer: Edward Hart (2699J5KRKE)";
				GCC_PRECOMPILE_PREFIX_HEADER = YES;
				GCC_PREFIX_HEADER = "ShadowRun/ShadowRun-Prefix.pch";
				INFOPLIST_FILE = "ShadowRun/ShadowRun-Info.plist";
				LIBRARY_SEARCH_PATHS = (
					"$(inherited)",
					"/Users/jonathan/Desktop/TestFlight\\ SDK/TestFlightSDK2.1.3",
				);
				PRODUCT_NAME = "$(TARGET_NAME)";
				PROVISIONING_PROFILE = "";
				WRAPPER_EXTENSION = app;
			};
			name = Debug;
		};
		AB4B500E17EE41C90046E546 /* Release */ = {
			isa = XCBuildConfiguration;
			buildSettings = {
				ASSETCATALOG_COMPILER_APPICON_NAME = AppIcon;
				ASSETCATALOG_COMPILER_LAUNCHIMAGE_NAME = LaunchImage;
				CODE_SIGN_IDENTITY = "iPhone Developer: Edward Hart (2699J5KRKE)";
				"CODE_SIGN_IDENTITY[sdk=iphoneos7.0]" = "iPhone Developer: Edward Hart (2699J5KRKE)";
				GCC_PRECOMPILE_PREFIX_HEADER = YES;
				GCC_PREFIX_HEADER = "ShadowRun/ShadowRun-Prefix.pch";
				INFOPLIST_FILE = "ShadowRun/ShadowRun-Info.plist";
				LIBRARY_SEARCH_PATHS = (
					"$(inherited)",
					"/Users/jonathan/Desktop/TestFlight\\ SDK/TestFlightSDK2.1.3",
				);
				ONLY_ACTIVE_ARCH = YES;
				PRODUCT_NAME = "$(TARGET_NAME)";
				PROVISIONING_PROFILE = "";
				WRAPPER_EXTENSION = app;
			};
			name = Release;
		};
		AB4B501017EE41C90046E546 /* Debug */ = {
			isa = XCBuildConfiguration;
			buildSettings = {
				ARCHS = "$(ARCHS_STANDARD_INCLUDING_64_BIT)";
				BUNDLE_LOADER = "$(BUILT_PRODUCTS_DIR)/ShadowRun.app/ShadowRun";
				FRAMEWORK_SEARCH_PATHS = (
					"$(SDKROOT)/Developer/Library/Frameworks",
					"$(inherited)",
					"$(DEVELOPER_FRAMEWORKS_DIR)",
				);
				GCC_PRECOMPILE_PREFIX_HEADER = YES;
				GCC_PREFIX_HEADER = "ShadowRun/ShadowRun-Prefix.pch";
				GCC_PREPROCESSOR_DEFINITIONS = (
					"DEBUG=1",
					"$(inherited)",
				);
				INFOPLIST_FILE = "ShadowRunTests/ShadowRunTests-Info.plist";
				PRODUCT_NAME = "$(TARGET_NAME)";
				TEST_HOST = "$(BUNDLE_LOADER)";
				WRAPPER_EXTENSION = xctest;
			};
			name = Debug;
		};
		AB4B501117EE41C90046E546 /* Release */ = {
			isa = XCBuildConfiguration;
			buildSettings = {
				ARCHS = "$(ARCHS_STANDARD_INCLUDING_64_BIT)";
				BUNDLE_LOADER = "$(BUILT_PRODUCTS_DIR)/ShadowRun.app/ShadowRun";
				FRAMEWORK_SEARCH_PATHS = (
					"$(SDKROOT)/Developer/Library/Frameworks",
					"$(inherited)",
					"$(DEVELOPER_FRAMEWORKS_DIR)",
				);
				GCC_PRECOMPILE_PREFIX_HEADER = YES;
				GCC_PREFIX_HEADER = "ShadowRun/ShadowRun-Prefix.pch";
				INFOPLIST_FILE = "ShadowRunTests/ShadowRunTests-Info.plist";
				PRODUCT_NAME = "$(TARGET_NAME)";
				TEST_HOST = "$(BUNDLE_LOADER)";
				WRAPPER_EXTENSION = xctest;
			};
			name = Release;
		};
/* End XCBuildConfiguration section */

/* Begin XCConfigurationList section */
		AB4B4FDB17EE41C80046E546 /* Build configuration list for PBXProject "ShadowRun" */ = {
			isa = XCConfigurationList;
			buildConfigurations = (
				AB4B500A17EE41C90046E546 /* Debug */,
				AB4B500B17EE41C90046E546 /* Release */,
			);
			defaultConfigurationIsVisible = 0;
			defaultConfigurationName = Release;
		};
		AB4B500C17EE41C90046E546 /* Build configuration list for PBXNativeTarget "ShadowRun" */ = {
			isa = XCConfigurationList;
			buildConfigurations = (
				AB4B500D17EE41C90046E546 /* Debug */,
				AB4B500E17EE41C90046E546 /* Release */,
			);
			defaultConfigurationIsVisible = 0;
			defaultConfigurationName = Release;
		};
		AB4B500F17EE41C90046E546 /* Build configuration list for PBXNativeTarget "ShadowRunTests" */ = {
			isa = XCConfigurationList;
			buildConfigurations = (
				AB4B501017EE41C90046E546 /* Debug */,
				AB4B501117EE41C90046E546 /* Release */,
			);
			defaultConfigurationIsVisible = 0;
			defaultConfigurationName = Release;
		};
/* End XCConfigurationList section */

/* Begin XCVersionGroup section */
		AB4B502617EE44FB0046E546 /* ShadowRun.xcdatamodeld */ = {
			isa = XCVersionGroup;
			children = (
				ABBE9F0D18B56EA10023A44C /* ShadowRun 1.0.xcdatamodel */,
				AB9FA22318B00AC400370CFB /* ShadowRun 1.0.1.xcdatamodel */,
				AB4B502717EE44FB0046E546 /* ShadowRun.xcdatamodel */,
			);
			currentVersion = ABBE9F0D18B56EA10023A44C /* ShadowRun 1.0.xcdatamodel */;
			path = ShadowRun.xcdatamodeld;
			sourceTree = "<group>";
			versionGroupType = wrapper.xcdatamodel;
		};
/* End XCVersionGroup section */
	};
	rootObject = AB4B4FD817EE41C80046E546 /* Project object */;
}
